{
  "version": 4,
  "terraform_version": "1.9.8",
  "serial": 174,
  "lineage": "7f407333-331b-2d9b-9d10-7c680dc0bee9",
  "outputs": {},
  "resources": [
    {
      "mode": "data",
      "type": "ncloud_root_password",
      "name": "default",
      "provider": "provider[\"registry.terraform.io/navercloudplatform/ncloud\"]",
      "instances": [
        {
          "schema_version": 0,
          "attributes": {
            "id": "100824605",
            "private_key": "-----BEGIN RSA PRIVATE KEY-----\nMIIEogIBAAKCAQEA73o8hNNU3qnqRkRw3uV/NQWGiOZ3MER1S3pQLRfmuGNq5KOO\nQBIz/VnPw28WJEQK2pRPLSPeaxNdU9SAZ+Pa+uu24p/72TLRczqCxxtwx5J824/5\n5H5mzeoMqkkNjqhcgBmnqWkBeVHQ3BZRGXxU4nkHs7T8YBWttcQrvg0V/ebpKDHM\nLhImoDBt3hvwSsjc9v+RkNGPN9L3CeOpzvCg+3Ek5/+C1uRUCpi+DxVPY6nMlHdz\nXJiV5FLtDyC0VJqElOp9b7NO2UF9LS1EvLwbSInDYABQ5DIhCIkPL2gqZ4d+Dcw8\nETQTOcCe7cCQGjTR4LHdazlNSDzMs8FDSRaJcQIDAQABAoIBAAfwGPzHddhiRiC0\nI2WlXR+9zNAm4NaEaRA/v/6ZUeLUxiCese1lF7y9yF7lr2neU4RxRrqWph24fkR0\nFm7bJPwM6iVS65SEfwrUaqynjTJ1pEExjDVLDKSmAxYgkRwkb9nTKoqOr3zSUxuo\newxe4arBcO7qVd89eLeTXBEoT+Ki6gx2kfGjOjMPyjRaEn5cxim9wI3e+c75AzQ2\n9Xo9PAu7TocnxWW6zBzvCUh1hHvzbflyDDAmwpe6BHAMoW867T2+IekcU6U1fc/3\nPMLI3pV8BGrmSqJAFcSLZA2W0I2BnAWwAlG8KsBVxgwP69KHhgOTSXt1vsDtc0cR\nOJTN7K0CgYEA+rYJ6Z2FCdJn3qMv+gPEpIyGpluO+tFJ+e7MwBxMCItH8RrbnVWO\nc9zP9Zk0X01OIEc45NavutTp8dKjf8/zlGNxU3HB2z15f0a3r0wycxX/ZAxzROea\nkhWc2dKiF4jKoF8FbleLbVC2Zo+JPEQpARR/a0dcPC3axC+BteP6YEsCgYEA9IeH\n4Zjv9wUX9MHShow9KA2etmEJRBM9RY3aGf2+mxLxWiof3Shg2pfd+D9W8oHD0XAV\ntR0clLAyjn8GR/qmzdxOMPSa+022Re24eUWbXnaBgZcIQCDh4Kjbj6Jvowk4vO0I\n3/twGnqioMxx3v98r94nFiv31PY4NpKREHnAf7MCgYAk5JzYz+E/7MJ0NLdepydM\nv5Eg8eA8cIfeS5G9w2w85aIUjMs8f9aSni/MCFt4mrugbFqm8iCx8Zrrhv+gU02Y\nzHlkuhy40ncKj7GADkpuPRJz+pEL1rkcPinys9g+dla6+sCl2CQgVfxBY2XihHU0\nP3vwoXOlN2o17He9+GpjuQKBgGs+scqwr7XwBvSyuSmHgh758jzczBqOMZY6w4gY\nsKsEoNPBm938IpZcet6wsOqFHSPS+8JGNU3FBTdX4KJa/SNWVvjDnuFO0P1UaE7P\nx3ejk+MJIXY2tbo5dKpHPJ0No1PAxd6uQRlr5b2OTPbXqJDdZtkjiXteTYMpvvOx\n4kpfAoGAfCTmP4vtG2asaJojlZAfnAN61yUTYUmmac7KGgEIuv64ZrsZw3vrfkbY\nKP1pnyPDPG7A44EWstUQQVi9wlLPmua8Ew3H94vnMcspcUbhrFH7nfeQ+ll3RCEt\nRbPwrZrGQat7lRKuD7UEJ8+w42rGLw59eE44BTe9/sgIqoEz2q8=\n-----END RSA PRIVATE KEY-----",
            "root_password": "P5?aP9=AaY+b",
            "server_instance_no": "100824605"
          },
          "sensitive_attributes": [
            [
              {
                "type": "get_attr",
                "value": "private_key"
              }
            ],
            [
              {
                "type": "get_attr",
                "value": "root_password"
              }
            ]
          ]
        }
      ]
    },
    {
      "mode": "data",
      "type": "ncloud_server_image_numbers",
      "name": "kvm-image",
      "provider": "provider[\"registry.terraform.io/navercloudplatform/ncloud\"]",
      "instances": [
        {
          "schema_version": 0,
          "attributes": {
            "filter": [
              {
                "name": "hypervisor_type",
                "regex": null,
                "values": [
                  "KVM"
                ]
              }
            ],
            "hypervisor_type": null,
            "id": "",
            "image_number_list": [
              {
                "block_storage_mapping_list": [
                  {
                    "block_storage_name": null,
                    "block_storage_size": 10737418240,
                    "block_storage_snapshot_instance_no": 25495371,
                    "block_storage_snapshot_name": "snapshot of rocky-8.10-base",
                    "block_storage_volume_type": "CB1",
                    "iops": 100,
                    "is_encrypted_volume": false,
                    "order": 0,
                    "throughput": 104857600
                  }
                ],
                "cpu_architecture_type": "X86_64",
                "description": "kernel version : 4.18.0-553.5.1.el8_10.x86_64",
                "hypervisor_type": "KVM",
                "name": "rocky-8.10-base",
                "os_category_type": "LINUX",
                "os_type": "ROCKY",
                "product_code": "SW.VSVR.OS.LNX64.ROCKY.08.G003",
                "server_image_number": "25495367",
                "type": "NCP"
              }
            ],
            "output_file": null,
            "server_image_name": "rocky-8.10-base"
          },
          "sensitive_attributes": []
        }
      ]
    },
    {
      "mode": "data",
      "type": "ncloud_server_specs",
      "name": "kvm-spec",
      "provider": "provider[\"registry.terraform.io/navercloudplatform/ncloud\"]",
      "instances": [
        {
          "schema_version": 0,
          "attributes": {
            "filter": [
              {
                "name": "server_spec_code",
                "regex": null,
                "values": [
                  "c2-g3"
                ]
              }
            ],
            "id": "",
            "output_file": null,
            "server_spec_list": [
              {
                "block_storage_max_count": 20,
                "block_storage_max_iops": 5250,
                "block_storage_max_throughput": 81,
                "cpu_architecture_type": "X86_64",
                "cpu_count": 2,
                "description": "vCPU 2EA, Memory 4GB",
                "generation_code": "G3",
                "gpu_count": null,
                "hypervisor_type": "KVM",
                "memory_size": 4294967296,
                "network_interface_max_count": 3,
                "network_performance": 1000000000,
                "product_code": "SVR.VSVR.HICPU.C002.M004.G003",
                "server_spec_code": "c2-g3"
              }
            ]
          },
          "sensitive_attributes": []
        }
      ]
    },
    {
      "mode": "managed",
      "type": "local_file",
      "name": "bastion_svr_root_pw",
      "provider": "provider[\"registry.terraform.io/hashicorp/local\"]",
      "instances": [
        {
          "schema_version": 0,
          "attributes": {
            "content": "tf-kvm-server =\u003e P5?aP9=AaY+b",
            "content_base64": null,
            "content_base64sha256": "M9V+2yT2R9hoZwNowm3u0YG+4xpxskyapL17LySZ5nU=",
            "content_base64sha512": "pXEhWcFfXDlMXiRZWFLV3ApNXFNPwjX9IIjUMwuyqlsEGP1qmaN+3zOx0IU4pFTh518kJx7vYUNPVTgZM6qxQA==",
            "content_md5": "468226e237bc663ebc16e910f84029e0",
            "content_sha1": "62bfa00611c51c4206f590f795f21ebca797e69a",
            "content_sha256": "33d57edb24f647d868670368c26deed181bee31a71b24c9aa4bd7b2f2499e675",
            "content_sha512": "a5712159c15f5c394c5e24595852d5dc0a4d5c534fc235fd2088d4330bb2aa5b0418fd6a99a37edf33b1d08538a454e1e75f24271eef61434f55381933aab140",
            "directory_permission": "0777",
            "file_permission": "0777",
            "filename": "tf-kvm-server-root_password.txt",
            "id": "62bfa00611c51c4206f590f795f21ebca797e69a",
            "sensitive_content": null,
            "source": null
          },
          "sensitive_attributes": [
            [
              {
                "type": "get_attr",
                "value": "content"
              }
            ],
            [
              {
                "type": "get_attr",
                "value": "sensitive_content"
              }
            ]
          ],
          "dependencies": [
            "data.ncloud_root_password.default",
            "data.ncloud_server_image_numbers.kvm-image",
            "data.ncloud_server_specs.kvm-spec",
            "ncloud_init_script.init",
            "ncloud_login_key.loginkey",
            "ncloud_server.bastion_server",
            "ncloud_subnet.test3",
            "ncloud_vpc.test3"
          ]
        }
      ]
    },
    {
      "mode": "managed",
      "type": "local_sensitive_file",
      "name": "ssh_key",
      "provider": "provider[\"registry.terraform.io/hashicorp/local\"]",
      "instances": [
        {
          "schema_version": 0,
          "attributes": {
            "content": "-----BEGIN RSA PRIVATE KEY-----\nMIIEogIBAAKCAQEA73o8hNNU3qnqRkRw3uV/NQWGiOZ3MER1S3pQLRfmuGNq5KOO\nQBIz/VnPw28WJEQK2pRPLSPeaxNdU9SAZ+Pa+uu24p/72TLRczqCxxtwx5J824/5\n5H5mzeoMqkkNjqhcgBmnqWkBeVHQ3BZRGXxU4nkHs7T8YBWttcQrvg0V/ebpKDHM\nLhImoDBt3hvwSsjc9v+RkNGPN9L3CeOpzvCg+3Ek5/+C1uRUCpi+DxVPY6nMlHdz\nXJiV5FLtDyC0VJqElOp9b7NO2UF9LS1EvLwbSInDYABQ5DIhCIkPL2gqZ4d+Dcw8\nETQTOcCe7cCQGjTR4LHdazlNSDzMs8FDSRaJcQIDAQABAoIBAAfwGPzHddhiRiC0\nI2WlXR+9zNAm4NaEaRA/v/6ZUeLUxiCese1lF7y9yF7lr2neU4RxRrqWph24fkR0\nFm7bJPwM6iVS65SEfwrUaqynjTJ1pEExjDVLDKSmAxYgkRwkb9nTKoqOr3zSUxuo\newxe4arBcO7qVd89eLeTXBEoT+Ki6gx2kfGjOjMPyjRaEn5cxim9wI3e+c75AzQ2\n9Xo9PAu7TocnxWW6zBzvCUh1hHvzbflyDDAmwpe6BHAMoW867T2+IekcU6U1fc/3\nPMLI3pV8BGrmSqJAFcSLZA2W0I2BnAWwAlG8KsBVxgwP69KHhgOTSXt1vsDtc0cR\nOJTN7K0CgYEA+rYJ6Z2FCdJn3qMv+gPEpIyGpluO+tFJ+e7MwBxMCItH8RrbnVWO\nc9zP9Zk0X01OIEc45NavutTp8dKjf8/zlGNxU3HB2z15f0a3r0wycxX/ZAxzROea\nkhWc2dKiF4jKoF8FbleLbVC2Zo+JPEQpARR/a0dcPC3axC+BteP6YEsCgYEA9IeH\n4Zjv9wUX9MHShow9KA2etmEJRBM9RY3aGf2+mxLxWiof3Shg2pfd+D9W8oHD0XAV\ntR0clLAyjn8GR/qmzdxOMPSa+022Re24eUWbXnaBgZcIQCDh4Kjbj6Jvowk4vO0I\n3/twGnqioMxx3v98r94nFiv31PY4NpKREHnAf7MCgYAk5JzYz+E/7MJ0NLdepydM\nv5Eg8eA8cIfeS5G9w2w85aIUjMs8f9aSni/MCFt4mrugbFqm8iCx8Zrrhv+gU02Y\nzHlkuhy40ncKj7GADkpuPRJz+pEL1rkcPinys9g+dla6+sCl2CQgVfxBY2XihHU0\nP3vwoXOlN2o17He9+GpjuQKBgGs+scqwr7XwBvSyuSmHgh758jzczBqOMZY6w4gY\nsKsEoNPBm938IpZcet6wsOqFHSPS+8JGNU3FBTdX4KJa/SNWVvjDnuFO0P1UaE7P\nx3ejk+MJIXY2tbo5dKpHPJ0No1PAxd6uQRlr5b2OTPbXqJDdZtkjiXteTYMpvvOx\n4kpfAoGAfCTmP4vtG2asaJojlZAfnAN61yUTYUmmac7KGgEIuv64ZrsZw3vrfkbY\nKP1pnyPDPG7A44EWstUQQVi9wlLPmua8Ew3H94vnMcspcUbhrFH7nfeQ+ll3RCEt\nRbPwrZrGQat7lRKuD7UEJ8+w42rGLw59eE44BTe9/sgIqoEz2q8=\n-----END RSA PRIVATE KEY-----",
            "content_base64": null,
            "content_base64sha256": "GT8ASaQPkrLGEvPzQ4loUka69i7ITeU5Kyf1aXnDWDY=",
            "content_base64sha512": "lUwdqLV9rn7aaXINUUvrj47Q0v6kfYx7QtMrZlRrf2hhLuXLXBpnbEFjEYm+Ej3sa67rLXJrbiqGsY52PFNk7A==",
            "content_md5": "b64359c1bb2e214660bdf59d90b6132b",
            "content_sha1": "262e5c02733c500453a88e1599b2e15543825013",
            "content_sha256": "193f0049a40f92b2c612f3f34389685246baf62ec84de5392b27f56979c35836",
            "content_sha512": "954c1da8b57dae7eda69720d514beb8f8ed0d2fea47d8c7b42d32b66546b7f68612ee5cb5c1a676c41631189be123dec6baeeb2d726b6e2a86b18e763c5364ec",
            "directory_permission": "0700",
            "file_permission": "0600",
            "filename": "./test-key-bst.pem",
            "id": "262e5c02733c500453a88e1599b2e15543825013",
            "source": null
          },
          "sensitive_attributes": [
            [
              {
                "type": "get_attr",
                "value": "content_base64"
              }
            ],
            [
              {
                "type": "get_attr",
                "value": "content"
              }
            ]
          ],
          "dependencies": [
            "ncloud_login_key.loginkey"
          ]
        }
      ]
    },
    {
      "mode": "managed",
      "type": "ncloud_init_script",
      "name": "init",
      "provider": "provider[\"registry.terraform.io/navercloudplatform/ncloud\"]",
      "instances": [
        {
          "schema_version": 0,
          "attributes": {
            "content": "#!/bin/bash\n\necho \"Password Init\"\necho \"root:Qwer1234!\" | sudo chpasswd\n\n# System update\napt-get update\napt-get install -y bash-completion\n\n# Create sysmgt group\ngroupadd -g 2001 sysmgt\n\n# Create sysuser\nuseradd -m -u 2001 -g sysmgt -s /bin/bash sysuser\necho \"sysuser:Qwer1234!\" | chpasswd\n\n# Configure sudoers (append)\nif ! grep -q \"sysuser\" /etc/sudoers.d/sysuser 2\u003e/dev/null; then\n    echo \"sysuser ALL=(ALL) NOPASSWD: ALL\" \u003e\u003e /etc/sudoers.d/sysuser\n    chmod 440 /etc/sudoers.d/sysuser\nfi\n\n# Configure /etc/hosts (append)\ncat \u003e\u003e /etc/hosts \u003c\u003c 'EOF'\n10.20.100.175 git-poc.milkt.co.kr\n10.20.100.174 nfs-poc.milkt.co.kr\nEOF\n\n# Configure common profile\ncat \u003e /etc/profile.d/common_profile.sh \u003c\u003c 'EOF'\n#!/bin/bash\n# Set bash history size and time format\nHISTSIZE=10000\nHISTFILESIZE=100000\nHISTTIMEFORMAT=\"%Y-%m-%d %T \"\n\nPROMPT_COMMAND=\"history -a\"\nshopt -s histappend\nexport HISTFILE=~/.bash_history\n\nunset HISTCONTROL\n# Set user prompt\nexport PS1=\"\\[\\e[36;1m\\]\\u@\\[\\e[32;1m\\]\\h:\\[\\e[31;1m\\]\\w:\u003e \\[\\e[0m\\]\"\n# Set alias for command safety\nalias cp='cp -i'\nalias mv='mv -i'\nalias ll='ls -al'\n\n# Set environment variables\nexport PATH USER HOSTNAME HISTSIZE HISTFILESIZE HISTTIMEFORMAT\n\nEOF\nchmod 755 /etc/profile.d/common_profile.sh\n\n# Add common_profile.sh to .bashrc\nfor user in root sysuser; do\n  home_dir=$(eval echo ~$user)\n  echo \"source /etc/profile.d/common_profile.sh\" \u003e\u003e $home_dir/.bashrc\ndone\n\n# Modify permissions\nchown sysuser:sysmgt /home/sysuser/.bashrc",
            "description": null,
            "id": "108232",
            "init_script_no": "108232",
            "name": "ls-script",
            "os_type": "LNX"
          },
          "sensitive_attributes": []
        }
      ]
    },
    {
      "mode": "managed",
      "type": "ncloud_login_key",
      "name": "loginkey",
      "provider": "provider[\"registry.terraform.io/navercloudplatform/ncloud\"]",
      "instances": [
        {
          "schema_version": 0,
          "attributes": {
            "fingerprint": "",
            "id": "test-key-bst",
            "key_name": "test-key-bst",
            "private_key": "-----BEGIN RSA PRIVATE KEY-----\nMIIEogIBAAKCAQEA73o8hNNU3qnqRkRw3uV/NQWGiOZ3MER1S3pQLRfmuGNq5KOO\nQBIz/VnPw28WJEQK2pRPLSPeaxNdU9SAZ+Pa+uu24p/72TLRczqCxxtwx5J824/5\n5H5mzeoMqkkNjqhcgBmnqWkBeVHQ3BZRGXxU4nkHs7T8YBWttcQrvg0V/ebpKDHM\nLhImoDBt3hvwSsjc9v+RkNGPN9L3CeOpzvCg+3Ek5/+C1uRUCpi+DxVPY6nMlHdz\nXJiV5FLtDyC0VJqElOp9b7NO2UF9LS1EvLwbSInDYABQ5DIhCIkPL2gqZ4d+Dcw8\nETQTOcCe7cCQGjTR4LHdazlNSDzMs8FDSRaJcQIDAQABAoIBAAfwGPzHddhiRiC0\nI2WlXR+9zNAm4NaEaRA/v/6ZUeLUxiCese1lF7y9yF7lr2neU4RxRrqWph24fkR0\nFm7bJPwM6iVS65SEfwrUaqynjTJ1pEExjDVLDKSmAxYgkRwkb9nTKoqOr3zSUxuo\newxe4arBcO7qVd89eLeTXBEoT+Ki6gx2kfGjOjMPyjRaEn5cxim9wI3e+c75AzQ2\n9Xo9PAu7TocnxWW6zBzvCUh1hHvzbflyDDAmwpe6BHAMoW867T2+IekcU6U1fc/3\nPMLI3pV8BGrmSqJAFcSLZA2W0I2BnAWwAlG8KsBVxgwP69KHhgOTSXt1vsDtc0cR\nOJTN7K0CgYEA+rYJ6Z2FCdJn3qMv+gPEpIyGpluO+tFJ+e7MwBxMCItH8RrbnVWO\nc9zP9Zk0X01OIEc45NavutTp8dKjf8/zlGNxU3HB2z15f0a3r0wycxX/ZAxzROea\nkhWc2dKiF4jKoF8FbleLbVC2Zo+JPEQpARR/a0dcPC3axC+BteP6YEsCgYEA9IeH\n4Zjv9wUX9MHShow9KA2etmEJRBM9RY3aGf2+mxLxWiof3Shg2pfd+D9W8oHD0XAV\ntR0clLAyjn8GR/qmzdxOMPSa+022Re24eUWbXnaBgZcIQCDh4Kjbj6Jvowk4vO0I\n3/twGnqioMxx3v98r94nFiv31PY4NpKREHnAf7MCgYAk5JzYz+E/7MJ0NLdepydM\nv5Eg8eA8cIfeS5G9w2w85aIUjMs8f9aSni/MCFt4mrugbFqm8iCx8Zrrhv+gU02Y\nzHlkuhy40ncKj7GADkpuPRJz+pEL1rkcPinys9g+dla6+sCl2CQgVfxBY2XihHU0\nP3vwoXOlN2o17He9+GpjuQKBgGs+scqwr7XwBvSyuSmHgh758jzczBqOMZY6w4gY\nsKsEoNPBm938IpZcet6wsOqFHSPS+8JGNU3FBTdX4KJa/SNWVvjDnuFO0P1UaE7P\nx3ejk+MJIXY2tbo5dKpHPJ0No1PAxd6uQRlr5b2OTPbXqJDdZtkjiXteTYMpvvOx\n4kpfAoGAfCTmP4vtG2asaJojlZAfnAN61yUTYUmmac7KGgEIuv64ZrsZw3vrfkbY\nKP1pnyPDPG7A44EWstUQQVi9wlLPmua8Ew3H94vnMcspcUbhrFH7nfeQ+ll3RCEt\nRbPwrZrGQat7lRKuD7UEJ8+w42rGLw59eE44BTe9/sgIqoEz2q8=\n-----END RSA PRIVATE KEY-----"
          },
          "sensitive_attributes": [
            [
              {
                "type": "get_attr",
                "value": "private_key"
              }
            ]
          ]
        }
      ]
    },
    {
      "mode": "managed",
      "type": "ncloud_public_ip",
      "name": "bastion_ip",
      "provider": "provider[\"registry.terraform.io/navercloudplatform/ncloud\"]",
      "instances": [
        {
          "schema_version": 0,
          "attributes": {
            "description": "",
            "id": "100824629",
            "instance_no": "100824629",
            "internet_line_type": null,
            "kind_type": null,
            "public_ip": "211.188.62.56",
            "public_ip_no": "100824629",
            "server_instance_no": "100824605",
            "zone": null
          },
          "sensitive_attributes": [],
          "private": "bnVsbA==",
          "dependencies": [
            "data.ncloud_server_image_numbers.kvm-image",
            "data.ncloud_server_specs.kvm-spec",
            "ncloud_init_script.init",
            "ncloud_login_key.loginkey",
            "ncloud_server.bastion_server",
            "ncloud_subnet.test3",
            "ncloud_vpc.test3"
          ]
        }
      ]
    },
    {
      "mode": "managed",
      "type": "ncloud_server",
      "name": "bastion_server",
      "provider": "provider[\"registry.terraform.io/navercloudplatform/ncloud\"]",
      "instances": [
        {
          "schema_version": 0,
          "attributes": {
            "access_control_group_configuration_no_list": null,
            "base_block_storage_disk_detail_type": "SSD",
            "base_block_storage_disk_type": "NET",
            "base_block_storage_size": null,
            "cpu_count": 2,
            "description": "",
            "fee_system_type_code": null,
            "hypervisor_type": "KVM",
            "id": "100824605",
            "init_script_no": "108232",
            "instance_no": "100824605",
            "internet_line_type": null,
            "is_encrypted_base_block_storage_volume": null,
            "is_fee_charging_monitoring": null,
            "is_protect_server_termination": false,
            "login_key_name": "test-key-bst",
            "member_server_image_no": null,
            "memory_size": 4294967296,
            "name": "tf-kvm-server",
            "network_interface": [
              {
                "network_interface_no": "4445901",
                "order": 0,
                "private_ip": "10.10.1.6",
                "subnet_no": "191347"
              }
            ],
            "placement_group_no": "",
            "platform_type": "LNX64",
            "port_forwarding_external_port": null,
            "port_forwarding_internal_port": null,
            "port_forwarding_public_ip": null,
            "private_ip": null,
            "public_ip": "",
            "raid_type_name": null,
            "region": null,
            "server_image_name": null,
            "server_image_number": "25495367",
            "server_image_product_code": "SW.VSVR.OS.LNX64.ROCKY.08.G003",
            "server_product_code": "SVR.VSVR.HICPU.C002.M004.G003",
            "server_spec_code": "c2-g3",
            "subnet_no": "191347",
            "tag_list": [],
            "timeouts": null,
            "user_data": null,
            "vpc_no": "86386",
            "zone": "KR-1"
          },
          "sensitive_attributes": [],
          "private": "eyJlMmJmYjczMC1lY2FhLTExZTYtOGY4OC0zNDM2M2JjN2M0YzAiOnsiY3JlYXRlIjozNjAwMDAwMDAwMDAwLCJkZWxldGUiOjMwMDAwMDAwMDAwMH19",
          "dependencies": [
            "data.ncloud_server_image_numbers.kvm-image",
            "data.ncloud_server_specs.kvm-spec",
            "ncloud_init_script.init",
            "ncloud_login_key.loginkey",
            "ncloud_subnet.test3",
            "ncloud_vpc.test3"
          ]
        }
      ]
    },
    {
      "mode": "managed",
      "type": "ncloud_subnet",
      "name": "test3",
      "provider": "provider[\"registry.terraform.io/navercloudplatform/ncloud\"]",
      "instances": [
        {
          "schema_version": 0,
          "attributes": {
            "id": "191347",
            "name": "sn193a53c50bd",
            "network_acl_no": "123494",
            "subnet": "10.10.1.0/24",
            "subnet_no": "191347",
            "subnet_type": "PUBLIC",
            "usage_type": "GEN",
            "vpc_no": "86386",
            "zone": "KR-1"
          },
          "sensitive_attributes": [],
          "dependencies": [
            "ncloud_vpc.test3"
          ]
        }
      ]
    },
    {
      "mode": "managed",
      "type": "ncloud_vpc",
      "name": "test3",
      "provider": "provider[\"registry.terraform.io/navercloudplatform/ncloud\"]",
      "instances": [
        {
          "schema_version": 0,
          "attributes": {
            "default_access_control_group_no": "225493",
            "default_network_acl_no": "123494",
            "default_private_route_table_no": "174750",
            "default_public_route_table_no": "174749",
            "id": "86386",
            "ipv4_cidr_block": "10.10.0.0/16",
            "name": "v193a53c2ecd",
            "vpc_no": "86386"
          },
          "sensitive_attributes": []
        }
      ]
    }
  ],
  "check_results": null
}
