{
  "version": 4,
  "terraform_version": "1.9.8",
  "serial": 871,
  "lineage": "a12bb069-c30d-f8f2-503e-b64cb4ce04d3",
  "outputs": {},
  "resources": [
    {
      "mode": "data",
      "type": "ncloud_nks_kube_config",
      "name": "kube_config",
      "provider": "provider[\"registry.terraform.io/navercloudplatform/ncloud\"]",
      "instances": [
        {
          "index_key": "bof-1",
          "schema_version": 0,
          "attributes": {
            "client_certificate": null,
            "client_key": null,
            "cluster_ca_certificate": "LS0tLS1CRUdJTiBDRVJUSUZJQ0FURS0tLS0tCk1JSUM2VENDQWRHZ0F3SUJBZ0lCQURBTkJna3Foa2lHOXcwQkFRc0ZBREFWTVJNd0VRWURWUVFERXdwcmRXSmwKY201bGRHVnpNQ0FYRFRJME1URXhOekU1TURJek5Gb1lEekl4TWpReE1ESTBNVGt3TWpNMFdqQVZNUk13RVFZRApWUVFERXdwcmRXSmxjbTVsZEdWek1JSUJJakFOQmdrcWhraUc5dzBCQVFFRkFBT0NBUThBTUlJQkNnS0NBUUVBCnpINlBLdEJQazVjenlaZWxRamJteVN2SDVrNzBHOXA1YU1EVkovQm1rYzNSTEJ1MmdTd3ZRTEgrOWhwTGc5SHAKMDRpK2J0aU5rYlAzOHo3OFNQYWVGRWlJMzdzVkxjSTMwTjVWUE1kdmw3djBWQUlXM044WHlpbFJFdWhMV2JCUApRazhsL1NtTjR2VzdFN2NzQ1drM0Q5ZWRGV2JtOFVSWDBjbVE5UzN0NGt4TFhQcUl6ZGJZcU5CbWxLNS9uTVVoCnZoa056WWsvMmZsckpwbGxuUU1WZnJmRUNZT3hLNU1LeHhzL3BLbU9OTVhaV0ZMRElkRndnN2diOVJ5QjlHY3QKdm0vbyt3R21hL1ZrbDQ0TDdjV0NWQ2ROeUFDYkZyR1hxTGxheDdOUG04d01oN0pFK0gyTDBVL2hLZnBpTzRPcwpHZWlNd3Y2MHBUdXQyYVBMRlJYSHRRSURBUUFCbzBJd1FEQU9CZ05WSFE4QkFmOEVCQU1DQXFRd0R3WURWUjBUCkFRSC9CQVV3QXdFQi96QWRCZ05WSFE0RUZnUVVoZktSWDRHZEJFK3BwalkzT3V3YlFKYWUvWWt3RFFZSktvWkkKaHZjTkFRRUxCUUFEZ2dFQkFDUXdNNDBna0RZb282QS9tTTVYbjR5UzZPNEpxc1pWYk1VbHhtY1I1ZSt5VjBmSgpNa0tETHdXdnFTU2JWUmk2ZnFGb3MzWHdMcTBRYzN0ZjhsUGlpZ0oyNFNVNnQ1YndVc0NBdWVMbmFzbVNLbE5LCklqMlFKQVFOWC9lVzhvYUdCc3JTQ2tyUnBKenlDWkQzbGdmSHNCaWV4QzVxdmMrazJReGREYlV0MDIyUFlRM0YKRHZZZFVXeVpIUDQzcDY1cmpMSUR3ZjZqa0NraWE3MXl3Y0U5S3BsWjAwbXM4bUtMWkVPSlNrN1BBUytUc2lHRgpxcDBpWXhhS0Z0aXlHMkVsUjIzQ1h3YnYyaHBIV3hiN0phdHJldVpGdGNsUDk5cHk0Q21IYzltaUQ2bGE3ejM3Ci9wbnpSN2xlMzVLNmtiTEJjZTJvVVErQk1RVmdiS3VneGx0Zk5IYz0KLS0tLS1FTkQgQ0VSVElGSUNBVEUtLS0tLQo=",
            "cluster_uuid": "8f0520d9-96fe-4a31-8310-dd9f980e343c",
            "host": "https://8f0520d9-96fe-4a31-8310-dd9f980e343c.kr.vnks.ntruss.com",
            "id": "8f0520d9-96fe-4a31-8310-dd9f980e343c"
          },
          "sensitive_attributes": []
        },
        {
          "index_key": "bof-2",
          "schema_version": 0,
          "attributes": {
            "client_certificate": null,
            "client_key": null,
            "cluster_ca_certificate": "LS0tLS1CRUdJTiBDRVJUSUZJQ0FURS0tLS0tCk1JSUM2VENDQWRHZ0F3SUJBZ0lCQURBTkJna3Foa2lHOXcwQkFRc0ZBREFWTVJNd0VRWURWUVFERXdwcmRXSmwKY201bGRHVnpNQ0FYRFRJME1URXhOekU1TURJME5sb1lEekl4TWpReE1ESTBNVGt3TWpRMldqQVZNUk13RVFZRApWUVFERXdwcmRXSmxjbTVsZEdWek1JSUJJakFOQmdrcWhraUc5dzBCQVFFRkFBT0NBUThBTUlJQkNnS0NBUUVBCjBmT1RDQ2VveGZhajFaOUY3aktiKytEcStUbG1zVjZjaVR3d2s0VWNMQlliRlAxa2ZqTWdIblFRZ3F1Y0ZHTW0KTFFKbGRpV2dtUnR0SDNScjk0UFlqVHFYZVltemM0aWljTmErSEdFTlBRVytPRnhJR2UvL0JzUUhla1VFSmFSdAoxUzRhcVNaWFpMbzQ3SzNaVUcyNWZzMGVDdHV0b1dENTU2L3ZTQ2RSSlFUcmF0RmFjVnd1VGxwNFpkdm5SSk9pCnlWSkZGSHZOZlNrM3NrTjBOQWNURCt3QU5KOGhIcUYxd3RyZ2c0QmlvZHdZUndpbURtZGZQd1B4clQ0NEl6TlAKbGxab3NGZnlEMUlOM2RXVXlOd0R1S1pCYUh2THJ1bVJjOTFwR0hkTitEWjZ5UnF6VW1YQnlYR1Byb0doUjNsVQp5Ui9jU0Z1ZDBSb0J3RkF0TjYybFV3SURBUUFCbzBJd1FEQU9CZ05WSFE4QkFmOEVCQU1DQXFRd0R3WURWUjBUCkFRSC9CQVV3QXdFQi96QWRCZ05WSFE0RUZnUVUwSWt6RXZwdTdKMy9yTFlRRll5UmcvMkthYk13RFFZSktvWkkKaHZjTkFRRUxCUUFEZ2dFQkFHOXNqM05yWUhqNGJZamw4b1doaTZhNmF6bjhDSUl4eTBwK1pwanNNU1FmMXVTTAp3cXBpbDRnQktVT1g4bHoxL1hNODFkb2lwMm13NUxJT01VbUFqQVFGUXhkS1VPZzkzS3kyL0JNTDhOY3hueUV3Cm5jdWdtbzVLZi94dFdvMldMWktENGlLYlp2WFpkMzdlYU9UMHlhbHpKSzJrQ2gzL0JDVjF2Mm4zQUdqQmkxc1cKOVd5dG9XSU4wSmhOVEhIckxhOXFXN01hM3J0b3RoU3M2cjgwVHNwWjNOZ1o2a0dNQkh2bTduclVDZ3FHYXJTRQpsd05pTWU5ck1kd29XeDhOOW0zZkJ5R242MVVwYkxhV2VKOUw0alI5aWc2ckplTG5jRGdDaEgyQW1KczcxMGV0CjhxR0FBQjRIUVBneVBvQlFXNTNia3hFTndoVDl2ZTg2OTJIRW44QT0KLS0tLS1FTkQgQ0VSVElGSUNBVEUtLS0tLQo=",
            "cluster_uuid": "2c750abb-cc9c-4321-8c0c-10e28dee0fcc",
            "host": "https://2c750abb-cc9c-4321-8c0c-10e28dee0fcc.kr.vnks.ntruss.com",
            "id": "2c750abb-cc9c-4321-8c0c-10e28dee0fcc"
          },
          "sensitive_attributes": []
        },
        {
          "index_key": "cmn-1",
          "schema_version": 0,
          "attributes": {
            "client_certificate": null,
            "client_key": null,
            "cluster_ca_certificate": "LS0tLS1CRUdJTiBDRVJUSUZJQ0FURS0tLS0tCk1JSUM2VENDQWRHZ0F3SUJBZ0lCQURBTkJna3Foa2lHOXcwQkFRc0ZBREFWTVJNd0VRWURWUVFERXdwcmRXSmwKY201bGRHVnpNQ0FYRFRJME1URXhOekU1TURJME4xb1lEekl4TWpReE1ESTBNVGt3TWpRM1dqQVZNUk13RVFZRApWUVFERXdwcmRXSmxjbTVsZEdWek1JSUJJakFOQmdrcWhraUc5dzBCQVFFRkFBT0NBUThBTUlJQkNnS0NBUUVBCndYMVhvRk83eHVRSExJdzRuakxYbkxtTm5kMTBvazFXbUpIMmk5dDhXcnM1bWZqbTJKSVhnQVQ2d250dks0ODQKMnFOVHJJQThjd0JGV1lmYjB5UkFNd2dBZ00zeDkzcW5HZ2dCMjQ1ZXdmdk4vaHpMb0NRVDhJaE8yQktTOGxpOQpTQ2huUjFUOVNGVDZCVUtzT2pBdzVYVXFUR0FiMVVPSGpJSWJCUmZGeUdRWFZRZWczQWt3amhIV1ZZUVd0YzdUCnhESmlOV2tZdlNUNHZiUFk5dHluZDVtaFA5YVVlYTFpTE02RkJzQlNKL0xnZWVueGdMa0NrZTVzZklqM3NaTm8KSTFLbWxZaTVNcTMyYXJtMFZ3WUFFWGFCY090bXVKRUVuYWFTRkV6K0gyVXpxTWdkaXE3R2tXSFhsd2dnMjFVRgp5Z1VVRGYzVWViRm11QkFwTXNvZ1R3SURBUUFCbzBJd1FEQU9CZ05WSFE4QkFmOEVCQU1DQXFRd0R3WURWUjBUCkFRSC9CQVV3QXdFQi96QWRCZ05WSFE0RUZnUVVJY0xBR25qbW9iSzl6SW42amlxVGMzdXc1eE13RFFZSktvWkkKaHZjTkFRRUxCUUFEZ2dFQkFCSTd0QzVuaEhNRE5iVUN1M1dCUXBFOW5NdGpzOThycjBKMVE3UWF0eVQ3Y2UrRQpFNXRVdFlKQ0l3VzU0SENZQ1Y0MmE0TlpSUkVFWWY5NGxUWkwwcmpScFQ4QnE5ZXRaOVg2TEZwQTFra0VWNXg2CjhmQTRHTzRDYXpyUXZJT1E0U3BEZ3M3dlVWeWpoZnk0M3ZMSHRFa2ZPeUh1RUVRQVFaOEhFaDhZOGg5VEVNNm0Kbm1CUUNCeTNlWHlwRG9jMWV0NmJlZ1FGNnQzWFlFeitNOEl4Y3hCNFJ1U3JpSDI3eE41TURjWjlJZ0kxL3VVZwoxcjNQdm5JaWhtdUliTCt1ZWZWU2JYT0JuM2RBZlVsYnVXOVVFclFFRFdyU0JwM3F3dTFMVzF1ZnhiS1V1QTEvCk5GZFhoSjFUMHJrS1JBZDRaSUp1VklCQWtRYmNENXFHb1FhVmpwWT0KLS0tLS1FTkQgQ0VSVElGSUNBVEUtLS0tLQo=",
            "cluster_uuid": "027595fe-c928-4f5a-acd3-ff525052a4e8",
            "host": "https://027595fe-c928-4f5a-acd3-ff525052a4e8.kr.vnks.ntruss.com",
            "id": "027595fe-c928-4f5a-acd3-ff525052a4e8"
          },
          "sensitive_attributes": []
        },
        {
          "index_key": "cmn-2",
          "schema_version": 0,
          "attributes": {
            "client_certificate": null,
            "client_key": null,
            "cluster_ca_certificate": "LS0tLS1CRUdJTiBDRVJUSUZJQ0FURS0tLS0tCk1JSUM2VENDQWRHZ0F3SUJBZ0lCQURBTkJna3Foa2lHOXcwQkFRc0ZBREFWTVJNd0VRWURWUVFERXdwcmRXSmwKY201bGRHVnpNQ0FYRFRJME1URXhOekU1TURJME4xb1lEekl4TWpReE1ESTBNVGt3TWpRM1dqQVZNUk13RVFZRApWUVFERXdwcmRXSmxjbTVsZEdWek1JSUJJakFOQmdrcWhraUc5dzBCQVFFRkFBT0NBUThBTUlJQkNnS0NBUUVBCnJuU1Vua2FaN2tHWXoweDlPRUxZUERraFgzeWVsWThQYzNEd3ROSnEzMzdta3Q3L08rbzd5bUZieDNOSi9DY2YKaVJDWjViY1pBK1RITG94NVd3aDE2V1p4cEJ0NVVrWW1KSGcybEtpTjVGdjV4NUYxL01ENk5nc25GWnZEcGFBdQpIeEZBZXZudDNqSEd1MTI0V0xPa3p2UFNOdXhsNkZJSEd2VzdtbVdhK1gyWWNmY0QrVy9zZDNkR0tzZThSVTFGCmFHbXl5ZWhFL1plWG5RdFI1OUFvcWlDNEFvbWJxc2hJbnN6eXJod2RobVpVUG5TZE5hemNCQ3ZBZVVvTlNXaTAKRXRqTzJDajFsRGFIckM3b2l4dTlTSEtDc3ZQUitlcURJdlhNOTVHWXZlYktnUnlhbWdoMm0za3pXMDNJSnZFZQpmOEpPS3NPYkI2TjhNTGpvTVMvK2tRSURBUUFCbzBJd1FEQU9CZ05WSFE4QkFmOEVCQU1DQXFRd0R3WURWUjBUCkFRSC9CQVV3QXdFQi96QWRCZ05WSFE0RUZnUVV2aStSSlRObWpGMXFSVE9VNUhrSjRyVndvaG93RFFZSktvWkkKaHZjTkFRRUxCUUFEZ2dFQkFJeldvMnphL3VUYjBtRlR6ZlVsVVczLzR6Qm5NeXdMMEwxZkQvRTVXN2RVTGQ5UApJWit0K096MVhXL1NLMDd6cWpRaWRJYzY4L29mQTFDTVRjVFJiTFFaK1BTZ3JxMVcvazdabmQyK1FCV09XUVhHCmxEbHZxV2lmL2Rjd3dFaktPWEM0S1BGZFpSaDNnYkhNWC9BT1RIQkxXMGRUL1BZK3NJLzVoYUFLL3NXQXA3L0YKZHRkOGlGVHhMa1Nlbk9SRkZnaEZYMmNpMDRHM0t4blBCRHlOTEVnaVlZek52VWxZZzBRRFliWXpJMnNIWWREdQptaTA1NDB2NElhaFJTYnJiQVYxdmdQN2s2RWhac1ViMDMwODFCaThUV1Rma2h2T0FUNzBLMi9yTktFSjl5OU5GCllwQTNRN2wzZVRWeTkwZWk4STFsa3RLMDNRdkJMRG9NY045dENBbz0KLS0tLS1FTkQgQ0VSVElGSUNBVEUtLS0tLQo=",
            "cluster_uuid": "404c42e4-b411-448c-a12b-560bba84bb65",
            "host": "https://404c42e4-b411-448c-a12b-560bba84bb65.kr.vnks.ntruss.com",
            "id": "404c42e4-b411-448c-a12b-560bba84bb65"
          },
          "sensitive_attributes": []
        }
      ]
    },
    {
      "mode": "data",
      "type": "ncloud_nks_server_images",
      "name": "image",
      "provider": "provider[\"registry.terraform.io/navercloudplatform/ncloud\"]",
      "instances": [
        {
          "schema_version": 0,
          "attributes": {
            "filter": [
              {
                "name": "label",
                "regex": true,
                "values": [
                  "ubuntu-22.04"
                ]
              }
            ],
            "hypervisor_code": "KVM",
            "id": "2024-12-10 04:00:41.298624666 +0000 UTC",
            "images": [
              {
                "label": "ubuntu-22.04-nksw",
                "value": "SW.VSVR.OS.LNX64.UBNTU.SVR22.WRKND.G003|23215604"
              },
              {
                "label": "ubuntu-22.04-nks-gpu",
                "value": "SW.VSVR.OS.LNX64.UBNTU.SVR22.WRKND.G003|23327918"
              }
            ]
          },
          "sensitive_attributes": []
        }
      ]
    },
    {
      "mode": "data",
      "type": "ncloud_nks_server_products",
      "name": "product",
      "provider": "provider[\"registry.terraform.io/navercloudplatform/ncloud\"]",
      "instances": [
        {
          "index_key": "bof-1",
          "schema_version": 0,
          "attributes": {
            "filter": [
              {
                "name": "cpu_count",
                "regex": false,
                "values": [
                  "4"
                ]
              },
              {
                "name": "memory_size",
                "regex": false,
                "values": [
                  "16GB"
                ]
              },
              {
                "name": "product_type",
                "regex": false,
                "values": [
                  "STAND"
                ]
              }
            ],
            "id": "2024-12-10 04:00:41.424539368 +0000 UTC",
            "products": [
              {
                "cpu_count": "4",
                "detail": [
                  {
                    "cpu_count": "4",
                    "gpu_count": "0",
                    "gpu_memory_size": "0GB",
                    "memory_size": "16GB",
                    "product_code": "SVR.VSVR.STAND.C004.M016.G003",
                    "product_english_desc": "",
                    "product_korean_desc": "",
                    "product_type": "STAND"
                  }
                ],
                "gpu_count": "0",
                "gpu_memory_size": "0GB",
                "label": "s4-g3(vCPU 4EA, Memory 16GB)",
                "memory_size": "16GB",
                "product_code": "SVR.VSVR.STAND.C004.M016.G003",
                "product_english_desc": "",
                "product_korean_desc": "",
                "product_type": "STAND",
                "value": "s4-g3"
              }
            ],
            "software_code": "SW.VSVR.OS.LNX64.UBNTU.SVR22.WRKND.G003|23215604",
            "zone": "KR-1"
          },
          "sensitive_attributes": []
        },
        {
          "index_key": "bof-2",
          "schema_version": 0,
          "attributes": {
            "filter": [
              {
                "name": "cpu_count",
                "regex": false,
                "values": [
                  "4"
                ]
              },
              {
                "name": "memory_size",
                "regex": false,
                "values": [
                  "16GB"
                ]
              },
              {
                "name": "product_type",
                "regex": false,
                "values": [
                  "STAND"
                ]
              }
            ],
            "id": "2024-12-10 04:00:41.418611621 +0000 UTC",
            "products": [
              {
                "cpu_count": "4",
                "detail": [
                  {
                    "cpu_count": "4",
                    "gpu_count": "0",
                    "gpu_memory_size": "0GB",
                    "memory_size": "16GB",
                    "product_code": "SVR.VSVR.STAND.C004.M016.G003",
                    "product_english_desc": "",
                    "product_korean_desc": "",
                    "product_type": "STAND"
                  }
                ],
                "gpu_count": "0",
                "gpu_memory_size": "0GB",
                "label": "s4-g3(vCPU 4EA, Memory 16GB)",
                "memory_size": "16GB",
                "product_code": "SVR.VSVR.STAND.C004.M016.G003",
                "product_english_desc": "",
                "product_korean_desc": "",
                "product_type": "STAND",
                "value": "s4-g3"
              }
            ],
            "software_code": "SW.VSVR.OS.LNX64.UBNTU.SVR22.WRKND.G003|23215604",
            "zone": "KR-2"
          },
          "sensitive_attributes": []
        },
        {
          "index_key": "cmn-1",
          "schema_version": 0,
          "attributes": {
            "filter": [
              {
                "name": "cpu_count",
                "regex": false,
                "values": [
                  "4"
                ]
              },
              {
                "name": "memory_size",
                "regex": false,
                "values": [
                  "16GB"
                ]
              },
              {
                "name": "product_type",
                "regex": false,
                "values": [
                  "STAND"
                ]
              }
            ],
            "id": "2024-12-10 04:00:41.433174936 +0000 UTC",
            "products": [
              {
                "cpu_count": "4",
                "detail": [
                  {
                    "cpu_count": "4",
                    "gpu_count": "0",
                    "gpu_memory_size": "0GB",
                    "memory_size": "16GB",
                    "product_code": "SVR.VSVR.STAND.C004.M016.G003",
                    "product_english_desc": "",
                    "product_korean_desc": "",
                    "product_type": "STAND"
                  }
                ],
                "gpu_count": "0",
                "gpu_memory_size": "0GB",
                "label": "s4-g3(vCPU 4EA, Memory 16GB)",
                "memory_size": "16GB",
                "product_code": "SVR.VSVR.STAND.C004.M016.G003",
                "product_english_desc": "",
                "product_korean_desc": "",
                "product_type": "STAND",
                "value": "s4-g3"
              }
            ],
            "software_code": "SW.VSVR.OS.LNX64.UBNTU.SVR22.WRKND.G003|23215604",
            "zone": "KR-1"
          },
          "sensitive_attributes": []
        },
        {
          "index_key": "cmn-2",
          "schema_version": 0,
          "attributes": {
            "filter": [
              {
                "name": "cpu_count",
                "regex": false,
                "values": [
                  "4"
                ]
              },
              {
                "name": "memory_size",
                "regex": false,
                "values": [
                  "16GB"
                ]
              },
              {
                "name": "product_type",
                "regex": false,
                "values": [
                  "STAND"
                ]
              }
            ],
            "id": "2024-12-10 04:00:41.436241961 +0000 UTC",
            "products": [
              {
                "cpu_count": "4",
                "detail": [
                  {
                    "cpu_count": "4",
                    "gpu_count": "0",
                    "gpu_memory_size": "0GB",
                    "memory_size": "16GB",
                    "product_code": "SVR.VSVR.STAND.C004.M016.G003",
                    "product_english_desc": "",
                    "product_korean_desc": "",
                    "product_type": "STAND"
                  }
                ],
                "gpu_count": "0",
                "gpu_memory_size": "0GB",
                "label": "s4-g3(vCPU 4EA, Memory 16GB)",
                "memory_size": "16GB",
                "product_code": "SVR.VSVR.STAND.C004.M016.G003",
                "product_english_desc": "",
                "product_korean_desc": "",
                "product_type": "STAND",
                "value": "s4-g3"
              }
            ],
            "software_code": "SW.VSVR.OS.LNX64.UBNTU.SVR22.WRKND.G003|23215604",
            "zone": "KR-2"
          },
          "sensitive_attributes": []
        }
      ]
    },
    {
      "mode": "data",
      "type": "ncloud_nks_versions",
      "name": "version",
      "provider": "provider[\"registry.terraform.io/navercloudplatform/ncloud\"]",
      "instances": [
        {
          "schema_version": 0,
          "attributes": {
            "filter": [
              {
                "name": "value",
                "regex": true,
                "values": [
                  "1.29"
                ]
              }
            ],
            "hypervisor_code": "KVM",
            "id": "2024-12-10 04:00:41.295986745 +0000 UTC",
            "versions": [
              {
                "label": "1.29.9",
                "value": "1.29.9-nks.2"
              }
            ]
          },
          "sensitive_attributes": []
        }
      ]
    },
    {
      "mode": "data",
      "type": "ncloud_root_password",
      "name": "bastion",
      "provider": "provider[\"registry.terraform.io/navercloudplatform/ncloud\"]",
      "instances": [
        {
          "schema_version": 0,
          "attributes": {
            "id": "100510600",
            "private_key": "-----BEGIN RSA PRIVATE KEY-----\nMIIEowIBAAKCAQEAlCYm6Hh01npwA1ZL66sC7ntCeA/63YWh/LraCgi32R9gZnIF\nuprWMe0K8Nd2iBD6/YcTvVeuc4QCOqAHFbHZEZM2rxmsjuhFnbxn3Xhn0uZdGXHl\niVtYrCjLEXKsx47sbjCOhnVyYnd5UegUqmLoIuIM2gM1+QIPuHtumbgEWfHlLawN\nEM8Uc1oCIZKl5rIiZ+JHGCegmibBp4l9S0viXX7VK5ersXHM56Ed5S21xP9h3xE0\nKNybkPAf1mlFEXCTN63tgk+YO3HMRy5IVHvMZ1oQIC1Vkk1gmkg/EYP+H6ZvUOkg\nuBquzEzr63SUS5y2uodApTEPMePyS28b+dk2iQIDAQABAoIBAHGbpECnhummsNlO\nRyAtXy0kpr9NedKAlM0rOONy9hFxp0pIbC5CaLmWjspMYKBNbTwYZsHPSH9bHx53\n85bmcJCytL+oT5SzeBdTEM9cczne4EwP9LbVrvUuvzLdHrRV3OdPIyznSdVKy2VN\nNPPIrz143eQdjDktJIMTXKhS3jteOZ85hpjrCW5dDjsao2zmQ7ycuLAgv2FzbaSb\ncgqiRi8f4xttpnnjALIt0rlORytVkuYX5pMwxy7CejvI6wv4uZZT66Yo80V9gB6V\n4BJgj4GDOM4kqqYtdwewUMBHLMiM+gszrblxq0X8ouMGEgcGzxMg1eFQuDnaAa1R\nBPpYANUCgYEA+d47FwuOj5m2olSsnWU8+GT0fKVNx9Ydsg5KPPyQYi4xd2Rb7ddx\nzuF5qqrJRmrH4Ivj9gLALVK97Ae/eI3o9Co4mzbG9Wv5GS5Fj3sLd6QLYQXLMkej\nyejlBvYuhYK+vFntUjdgLgvXbVX0NobY4JGTSHAQy8MStpjfSvA+vI8CgYEAl8jh\n2JTBxdXE/YoyGLTV4yrQ9APUOHenkeNbSMXn4QV0xVq1999cf4XzQ7JwNZ79YOEF\nK+B7W2x0bViAT4MWeC+8sjdhKWrcC9tMo5i/ykgyPlwXWKz3q7RCPAVZbcEZDh4k\nJmqapH3ktqnfL/whaiFvW2iq1TcMjEpNldHtl2cCgYEAkmO8wtemgkNQWPK63sv9\nWJntE0nVtAqiAzuUCv79qEff+070/PeIWeiH25GLspHE4K2UtQEPjn43fx1a9EpP\n/RzvZSBGmGrV2gbeAh3YrhOSBxnZ3m9SamzkIZwBzX64OKmG/PAsjU2qvQfquDdw\nwMEJRRtC+94iDJCr4b+3QckCgYAdAEr2wOWNUV0EPKV5xwOfFg06soiYCXTBETnd\n28KEYjB/jOd75vebfhKO+scp16j+G8CLM6cePsi4I9LQXnGqoSRiwOYVrc9BjLNG\nBueOVOEUvS/Qx6vC6PxGz5bYu6533hZ2KKRHja5noGl+l6QizSSjyInrl0sUexX7\n7FKDPQKBgGCLEg8Ii7eN4rFoCHPsDL2tmOWaF9y1mT4uWAQLYqAiUvB1paVjeptO\n9UbUleJFdLdxN0SmqSs9CWwnA0jnztnx8ipRGRsGBg+y+DuSkBpQ0f+qKLEQD3Uf\nfYmw2IdF5n4hMuGfgnDrjv8cxXH/TZ4gS0STYLDhzikhyKvASJB0\n-----END RSA PRIVATE KEY-----",
            "root_password": "J8!Ec3Gcrt@rUc",
            "server_instance_no": "100510600"
          },
          "sensitive_attributes": [
            [
              {
                "type": "get_attr",
                "value": "private_key"
              }
            ],
            [
              {
                "type": "get_attr",
                "value": "root_password"
              }
            ]
          ]
        }
      ]
    },
    {
      "mode": "data",
      "type": "ncloud_server_image_numbers",
      "name": "kvm-image",
      "provider": "provider[\"registry.terraform.io/navercloudplatform/ncloud\"]",
      "instances": [
        {
          "schema_version": 0,
          "attributes": {
            "filter": [
              {
                "name": "hypervisor_type",
                "regex": null,
                "values": [
                  "KVM"
                ]
              }
            ],
            "hypervisor_type": null,
            "id": "",
            "image_number_list": [
              {
                "block_storage_mapping_list": [
                  {
                    "block_storage_name": null,
                    "block_storage_size": 10737418240,
                    "block_storage_snapshot_instance_no": 23214591,
                    "block_storage_snapshot_name": "snapshot of ubuntu-22.04-base",
                    "block_storage_volume_type": "CB1",
                    "iops": 100,
                    "is_encrypted_volume": false,
                    "order": 0,
                    "throughput": 104857600
                  }
                ],
                "cpu_architecture_type": "X86_64",
                "description": "kernel version : 5.15.0-94-generic",
                "hypervisor_type": "KVM",
                "name": "ubuntu-22.04-base",
                "os_category_type": "LINUX",
                "os_type": "UBUNTU",
                "product_code": "SW.VSVR.OS.LNX64.UBNTU.SVR22.G003",
                "server_image_number": "23214590",
                "type": "NCP"
              }
            ],
            "output_file": null,
            "server_image_name": "ubuntu-22.04-base"
          },
          "sensitive_attributes": []
        }
      ]
    },
    {
      "mode": "data",
      "type": "ncloud_server_specs",
      "name": "kvm-spec",
      "provider": "provider[\"registry.terraform.io/navercloudplatform/ncloud\"]",
      "instances": [
        {
          "schema_version": 0,
          "attributes": {
            "filter": [
              {
                "name": "server_spec_code",
                "regex": null,
                "values": [
                  "mi1-g3"
                ]
              }
            ],
            "id": "",
            "output_file": null,
            "server_spec_list": [
              {
                "block_storage_max_count": 20,
                "block_storage_max_iops": 100,
                "block_storage_max_throughput": 10,
                "cpu_architecture_type": "X86_64",
                "cpu_count": 1,
                "description": "vCPU 1EA, Memory 1GB",
                "generation_code": "G3",
                "gpu_count": null,
                "hypervisor_type": "KVM",
                "memory_size": 1073741824,
                "network_interface_max_count": 1,
                "network_performance": 1000000000,
                "product_code": "SVR.VSVR.MICRO.C001.M001.G003",
                "server_spec_code": "mi1-g3"
              }
            ]
          },
          "sensitive_attributes": []
        }
      ]
    },
    {
      "mode": "managed",
      "type": "local_file",
      "name": "bastion_svr_root_pw",
      "provider": "provider[\"registry.terraform.io/hashicorp/local\"]",
      "instances": [
        {
          "schema_version": 0,
          "attributes": {
            "content": "poc-stg-cmn-bst-1 =\u003e J8!Ec3Gcrt@rUc",
            "content_base64": null,
            "content_base64sha256": "SqY7/jUbHkr+zswIu3NuRMrODV4/8cqbV1icInmtBHw=",
            "content_base64sha512": "3Ag2jce6JHdE+6+nuc5nGhC5oxQuhKfr9LfqnYmsspU3GLKhH6uoUlttVEn4e8ur3fkLwdujqkxWcbrlmbjnIg==",
            "content_md5": "9dc427a9e669ff431ab89ec9e8702dfe",
            "content_sha1": "647a74e0bb88ad530f10c3a8e35515df2a7aa654",
            "content_sha256": "4aa63bfe351b1e4afececc08bb736e44cace0d5e3ff1ca9b57589c2279ad047c",
            "content_sha512": "dc08368dc7ba247744fbafa7b9ce671a10b9a3142e84a7ebf4b7ea9d89acb2953718b2a11faba8525b6d5449f87bcbabddf90bc1dba3aa4c5671bae599b8e722",
            "directory_permission": "0777",
            "file_permission": "0777",
            "filename": "poc-stg-cmn-bst-1-root_password.txt",
            "id": "647a74e0bb88ad530f10c3a8e35515df2a7aa654",
            "sensitive_content": null,
            "source": null
          },
          "sensitive_attributes": [
            [
              {
                "type": "get_attr",
                "value": "content"
              }
            ],
            [
              {
                "type": "get_attr",
                "value": "sensitive_content"
              }
            ]
          ],
          "dependencies": [
            "data.ncloud_root_password.bastion",
            "data.ncloud_server_image_numbers.kvm-image",
            "data.ncloud_server_specs.kvm-spec",
            "ncloud_login_key.key",
            "ncloud_server.bastion_server",
            "ncloud_subnet.subnets",
            "ncloud_vpc.vpc"
          ]
        }
      ]
    },
    {
      "mode": "managed",
      "type": "local_file",
      "name": "cluster_info",
      "provider": "provider[\"registry.terraform.io/hashicorp/local\"]",
      "instances": [
        {
          "schema_version": 0,
          "attributes": {
            "content": "# Cluster Information\nCluster: bof-1\n  Name: poc-stg-bof-k8s-1\n  K8s Version: 1.29.9-nks.2\n  VPC No: 83144\n  Zone: KR-1\n  UUID: 8f0520d9-96fe-4a31-8310-dd9f980e343c\n---\nCluster: bof-2\n  Name: poc-stg-bof-k8s-2\n  K8s Version: 1.29.9-nks.2\n  VPC No: 83144\n  Zone: KR-2\n  UUID: 2c750abb-cc9c-4321-8c0c-10e28dee0fcc\n---\nCluster: cmn-1\n  Name: poc-stg-cmn-k8s-1\n  K8s Version: 1.29.9-nks.2\n  VPC No: 83144\n  Zone: KR-1\n  UUID: 027595fe-c928-4f5a-acd3-ff525052a4e8\n---\nCluster: cmn-2\n  Name: poc-stg-cmn-k8s-2\n  K8s Version: 1.29.9-nks.2\n  VPC No: 83144\n  Zone: KR-2\n  UUID: 404c42e4-b411-448c-a12b-560bba84bb65\n---\n# Bastion Server Info\nServer Name: poc-stg-cmn-bst-1\nPrivate IP: 10.102.7.6\nPublic IP: 211.188.56.11\nServer Spec: mi1-g3\nImage: ubuntu-22.04-base\nZone: KR-1\n\n# Cluster UUID Mapping \u0026 Kubeconfig Commands\npoc-stg-bof-k8s-1:8f0520d9-96fe-4a31-8310-dd9f980e343c\nCommand: ncp-iam-authenticator update-kubeconfig --clusterUuid 8f0520d9-96fe-4a31-8310-dd9f980e343c --region KR\nCommand: kubectl config rename-context nks_kr_poc-stg-bof-k8s-1_8f0520d9-96fe-4a31-8310-dd9f980e343c sb1\npoc-stg-bof-k8s-2:2c750abb-cc9c-4321-8c0c-10e28dee0fcc\nCommand: ncp-iam-authenticator update-kubeconfig --clusterUuid 2c750abb-cc9c-4321-8c0c-10e28dee0fcc --region KR\nCommand: kubectl config rename-context nks_kr_poc-stg-bof-k8s-2_2c750abb-cc9c-4321-8c0c-10e28dee0fcc sb2\npoc-stg-cmn-k8s-1:027595fe-c928-4f5a-acd3-ff525052a4e8\nCommand: ncp-iam-authenticator update-kubeconfig --clusterUuid 027595fe-c928-4f5a-acd3-ff525052a4e8 --region KR\nCommand: kubectl config rename-context nks_kr_poc-stg-cmn-k8s-1_027595fe-c928-4f5a-acd3-ff525052a4e8 sc1\npoc-stg-cmn-k8s-2:404c42e4-b411-448c-a12b-560bba84bb65\nCommand: ncp-iam-authenticator update-kubeconfig --clusterUuid 404c42e4-b411-448c-a12b-560bba84bb65 --region KR\nCommand: kubectl config rename-context nks_kr_poc-stg-cmn-k8s-2_404c42e4-b411-448c-a12b-560bba84bb65 sc2\n\n# Nodepool Details\nCluster: bof-1\nNodes:\n  - poc-stg-bof-np-1-w-bcef: private_ip=10.102.5.6, public_ip=\n  - poc-stg-bof-np-1-w-4103: private_ip=10.102.5.7, public_ip=\n---\nCluster: bof-2\nNodes:\n  - poc-stg-bof-np-2-w-b9db: private_ip=10.102.105.7, public_ip=\n---\nCluster: cmn-1\nNodes:\n  - poc-stg-cmn-np-1-w-5a28: private_ip=10.102.10.7, public_ip=\n  - poc-stg-cmn-np-1-w-a360: private_ip=10.102.10.6, public_ip=\n---\nCluster: cmn-2\nNodes:\n  - poc-stg-cmn-np-2-w-bcf3: private_ip=10.102.110.6, public_ip=\n---\n\n# bashrc alias\nalias pb1='kubectl config use-context pb1'\nalias pb2='kubectl config use-context pb2'\nalias pc1='kubectl config use-context pc1'\nalias pc2='kubectl config use-context pc2'\nalias sb1='kubectl config use-context sb1'\nalias sb2='kubectl config use-context sb2'\nalias sc1='kubectl config use-context sc1'\nalias sc2='kubectl config use-context sc2'",
            "content_base64": null,
            "content_base64sha256": "Kjq23GwIJLNA2QKn7q0YucyYtrAWNCsOePrEQz3eRME=",
            "content_base64sha512": "wcdDzjFOaKQzWfDC+3njUxrY+awJLEMumcmYp2M6muEs4E8C43Mxw7Btuut0Xk0cjNASwfDAAsc90kt6v36Rsw==",
            "content_md5": "287206c004f4e19c9087dd7f9ce9cc6d",
            "content_sha1": "cba1f2acc67199b4fd924aea11e6b31f8ef08eaf",
            "content_sha256": "2a3ab6dc6c0824b340d902a7eead18b9cc98b6b016342b0e78fac4433dde44c1",
            "content_sha512": "c1c743ce314e68a43359f0c2fb79e3531ad8f9ac092c432e99c998a7633a9ae12ce04f02e37331c3b06dbaeb745e4d1c8cd012c1f0c002c73dd24b7abf7e91b3",
            "directory_permission": "0777",
            "file_permission": "0777",
            "filename": "./cluster_info.txt",
            "id": "cba1f2acc67199b4fd924aea11e6b31f8ef08eaf",
            "sensitive_content": null,
            "source": null
          },
          "sensitive_attributes": [
            [
              {
                "type": "get_attr",
                "value": "sensitive_content"
              }
            ]
          ],
          "dependencies": [
            "data.ncloud_nks_server_images.image",
            "data.ncloud_nks_server_products.product",
            "data.ncloud_nks_versions.version",
            "data.ncloud_server_image_numbers.kvm-image",
            "data.ncloud_server_specs.kvm-spec",
            "ncloud_nks_cluster.clusters",
            "ncloud_nks_node_pool.node_pool",
            "ncloud_server.bastion_server",
            "ncloud_subnet.subnets",
            "ncloud_vpc.vpc"
          ]
        }
      ]
    },
    {
      "mode": "managed",
      "type": "local_file",
      "name": "node_info",
      "provider": "provider[\"registry.terraform.io/hashicorp/local\"]",
      "instances": [
        {
          "schema_version": 0,
          "attributes": {
            "content": "{\"acg\":{\"id\":\"218884\",\"name\":\"poc-stg-acg\"},\"nodes\":{\"bof-1\":{\"cluster_name\":\"poc-stg-bof-k8s-1\",\"nodes\":[{\"name\":\"poc-stg-bof-np-1-w-bcef\",\"private_ip\":\"10.102.5.6\",\"server_instance_no\":100500059},{\"name\":\"poc-stg-bof-np-1-w-4103\",\"private_ip\":\"10.102.5.7\",\"server_instance_no\":100836248}]},\"bof-2\":{\"cluster_name\":\"poc-stg-bof-k8s-2\",\"nodes\":[{\"name\":\"poc-stg-bof-np-2-w-b9db\",\"private_ip\":\"10.102.105.7\",\"server_instance_no\":100500258}]},\"cmn-1\":{\"cluster_name\":\"poc-stg-cmn-k8s-1\",\"nodes\":[{\"name\":\"poc-stg-cmn-np-1-w-5a28\",\"private_ip\":\"10.102.10.7\",\"server_instance_no\":100519927},{\"name\":\"poc-stg-cmn-np-1-w-a360\",\"private_ip\":\"10.102.10.6\",\"server_instance_no\":100522206}]},\"cmn-2\":{\"cluster_name\":\"poc-stg-cmn-k8s-2\",\"nodes\":[{\"name\":\"poc-stg-cmn-np-2-w-bcf3\",\"private_ip\":\"10.102.110.6\",\"server_instance_no\":100500063}]}}}",
            "content_base64": null,
            "content_base64sha256": "8v3nnPsYDQO2jdOmr8fHh2AfOuY+7HK4vf8NjV0fLmk=",
            "content_base64sha512": "tT6XdM6P8HXVknUmVFeWYsQtKs4RaDJoF2GMQ79Bx3ZiG5JlRUim5Xwh3A74OxmjOjWlEmGC3sW0uDw//f7YgA==",
            "content_md5": "dd6bb19d6c4b72b0bcff88e3a6dbb5cb",
            "content_sha1": "49f937c82044e009af335f4c96c58ab2a280199c",
            "content_sha256": "f2fde79cfb180d03b68dd3a6afc7c787601f3ae63eec72b8bdff0d8d5d1f2e69",
            "content_sha512": "b53e9774ce8ff075d592752654579662c42d2ace1168326817618c43bf41c776621b92654548a6e57c21dc0ef83b19a33a35a5126182dec5b4b83c3ffdfed880",
            "directory_permission": "0777",
            "file_permission": "0777",
            "filename": "./node_info.json",
            "id": "49f937c82044e009af335f4c96c58ab2a280199c",
            "sensitive_content": null,
            "source": null
          },
          "sensitive_attributes": [
            [
              {
                "type": "get_attr",
                "value": "sensitive_content"
              }
            ]
          ],
          "dependencies": [
            "data.ncloud_nks_server_images.image",
            "data.ncloud_nks_server_products.product",
            "data.ncloud_nks_versions.version",
            "ncloud_access_control_group.acg",
            "ncloud_nks_cluster.clusters",
            "ncloud_nks_node_pool.node_pool",
            "ncloud_subnet.subnets",
            "ncloud_vpc.vpc"
          ]
        }
      ]
    },
    {
      "mode": "managed",
      "type": "local_sensitive_file",
      "name": "ssh_key",
      "provider": "provider[\"registry.terraform.io/hashicorp/local\"]",
      "instances": [
        {
          "schema_version": 0,
          "attributes": {
            "content": "-----BEGIN RSA PRIVATE KEY-----\nMIIEowIBAAKCAQEAlCYm6Hh01npwA1ZL66sC7ntCeA/63YWh/LraCgi32R9gZnIF\nuprWMe0K8Nd2iBD6/YcTvVeuc4QCOqAHFbHZEZM2rxmsjuhFnbxn3Xhn0uZdGXHl\niVtYrCjLEXKsx47sbjCOhnVyYnd5UegUqmLoIuIM2gM1+QIPuHtumbgEWfHlLawN\nEM8Uc1oCIZKl5rIiZ+JHGCegmibBp4l9S0viXX7VK5ersXHM56Ed5S21xP9h3xE0\nKNybkPAf1mlFEXCTN63tgk+YO3HMRy5IVHvMZ1oQIC1Vkk1gmkg/EYP+H6ZvUOkg\nuBquzEzr63SUS5y2uodApTEPMePyS28b+dk2iQIDAQABAoIBAHGbpECnhummsNlO\nRyAtXy0kpr9NedKAlM0rOONy9hFxp0pIbC5CaLmWjspMYKBNbTwYZsHPSH9bHx53\n85bmcJCytL+oT5SzeBdTEM9cczne4EwP9LbVrvUuvzLdHrRV3OdPIyznSdVKy2VN\nNPPIrz143eQdjDktJIMTXKhS3jteOZ85hpjrCW5dDjsao2zmQ7ycuLAgv2FzbaSb\ncgqiRi8f4xttpnnjALIt0rlORytVkuYX5pMwxy7CejvI6wv4uZZT66Yo80V9gB6V\n4BJgj4GDOM4kqqYtdwewUMBHLMiM+gszrblxq0X8ouMGEgcGzxMg1eFQuDnaAa1R\nBPpYANUCgYEA+d47FwuOj5m2olSsnWU8+GT0fKVNx9Ydsg5KPPyQYi4xd2Rb7ddx\nzuF5qqrJRmrH4Ivj9gLALVK97Ae/eI3o9Co4mzbG9Wv5GS5Fj3sLd6QLYQXLMkej\nyejlBvYuhYK+vFntUjdgLgvXbVX0NobY4JGTSHAQy8MStpjfSvA+vI8CgYEAl8jh\n2JTBxdXE/YoyGLTV4yrQ9APUOHenkeNbSMXn4QV0xVq1999cf4XzQ7JwNZ79YOEF\nK+B7W2x0bViAT4MWeC+8sjdhKWrcC9tMo5i/ykgyPlwXWKz3q7RCPAVZbcEZDh4k\nJmqapH3ktqnfL/whaiFvW2iq1TcMjEpNldHtl2cCgYEAkmO8wtemgkNQWPK63sv9\nWJntE0nVtAqiAzuUCv79qEff+070/PeIWeiH25GLspHE4K2UtQEPjn43fx1a9EpP\n/RzvZSBGmGrV2gbeAh3YrhOSBxnZ3m9SamzkIZwBzX64OKmG/PAsjU2qvQfquDdw\nwMEJRRtC+94iDJCr4b+3QckCgYAdAEr2wOWNUV0EPKV5xwOfFg06soiYCXTBETnd\n28KEYjB/jOd75vebfhKO+scp16j+G8CLM6cePsi4I9LQXnGqoSRiwOYVrc9BjLNG\nBueOVOEUvS/Qx6vC6PxGz5bYu6533hZ2KKRHja5noGl+l6QizSSjyInrl0sUexX7\n7FKDPQKBgGCLEg8Ii7eN4rFoCHPsDL2tmOWaF9y1mT4uWAQLYqAiUvB1paVjeptO\n9UbUleJFdLdxN0SmqSs9CWwnA0jnztnx8ipRGRsGBg+y+DuSkBpQ0f+qKLEQD3Uf\nfYmw2IdF5n4hMuGfgnDrjv8cxXH/TZ4gS0STYLDhzikhyKvASJB0\n-----END RSA PRIVATE KEY-----",
            "content_base64": null,
            "content_base64sha256": "fg+rf4V0olKFcsupEnxzj1Hkqn6b6XeE+Yj4b0PT2wA=",
            "content_base64sha512": "dlHwE10JfZNtvFXzQonCYwfEhDLR0jjAYpQTMUFO/JD4dP2BO7dtIFOSV7rafMtWiltl3enfKZWSDG4zjAiskg==",
            "content_md5": "cd10370e5c2b621f04806455b81ff4a4",
            "content_sha1": "9e9d655f315d9e70a6f0f8e99b7ac92ec8080e73",
            "content_sha256": "7e0fab7f8574a2528572cba9127c738f51e4aa7e9be97784f988f86f43d3db00",
            "content_sha512": "7651f0135d097d936dbc55f34289c26307c48432d1d238c062941331414efc90f874fd813bb76d20539257bada7ccb568a5b65dde9df2995920c6e338c08ac92",
            "directory_permission": "0700",
            "file_permission": "0600",
            "filename": "./poc-stg-key.pem",
            "id": "9e9d655f315d9e70a6f0f8e99b7ac92ec8080e73",
            "source": null
          },
          "sensitive_attributes": [
            [
              {
                "type": "get_attr",
                "value": "content"
              }
            ],
            [
              {
                "type": "get_attr",
                "value": "content_base64"
              }
            ]
          ],
          "dependencies": [
            "ncloud_login_key.key"
          ]
        }
      ]
    },
    {
      "mode": "managed",
      "type": "ncloud_access_control_group",
      "name": "acg",
      "provider": "provider[\"registry.terraform.io/navercloudplatform/ncloud\"]",
      "instances": [
        {
          "schema_version": 0,
          "attributes": {
            "access_control_group_no": "218884",
            "description": "",
            "id": "218884",
            "is_default": false,
            "name": "poc-stg-acg",
            "vpc_no": "83144"
          },
          "sensitive_attributes": [],
          "private": "bnVsbA==",
          "dependencies": [
            "ncloud_vpc.vpc"
          ]
        }
      ]
    },
    {
      "mode": "managed",
      "type": "ncloud_access_control_group_rule",
      "name": "acg_rules",
      "provider": "provider[\"registry.terraform.io/navercloudplatform/ncloud\"]",
      "instances": [
        {
          "schema_version": 0,
          "attributes": {
            "access_control_group_no": "218884",
            "id": "218884",
            "inbound": [
              {
                "description": "K8s cilium_health port",
                "ip_block": "0.0.0.0/0",
                "port_range": "4240",
                "protocol": "TCP",
                "source_access_control_group_no": ""
              },
              {
                "description": "K8s custom_port port",
                "ip_block": "0.0.0.0/0",
                "port_range": "18080",
                "protocol": "TCP",
                "source_access_control_group_no": ""
              },
              {
                "description": "K8s etcd port",
                "ip_block": "0.0.0.0/0",
                "port_range": "2379-2380",
                "protocol": "TCP",
                "source_access_control_group_no": ""
              },
              {
                "description": "K8s http port",
                "ip_block": "0.0.0.0/0",
                "port_range": "80",
                "protocol": "TCP",
                "source_access_control_group_no": ""
              },
              {
                "description": "K8s http_alt port",
                "ip_block": "0.0.0.0/0",
                "port_range": "8080",
                "protocol": "TCP",
                "source_access_control_group_no": ""
              },
              {
                "description": "K8s https port",
                "ip_block": "0.0.0.0/0",
                "port_range": "443",
                "protocol": "TCP",
                "source_access_control_group_no": ""
              },
              {
                "description": "K8s ingress_health port",
                "ip_block": "0.0.0.0/0",
                "port_range": "10254",
                "protocol": "TCP",
                "source_access_control_group_no": ""
              },
              {
                "description": "K8s k8s_api port",
                "ip_block": "0.0.0.0/0",
                "port_range": "6443",
                "protocol": "TCP",
                "source_access_control_group_no": ""
              },
              {
                "description": "K8s kubelet port",
                "ip_block": "0.0.0.0/0",
                "port_range": "10250",
                "protocol": "TCP",
                "source_access_control_group_no": ""
              },
              {
                "description": "K8s metrics port",
                "ip_block": "0.0.0.0/0",
                "port_range": "4443",
                "protocol": "TCP",
                "source_access_control_group_no": ""
              },
              {
                "description": "K8s nodeport port",
                "ip_block": "0.0.0.0/0",
                "port_range": "30000-32768",
                "protocol": "TCP",
                "source_access_control_group_no": ""
              },
              {
                "description": "K8s overlay port",
                "ip_block": "0.0.0.0/0",
                "port_range": "8472",
                "protocol": "TCP",
                "source_access_control_group_no": ""
              },
              {
                "description": "K8s ssh port",
                "ip_block": "0.0.0.0/0",
                "port_range": "22",
                "protocol": "TCP",
                "source_access_control_group_no": ""
              }
            ],
            "outbound": [
              {
                "description": "All outbound TCP traffic",
                "ip_block": "0.0.0.0/0",
                "port_range": "1-65535",
                "protocol": "TCP",
                "source_access_control_group_no": ""
              },
              {
                "description": "All outbound UDP traffic",
                "ip_block": "0.0.0.0/0",
                "port_range": "1-65535",
                "protocol": "UDP",
                "source_access_control_group_no": ""
              }
            ],
            "timeouts": null
          },
          "sensitive_attributes": [],
          "private": "eyJlMmJmYjczMC1lY2FhLTExZTYtOGY4OC0zNDM2M2JjN2M0YzAiOnsiY3JlYXRlIjozNjAwMDAwMDAwMDAwLCJkZWxldGUiOjMwMDAwMDAwMDAwMCwidXBkYXRlIjo2MDAwMDAwMDAwMDB9fQ==",
          "dependencies": [
            "ncloud_access_control_group.acg",
            "ncloud_vpc.vpc"
          ]
        }
      ]
    },
    {
      "mode": "managed",
      "type": "ncloud_login_key",
      "name": "key",
      "provider": "provider[\"registry.terraform.io/navercloudplatform/ncloud\"]",
      "instances": [
        {
          "schema_version": 0,
          "attributes": {
            "fingerprint": "",
            "id": "poc-stg-key",
            "key_name": "poc-stg-key",
            "private_key": "-----BEGIN RSA PRIVATE KEY-----\nMIIEowIBAAKCAQEAlCYm6Hh01npwA1ZL66sC7ntCeA/63YWh/LraCgi32R9gZnIF\nuprWMe0K8Nd2iBD6/YcTvVeuc4QCOqAHFbHZEZM2rxmsjuhFnbxn3Xhn0uZdGXHl\niVtYrCjLEXKsx47sbjCOhnVyYnd5UegUqmLoIuIM2gM1+QIPuHtumbgEWfHlLawN\nEM8Uc1oCIZKl5rIiZ+JHGCegmibBp4l9S0viXX7VK5ersXHM56Ed5S21xP9h3xE0\nKNybkPAf1mlFEXCTN63tgk+YO3HMRy5IVHvMZ1oQIC1Vkk1gmkg/EYP+H6ZvUOkg\nuBquzEzr63SUS5y2uodApTEPMePyS28b+dk2iQIDAQABAoIBAHGbpECnhummsNlO\nRyAtXy0kpr9NedKAlM0rOONy9hFxp0pIbC5CaLmWjspMYKBNbTwYZsHPSH9bHx53\n85bmcJCytL+oT5SzeBdTEM9cczne4EwP9LbVrvUuvzLdHrRV3OdPIyznSdVKy2VN\nNPPIrz143eQdjDktJIMTXKhS3jteOZ85hpjrCW5dDjsao2zmQ7ycuLAgv2FzbaSb\ncgqiRi8f4xttpnnjALIt0rlORytVkuYX5pMwxy7CejvI6wv4uZZT66Yo80V9gB6V\n4BJgj4GDOM4kqqYtdwewUMBHLMiM+gszrblxq0X8ouMGEgcGzxMg1eFQuDnaAa1R\nBPpYANUCgYEA+d47FwuOj5m2olSsnWU8+GT0fKVNx9Ydsg5KPPyQYi4xd2Rb7ddx\nzuF5qqrJRmrH4Ivj9gLALVK97Ae/eI3o9Co4mzbG9Wv5GS5Fj3sLd6QLYQXLMkej\nyejlBvYuhYK+vFntUjdgLgvXbVX0NobY4JGTSHAQy8MStpjfSvA+vI8CgYEAl8jh\n2JTBxdXE/YoyGLTV4yrQ9APUOHenkeNbSMXn4QV0xVq1999cf4XzQ7JwNZ79YOEF\nK+B7W2x0bViAT4MWeC+8sjdhKWrcC9tMo5i/ykgyPlwXWKz3q7RCPAVZbcEZDh4k\nJmqapH3ktqnfL/whaiFvW2iq1TcMjEpNldHtl2cCgYEAkmO8wtemgkNQWPK63sv9\nWJntE0nVtAqiAzuUCv79qEff+070/PeIWeiH25GLspHE4K2UtQEPjn43fx1a9EpP\n/RzvZSBGmGrV2gbeAh3YrhOSBxnZ3m9SamzkIZwBzX64OKmG/PAsjU2qvQfquDdw\nwMEJRRtC+94iDJCr4b+3QckCgYAdAEr2wOWNUV0EPKV5xwOfFg06soiYCXTBETnd\n28KEYjB/jOd75vebfhKO+scp16j+G8CLM6cePsi4I9LQXnGqoSRiwOYVrc9BjLNG\nBueOVOEUvS/Qx6vC6PxGz5bYu6533hZ2KKRHja5noGl+l6QizSSjyInrl0sUexX7\n7FKDPQKBgGCLEg8Ii7eN4rFoCHPsDL2tmOWaF9y1mT4uWAQLYqAiUvB1paVjeptO\n9UbUleJFdLdxN0SmqSs9CWwnA0jnztnx8ipRGRsGBg+y+DuSkBpQ0f+qKLEQD3Uf\nfYmw2IdF5n4hMuGfgnDrjv8cxXH/TZ4gS0STYLDhzikhyKvASJB0\n-----END RSA PRIVATE KEY-----"
          },
          "sensitive_attributes": [
            [
              {
                "type": "get_attr",
                "value": "private_key"
              }
            ]
          ]
        }
      ]
    },
    {
      "mode": "managed",
      "type": "ncloud_nks_cluster",
      "name": "clusters",
      "provider": "provider[\"registry.terraform.io/navercloudplatform/ncloud\"]",
      "instances": [
        {
          "index_key": "bof-1",
          "schema_version": 0,
          "attributes": {
            "acg_no": "218885",
            "cluster_type": "SVR.VNKS.STAND.C002.M008.G003",
            "endpoint": "https://8f0520d9-96fe-4a31-8310-dd9f980e343c.kr.vnks.ntruss.com",
            "hypervisor_code": "KVM",
            "id": "8f0520d9-96fe-4a31-8310-dd9f980e343c",
            "ip_acl": [],
            "ip_acl_default_action": "allow",
            "k8s_version": "1.29.9-nks.2",
            "kube_network_plugin": "cilium",
            "lb_private_subnet_no": "186399",
            "lb_public_subnet_no": "186403",
            "log": [
              {
                "audit": false
              }
            ],
            "login_key_name": "poc-stg-key",
            "name": "poc-stg-bof-k8s-1",
            "oidc": [],
            "public_network": false,
            "subnet_no_list": [
              "186401"
            ],
            "timeouts": null,
            "uuid": "8f0520d9-96fe-4a31-8310-dd9f980e343c",
            "vpc_no": "83144",
            "zone": "KR-1"
          },
          "sensitive_attributes": [],
          "private": "eyJlMmJmYjczMC1lY2FhLTExZTYtOGY4OC0zNDM2M2JjN2M0YzAiOnsiY3JlYXRlIjozNjAwMDAwMDAwMDAwLCJkZWxldGUiOjM2MDAwMDAwMDAwMDAsInVwZGF0ZSI6MzYwMDAwMDAwMDAwMH19",
          "dependencies": [
            "data.ncloud_nks_versions.version",
            "ncloud_subnet.subnets",
            "ncloud_vpc.vpc"
          ]
        },
        {
          "index_key": "bof-2",
          "schema_version": 0,
          "attributes": {
            "acg_no": "218886",
            "cluster_type": "SVR.VNKS.STAND.C002.M008.G003",
            "endpoint": "https://2c750abb-cc9c-4321-8c0c-10e28dee0fcc.kr.vnks.ntruss.com",
            "hypervisor_code": "KVM",
            "id": "2c750abb-cc9c-4321-8c0c-10e28dee0fcc",
            "ip_acl": [],
            "ip_acl_default_action": "allow",
            "k8s_version": "1.29.9-nks.2",
            "kube_network_plugin": "cilium",
            "lb_private_subnet_no": "186404",
            "lb_public_subnet_no": "186390",
            "log": [
              {
                "audit": false
              }
            ],
            "login_key_name": "poc-stg-key",
            "name": "poc-stg-bof-k8s-2",
            "oidc": [],
            "public_network": false,
            "subnet_no_list": [
              "186388"
            ],
            "timeouts": null,
            "uuid": "2c750abb-cc9c-4321-8c0c-10e28dee0fcc",
            "vpc_no": "83144",
            "zone": "KR-2"
          },
          "sensitive_attributes": [],
          "private": "eyJlMmJmYjczMC1lY2FhLTExZTYtOGY4OC0zNDM2M2JjN2M0YzAiOnsiY3JlYXRlIjozNjAwMDAwMDAwMDAwLCJkZWxldGUiOjM2MDAwMDAwMDAwMDAsInVwZGF0ZSI6MzYwMDAwMDAwMDAwMH19",
          "dependencies": [
            "data.ncloud_nks_versions.version",
            "ncloud_subnet.subnets",
            "ncloud_vpc.vpc"
          ]
        },
        {
          "index_key": "cmn-1",
          "schema_version": 0,
          "attributes": {
            "acg_no": "218888",
            "cluster_type": "SVR.VNKS.STAND.C002.M008.G003",
            "endpoint": "https://027595fe-c928-4f5a-acd3-ff525052a4e8.kr.vnks.ntruss.com",
            "hypervisor_code": "KVM",
            "id": "027595fe-c928-4f5a-acd3-ff525052a4e8",
            "ip_acl": [],
            "ip_acl_default_action": "allow",
            "k8s_version": "1.29.9-nks.2",
            "kube_network_plugin": "cilium",
            "lb_private_subnet_no": "186394",
            "lb_public_subnet_no": "186395",
            "log": [
              {
                "audit": false
              }
            ],
            "login_key_name": "poc-stg-key",
            "name": "poc-stg-cmn-k8s-1",
            "oidc": [],
            "public_network": false,
            "subnet_no_list": [
              "186392"
            ],
            "timeouts": null,
            "uuid": "027595fe-c928-4f5a-acd3-ff525052a4e8",
            "vpc_no": "83144",
            "zone": "KR-1"
          },
          "sensitive_attributes": [],
          "private": "eyJlMmJmYjczMC1lY2FhLTExZTYtOGY4OC0zNDM2M2JjN2M0YzAiOnsiY3JlYXRlIjozNjAwMDAwMDAwMDAwLCJkZWxldGUiOjM2MDAwMDAwMDAwMDAsInVwZGF0ZSI6MzYwMDAwMDAwMDAwMH19",
          "dependencies": [
            "data.ncloud_nks_versions.version",
            "ncloud_subnet.subnets",
            "ncloud_vpc.vpc"
          ]
        },
        {
          "index_key": "cmn-2",
          "schema_version": 0,
          "attributes": {
            "acg_no": "218887",
            "cluster_type": "SVR.VNKS.STAND.C002.M008.G003",
            "endpoint": "https://404c42e4-b411-448c-a12b-560bba84bb65.kr.vnks.ntruss.com",
            "hypervisor_code": "KVM",
            "id": "404c42e4-b411-448c-a12b-560bba84bb65",
            "ip_acl": [],
            "ip_acl_default_action": "allow",
            "k8s_version": "1.29.9-nks.2",
            "kube_network_plugin": "cilium",
            "lb_private_subnet_no": "186387",
            "lb_public_subnet_no": "186396",
            "log": [
              {
                "audit": false
              }
            ],
            "login_key_name": "poc-stg-key",
            "name": "poc-stg-cmn-k8s-2",
            "oidc": [],
            "public_network": false,
            "subnet_no_list": [
              "186400"
            ],
            "timeouts": null,
            "uuid": "404c42e4-b411-448c-a12b-560bba84bb65",
            "vpc_no": "83144",
            "zone": "KR-2"
          },
          "sensitive_attributes": [],
          "private": "eyJlMmJmYjczMC1lY2FhLTExZTYtOGY4OC0zNDM2M2JjN2M0YzAiOnsiY3JlYXRlIjozNjAwMDAwMDAwMDAwLCJkZWxldGUiOjM2MDAwMDAwMDAwMDAsInVwZGF0ZSI6MzYwMDAwMDAwMDAwMH19",
          "dependencies": [
            "data.ncloud_nks_versions.version",
            "ncloud_subnet.subnets",
            "ncloud_vpc.vpc"
          ]
        }
      ]
    },
    {
      "mode": "managed",
      "type": "ncloud_nks_node_pool",
      "name": "node_pool",
      "provider": "provider[\"registry.terraform.io/navercloudplatform/ncloud\"]",
      "instances": [
        {
          "index_key": "bof-1",
          "schema_version": 0,
          "attributes": {
            "autoscale": [
              {
                "enabled": true,
                "max": 4,
                "min": 2
              }
            ],
            "cluster_uuid": "8f0520d9-96fe-4a31-8310-dd9f980e343c",
            "id": "8f0520d9-96fe-4a31-8310-dd9f980e343c:poc-stg-bof-np-1",
            "instance_no": "100500058",
            "k8s_version": "1.29.9-nks.2",
            "label": [
              {
                "key": "environment",
                "value": "stg-bof-1"
              },
              {
                "key": "role",
                "value": "worker"
              }
            ],
            "node_count": 2,
            "node_pool_name": "poc-stg-bof-np-1",
            "nodes": [
              {
                "container_version": "containerd://1.7.21",
                "instance_no": 100500059,
                "kernel_version": "5.15.0-94-generic",
                "name": "poc-stg-bof-np-1-w-bcef",
                "node_status": "Ready",
                "private_ip": "10.102.5.6",
                "public_ip": "",
                "spec": "vCPU 4EA, Memory 16GB"
              },
              {
                "container_version": "containerd://1.7.21",
                "instance_no": 100836248,
                "kernel_version": "5.15.0-94-generic",
                "name": "poc-stg-bof-np-1-w-4103",
                "node_status": "Ready",
                "private_ip": "10.102.5.7",
                "public_ip": "",
                "spec": "vCPU 4EA, Memory 16GB"
              }
            ],
            "product_code": "SVR.VSVR.STAND.C004.M016.G003",
            "server_role_id": "",
            "server_spec_code": "s4-g3",
            "software_code": "SW.VSVR.OS.LNX64.UBNTU.SVR22.WRKND.G003|23215604",
            "storage_size": 600,
            "subnet_no": null,
            "subnet_no_list": [
              "186401"
            ],
            "taint": [],
            "timeouts": null
          },
          "sensitive_attributes": [],
          "private": "eyJlMmJmYjczMC1lY2FhLTExZTYtOGY4OC0zNDM2M2JjN2M0YzAiOnsiY3JlYXRlIjozNjAwMDAwMDAwMDAwLCJkZWxldGUiOjM2MDAwMDAwMDAwMDAsInVwZGF0ZSI6MzYwMDAwMDAwMDAwMH19",
          "dependencies": [
            "data.ncloud_nks_server_images.image",
            "data.ncloud_nks_server_products.product",
            "data.ncloud_nks_versions.version",
            "ncloud_nks_cluster.clusters",
            "ncloud_subnet.subnets",
            "ncloud_vpc.vpc"
          ]
        },
        {
          "index_key": "bof-2",
          "schema_version": 0,
          "attributes": {
            "autoscale": [
              {
                "enabled": true,
                "max": 1,
                "min": 1
              }
            ],
            "cluster_uuid": "2c750abb-cc9c-4321-8c0c-10e28dee0fcc",
            "id": "2c750abb-cc9c-4321-8c0c-10e28dee0fcc:poc-stg-bof-np-2",
            "instance_no": "100500054",
            "k8s_version": "1.29.9-nks.2",
            "label": [
              {
                "key": "environment",
                "value": "stg-bof-2"
              },
              {
                "key": "role",
                "value": "worker"
              }
            ],
            "node_count": 1,
            "node_pool_name": "poc-stg-bof-np-2",
            "nodes": [
              {
                "container_version": "containerd://1.7.21",
                "instance_no": 100500258,
                "kernel_version": "5.15.0-94-generic",
                "name": "poc-stg-bof-np-2-w-b9db",
                "node_status": "Ready",
                "private_ip": "10.102.105.7",
                "public_ip": "",
                "spec": "vCPU 4EA, Memory 16GB"
              }
            ],
            "product_code": "SVR.VSVR.STAND.C004.M016.G003",
            "server_role_id": "",
            "server_spec_code": "s4-g3",
            "software_code": "SW.VSVR.OS.LNX64.UBNTU.SVR22.WRKND.G003|23215604",
            "storage_size": 600,
            "subnet_no": null,
            "subnet_no_list": [
              "186388"
            ],
            "taint": [],
            "timeouts": null
          },
          "sensitive_attributes": [],
          "private": "eyJlMmJmYjczMC1lY2FhLTExZTYtOGY4OC0zNDM2M2JjN2M0YzAiOnsiY3JlYXRlIjozNjAwMDAwMDAwMDAwLCJkZWxldGUiOjM2MDAwMDAwMDAwMDAsInVwZGF0ZSI6MzYwMDAwMDAwMDAwMH19",
          "dependencies": [
            "data.ncloud_nks_server_images.image",
            "data.ncloud_nks_server_products.product",
            "data.ncloud_nks_versions.version",
            "ncloud_nks_cluster.clusters",
            "ncloud_subnet.subnets",
            "ncloud_vpc.vpc"
          ]
        },
        {
          "index_key": "cmn-1",
          "schema_version": 0,
          "attributes": {
            "autoscale": [
              {
                "enabled": true,
                "max": 4,
                "min": 2
              }
            ],
            "cluster_uuid": "027595fe-c928-4f5a-acd3-ff525052a4e8",
            "id": "027595fe-c928-4f5a-acd3-ff525052a4e8:poc-stg-cmn-np-1",
            "instance_no": "100499993",
            "k8s_version": "1.29.9-nks.2",
            "label": [
              {
                "key": "environment",
                "value": "stg-cmn-1"
              },
              {
                "key": "role",
                "value": "worker"
              }
            ],
            "node_count": 2,
            "node_pool_name": "poc-stg-cmn-np-1",
            "nodes": [
              {
                "container_version": "containerd://1.7.21",
                "instance_no": 100519927,
                "kernel_version": "5.15.0-94-generic",
                "name": "poc-stg-cmn-np-1-w-5a28",
                "node_status": "Ready",
                "private_ip": "10.102.10.7",
                "public_ip": "",
                "spec": "vCPU 4EA, Memory 16GB"
              },
              {
                "container_version": "containerd://1.7.21",
                "instance_no": 100522206,
                "kernel_version": "5.15.0-94-generic",
                "name": "poc-stg-cmn-np-1-w-a360",
                "node_status": "Ready",
                "private_ip": "10.102.10.6",
                "public_ip": "",
                "spec": "vCPU 4EA, Memory 16GB"
              }
            ],
            "product_code": "SVR.VSVR.STAND.C004.M016.G003",
            "server_role_id": "",
            "server_spec_code": "s4-g3",
            "software_code": "SW.VSVR.OS.LNX64.UBNTU.SVR22.WRKND.G003|23215604",
            "storage_size": 600,
            "subnet_no": null,
            "subnet_no_list": [
              "186392"
            ],
            "taint": [],
            "timeouts": null
          },
          "sensitive_attributes": [],
          "private": "eyJlMmJmYjczMC1lY2FhLTExZTYtOGY4OC0zNDM2M2JjN2M0YzAiOnsiY3JlYXRlIjozNjAwMDAwMDAwMDAwLCJkZWxldGUiOjM2MDAwMDAwMDAwMDAsInVwZGF0ZSI6MzYwMDAwMDAwMDAwMH19",
          "dependencies": [
            "data.ncloud_nks_server_images.image",
            "data.ncloud_nks_server_products.product",
            "data.ncloud_nks_versions.version",
            "ncloud_nks_cluster.clusters",
            "ncloud_subnet.subnets",
            "ncloud_vpc.vpc"
          ]
        },
        {
          "index_key": "cmn-2",
          "schema_version": 0,
          "attributes": {
            "autoscale": [
              {
                "enabled": true,
                "max": 1,
                "min": 1
              }
            ],
            "cluster_uuid": "404c42e4-b411-448c-a12b-560bba84bb65",
            "id": "404c42e4-b411-448c-a12b-560bba84bb65:poc-stg-cmn-np-2",
            "instance_no": "100500062",
            "k8s_version": "1.29.9-nks.2",
            "label": [
              {
                "key": "environment",
                "value": "stg-cmn-2"
              },
              {
                "key": "role",
                "value": "worker"
              }
            ],
            "node_count": 1,
            "node_pool_name": "poc-stg-cmn-np-2",
            "nodes": [
              {
                "container_version": "containerd://1.7.21",
                "instance_no": 100500063,
                "kernel_version": "5.15.0-94-generic",
                "name": "poc-stg-cmn-np-2-w-bcf3",
                "node_status": "Ready",
                "private_ip": "10.102.110.6",
                "public_ip": "",
                "spec": "vCPU 4EA, Memory 16GB"
              }
            ],
            "product_code": "SVR.VSVR.STAND.C004.M016.G003",
            "server_role_id": "",
            "server_spec_code": "s4-g3",
            "software_code": "SW.VSVR.OS.LNX64.UBNTU.SVR22.WRKND.G003|23215604",
            "storage_size": 600,
            "subnet_no": null,
            "subnet_no_list": [
              "186400"
            ],
            "taint": [],
            "timeouts": null
          },
          "sensitive_attributes": [],
          "private": "eyJlMmJmYjczMC1lY2FhLTExZTYtOGY4OC0zNDM2M2JjN2M0YzAiOnsiY3JlYXRlIjozNjAwMDAwMDAwMDAwLCJkZWxldGUiOjM2MDAwMDAwMDAwMDAsInVwZGF0ZSI6MzYwMDAwMDAwMDAwMH19",
          "dependencies": [
            "data.ncloud_nks_server_images.image",
            "data.ncloud_nks_server_products.product",
            "data.ncloud_nks_versions.version",
            "ncloud_nks_cluster.clusters",
            "ncloud_subnet.subnets",
            "ncloud_vpc.vpc"
          ]
        }
      ]
    },
    {
      "mode": "managed",
      "type": "ncloud_public_ip",
      "name": "bastion_ip",
      "provider": "provider[\"registry.terraform.io/navercloudplatform/ncloud\"]",
      "instances": [
        {
          "schema_version": 0,
          "attributes": {
            "description": "",
            "id": "100510816",
            "instance_no": "100510816",
            "internet_line_type": null,
            "kind_type": null,
            "public_ip": "211.188.56.11",
            "public_ip_no": "100510816",
            "server_instance_no": "100510600",
            "zone": null
          },
          "sensitive_attributes": [],
          "private": "bnVsbA==",
          "dependencies": [
            "data.ncloud_server_image_numbers.kvm-image",
            "data.ncloud_server_specs.kvm-spec",
            "ncloud_server.bastion_server",
            "ncloud_subnet.subnets",
            "ncloud_vpc.vpc"
          ]
        }
      ]
    },
    {
      "mode": "managed",
      "type": "ncloud_route_table",
      "name": "private",
      "provider": "provider[\"registry.terraform.io/navercloudplatform/ncloud\"]",
      "instances": [
        {
          "schema_version": 0,
          "attributes": {
            "description": "",
            "id": "167700",
            "is_default": false,
            "name": "poc-stg-pri-rt",
            "route_table_no": "167700",
            "supported_subnet_type": "PRIVATE",
            "vpc_no": "83144"
          },
          "sensitive_attributes": [],
          "private": "bnVsbA==",
          "dependencies": [
            "ncloud_vpc.vpc"
          ]
        }
      ]
    },
    {
      "mode": "managed",
      "type": "ncloud_route_table",
      "name": "public",
      "provider": "provider[\"registry.terraform.io/navercloudplatform/ncloud\"]",
      "instances": [
        {
          "schema_version": 0,
          "attributes": {
            "description": "",
            "id": "167701",
            "is_default": false,
            "name": "poc-stg-pub-rt",
            "route_table_no": "167701",
            "supported_subnet_type": "PUBLIC",
            "vpc_no": "83144"
          },
          "sensitive_attributes": [],
          "private": "bnVsbA==",
          "dependencies": [
            "ncloud_vpc.vpc"
          ]
        }
      ]
    },
    {
      "mode": "managed",
      "type": "ncloud_route_table_association",
      "name": "subnet_associations",
      "provider": "provider[\"registry.terraform.io/navercloudplatform/ncloud\"]",
      "instances": [
        {
          "index_key": "bof-lb-pri-1",
          "schema_version": 0,
          "attributes": {
            "id": "167700:186399",
            "route_table_no": "167700",
            "subnet_no": "186399"
          },
          "sensitive_attributes": [],
          "private": "bnVsbA==",
          "dependencies": [
            "ncloud_route_table.private",
            "ncloud_route_table.public",
            "ncloud_subnet.subnets",
            "ncloud_vpc.vpc"
          ]
        },
        {
          "index_key": "bof-lb-pri-2",
          "schema_version": 0,
          "attributes": {
            "id": "167700:186404",
            "route_table_no": "167700",
            "subnet_no": "186404"
          },
          "sensitive_attributes": [],
          "private": "bnVsbA==",
          "dependencies": [
            "ncloud_route_table.private",
            "ncloud_route_table.public",
            "ncloud_subnet.subnets",
            "ncloud_vpc.vpc"
          ]
        },
        {
          "index_key": "bof-lb-pub-1",
          "schema_version": 0,
          "attributes": {
            "id": "167701:186403",
            "route_table_no": "167701",
            "subnet_no": "186403"
          },
          "sensitive_attributes": [],
          "private": "bnVsbA==",
          "dependencies": [
            "ncloud_route_table.private",
            "ncloud_route_table.public",
            "ncloud_subnet.subnets",
            "ncloud_vpc.vpc"
          ]
        },
        {
          "index_key": "bof-lb-pub-2",
          "schema_version": 0,
          "attributes": {
            "id": "167701:186390",
            "route_table_no": "167701",
            "subnet_no": "186390"
          },
          "sensitive_attributes": [],
          "private": "bnVsbA==",
          "dependencies": [
            "ncloud_route_table.private",
            "ncloud_route_table.public",
            "ncloud_subnet.subnets",
            "ncloud_vpc.vpc"
          ]
        },
        {
          "index_key": "bof-np-pri-1",
          "schema_version": 0,
          "attributes": {
            "id": "167700:186401",
            "route_table_no": "167700",
            "subnet_no": "186401"
          },
          "sensitive_attributes": [],
          "private": "bnVsbA==",
          "dependencies": [
            "ncloud_route_table.private",
            "ncloud_route_table.public",
            "ncloud_subnet.subnets",
            "ncloud_vpc.vpc"
          ]
        },
        {
          "index_key": "bof-np-pri-2",
          "schema_version": 0,
          "attributes": {
            "id": "167700:186388",
            "route_table_no": "167700",
            "subnet_no": "186388"
          },
          "sensitive_attributes": [],
          "private": "bnVsbA==",
          "dependencies": [
            "ncloud_route_table.private",
            "ncloud_route_table.public",
            "ncloud_subnet.subnets",
            "ncloud_vpc.vpc"
          ]
        },
        {
          "index_key": "bof-vm-pri-1",
          "schema_version": 0,
          "attributes": {
            "id": "167700:186398",
            "route_table_no": "167700",
            "subnet_no": "186398"
          },
          "sensitive_attributes": [],
          "private": "bnVsbA==",
          "dependencies": [
            "ncloud_route_table.private",
            "ncloud_route_table.public",
            "ncloud_subnet.subnets",
            "ncloud_vpc.vpc"
          ]
        },
        {
          "index_key": "bof-vm-pri-2",
          "schema_version": 0,
          "attributes": {
            "id": "167700:186402",
            "route_table_no": "167700",
            "subnet_no": "186402"
          },
          "sensitive_attributes": [],
          "private": "bnVsbA==",
          "dependencies": [
            "ncloud_route_table.private",
            "ncloud_route_table.public",
            "ncloud_subnet.subnets",
            "ncloud_vpc.vpc"
          ]
        },
        {
          "index_key": "bof-vm-pub-1",
          "schema_version": 0,
          "attributes": {
            "id": "167701:186391",
            "route_table_no": "167701",
            "subnet_no": "186391"
          },
          "sensitive_attributes": [],
          "private": "bnVsbA==",
          "dependencies": [
            "ncloud_route_table.private",
            "ncloud_route_table.public",
            "ncloud_subnet.subnets",
            "ncloud_vpc.vpc"
          ]
        },
        {
          "index_key": "bof-vm-pub-2",
          "schema_version": 0,
          "attributes": {
            "id": "167701:186385",
            "route_table_no": "167701",
            "subnet_no": "186385"
          },
          "sensitive_attributes": [],
          "private": "bnVsbA==",
          "dependencies": [
            "ncloud_route_table.private",
            "ncloud_route_table.public",
            "ncloud_subnet.subnets",
            "ncloud_vpc.vpc"
          ]
        },
        {
          "index_key": "cmn-lb-pri-1",
          "schema_version": 0,
          "attributes": {
            "id": "167700:186394",
            "route_table_no": "167700",
            "subnet_no": "186394"
          },
          "sensitive_attributes": [],
          "private": "bnVsbA==",
          "dependencies": [
            "ncloud_route_table.private",
            "ncloud_route_table.public",
            "ncloud_subnet.subnets",
            "ncloud_vpc.vpc"
          ]
        },
        {
          "index_key": "cmn-lb-pri-2",
          "schema_version": 0,
          "attributes": {
            "id": "167700:186387",
            "route_table_no": "167700",
            "subnet_no": "186387"
          },
          "sensitive_attributes": [],
          "private": "bnVsbA==",
          "dependencies": [
            "ncloud_route_table.private",
            "ncloud_route_table.public",
            "ncloud_subnet.subnets",
            "ncloud_vpc.vpc"
          ]
        },
        {
          "index_key": "cmn-lb-pub-1",
          "schema_version": 0,
          "attributes": {
            "id": "167701:186395",
            "route_table_no": "167701",
            "subnet_no": "186395"
          },
          "sensitive_attributes": [],
          "private": "bnVsbA==",
          "dependencies": [
            "ncloud_route_table.private",
            "ncloud_route_table.public",
            "ncloud_subnet.subnets",
            "ncloud_vpc.vpc"
          ]
        },
        {
          "index_key": "cmn-lb-pub-2",
          "schema_version": 0,
          "attributes": {
            "id": "167701:186396",
            "route_table_no": "167701",
            "subnet_no": "186396"
          },
          "sensitive_attributes": [],
          "private": "bnVsbA==",
          "dependencies": [
            "ncloud_route_table.private",
            "ncloud_route_table.public",
            "ncloud_subnet.subnets",
            "ncloud_vpc.vpc"
          ]
        },
        {
          "index_key": "cmn-np-pri-1",
          "schema_version": 0,
          "attributes": {
            "id": "167700:186392",
            "route_table_no": "167700",
            "subnet_no": "186392"
          },
          "sensitive_attributes": [],
          "private": "bnVsbA==",
          "dependencies": [
            "ncloud_route_table.private",
            "ncloud_route_table.public",
            "ncloud_subnet.subnets",
            "ncloud_vpc.vpc"
          ]
        },
        {
          "index_key": "cmn-np-pri-2",
          "schema_version": 0,
          "attributes": {
            "id": "167700:186400",
            "route_table_no": "167700",
            "subnet_no": "186400"
          },
          "sensitive_attributes": [],
          "private": "bnVsbA==",
          "dependencies": [
            "ncloud_route_table.private",
            "ncloud_route_table.public",
            "ncloud_subnet.subnets",
            "ncloud_vpc.vpc"
          ]
        },
        {
          "index_key": "cmn-vm-pri-1",
          "schema_version": 0,
          "attributes": {
            "id": "167700:186386",
            "route_table_no": "167700",
            "subnet_no": "186386"
          },
          "sensitive_attributes": [],
          "private": "bnVsbA==",
          "dependencies": [
            "ncloud_route_table.private",
            "ncloud_route_table.public",
            "ncloud_subnet.subnets",
            "ncloud_vpc.vpc"
          ]
        },
        {
          "index_key": "cmn-vm-pri-2",
          "schema_version": 0,
          "attributes": {
            "id": "167700:186393",
            "route_table_no": "167700",
            "subnet_no": "186393"
          },
          "sensitive_attributes": [],
          "private": "bnVsbA==",
          "dependencies": [
            "ncloud_route_table.private",
            "ncloud_route_table.public",
            "ncloud_subnet.subnets",
            "ncloud_vpc.vpc"
          ]
        },
        {
          "index_key": "cmn-vm-pub-1",
          "schema_version": 0,
          "attributes": {
            "id": "167701:186389",
            "route_table_no": "167701",
            "subnet_no": "186389"
          },
          "sensitive_attributes": [],
          "private": "bnVsbA==",
          "dependencies": [
            "ncloud_route_table.private",
            "ncloud_route_table.public",
            "ncloud_subnet.subnets",
            "ncloud_vpc.vpc"
          ]
        },
        {
          "index_key": "cmn-vm-pub-2",
          "schema_version": 0,
          "attributes": {
            "id": "167701:186397",
            "route_table_no": "167701",
            "subnet_no": "186397"
          },
          "sensitive_attributes": [],
          "private": "bnVsbA==",
          "dependencies": [
            "ncloud_route_table.private",
            "ncloud_route_table.public",
            "ncloud_subnet.subnets",
            "ncloud_vpc.vpc"
          ]
        }
      ]
    },
    {
      "mode": "managed",
      "type": "ncloud_server",
      "name": "bastion_server",
      "provider": "provider[\"registry.terraform.io/navercloudplatform/ncloud\"]",
      "instances": [
        {
          "schema_version": 0,
          "attributes": {
            "access_control_group_configuration_no_list": null,
            "base_block_storage_disk_detail_type": "SSD",
            "base_block_storage_disk_type": "NET",
            "base_block_storage_size": null,
            "cpu_count": 1,
            "description": "",
            "fee_system_type_code": "FXSUM",
            "hypervisor_type": "KVM",
            "id": "100510600",
            "init_script_no": "",
            "instance_no": "100510600",
            "internet_line_type": null,
            "is_encrypted_base_block_storage_volume": null,
            "is_fee_charging_monitoring": null,
            "is_protect_server_termination": false,
            "login_key_name": "poc-stg-key",
            "member_server_image_no": null,
            "memory_size": 1073741824,
            "name": "poc-stg-cmn-bst-1",
            "network_interface": [
              {
                "network_interface_no": "4410942",
                "order": 0,
                "private_ip": "10.102.7.6",
                "subnet_no": "186389"
              }
            ],
            "placement_group_no": "",
            "platform_type": "UBD64",
            "port_forwarding_external_port": null,
            "port_forwarding_internal_port": null,
            "port_forwarding_public_ip": null,
            "private_ip": null,
            "public_ip": "211.188.56.11",
            "raid_type_name": null,
            "region": null,
            "server_image_name": null,
            "server_image_number": "23214590",
            "server_image_product_code": "SW.VSVR.OS.LNX64.UBNTU.SVR22.G003",
            "server_product_code": "SVR.VSVR.MICRO.C001.M001.G003",
            "server_spec_code": "mi1-g3",
            "subnet_no": "186389",
            "tag_list": [],
            "timeouts": null,
            "user_data": null,
            "vpc_no": "83144",
            "zone": "KR-1"
          },
          "sensitive_attributes": [],
          "private": "eyJlMmJmYjczMC1lY2FhLTExZTYtOGY4OC0zNDM2M2JjN2M0YzAiOnsiY3JlYXRlIjozNjAwMDAwMDAwMDAwLCJkZWxldGUiOjMwMDAwMDAwMDAwMH19",
          "dependencies": [
            "data.ncloud_server_image_numbers.kvm-image",
            "data.ncloud_server_specs.kvm-spec",
            "ncloud_subnet.subnets",
            "ncloud_vpc.vpc"
          ]
        }
      ]
    },
    {
      "mode": "managed",
      "type": "ncloud_subnet",
      "name": "subnets",
      "provider": "provider[\"registry.terraform.io/navercloudplatform/ncloud\"]",
      "instances": [
        {
          "index_key": "bof-lb-pri-1",
          "schema_version": 0,
          "attributes": {
            "id": "186399",
            "name": "poc-stg-bof-lb-pri-sbn-1",
            "network_acl_no": "119583",
            "subnet": "10.102.3.0/24",
            "subnet_no": "186399",
            "subnet_type": "PRIVATE",
            "usage_type": "LOADB",
            "vpc_no": "83144",
            "zone": "KR-1"
          },
          "sensitive_attributes": [],
          "dependencies": [
            "ncloud_vpc.vpc"
          ]
        },
        {
          "index_key": "bof-lb-pri-2",
          "schema_version": 0,
          "attributes": {
            "id": "186404",
            "name": "poc-stg-bof-lb-pri-sbn-2",
            "network_acl_no": "119583",
            "subnet": "10.102.103.0/24",
            "subnet_no": "186404",
            "subnet_type": "PRIVATE",
            "usage_type": "LOADB",
            "vpc_no": "83144",
            "zone": "KR-2"
          },
          "sensitive_attributes": [],
          "dependencies": [
            "ncloud_vpc.vpc"
          ]
        },
        {
          "index_key": "bof-lb-pub-1",
          "schema_version": 0,
          "attributes": {
            "id": "186403",
            "name": "poc-stg-bof-lb-pub-sbn-1",
            "network_acl_no": "119583",
            "subnet": "10.102.1.0/24",
            "subnet_no": "186403",
            "subnet_type": "PUBLIC",
            "usage_type": "LOADB",
            "vpc_no": "83144",
            "zone": "KR-1"
          },
          "sensitive_attributes": [],
          "dependencies": [
            "ncloud_vpc.vpc"
          ]
        },
        {
          "index_key": "bof-lb-pub-2",
          "schema_version": 0,
          "attributes": {
            "id": "186390",
            "name": "poc-stg-bof-lb-pub-sbn-2",
            "network_acl_no": "119583",
            "subnet": "10.102.101.0/24",
            "subnet_no": "186390",
            "subnet_type": "PUBLIC",
            "usage_type": "LOADB",
            "vpc_no": "83144",
            "zone": "KR-2"
          },
          "sensitive_attributes": [],
          "dependencies": [
            "ncloud_vpc.vpc"
          ]
        },
        {
          "index_key": "bof-np-pri-1",
          "schema_version": 0,
          "attributes": {
            "id": "186401",
            "name": "poc-stg-bof-np-pri-sbn-1",
            "network_acl_no": "119583",
            "subnet": "10.102.5.0/24",
            "subnet_no": "186401",
            "subnet_type": "PRIVATE",
            "usage_type": "GEN",
            "vpc_no": "83144",
            "zone": "KR-1"
          },
          "sensitive_attributes": [],
          "dependencies": [
            "ncloud_vpc.vpc"
          ]
        },
        {
          "index_key": "bof-np-pri-2",
          "schema_version": 0,
          "attributes": {
            "id": "186388",
            "name": "poc-stg-bof-np-pri-sbn-2",
            "network_acl_no": "119583",
            "subnet": "10.102.105.0/24",
            "subnet_no": "186388",
            "subnet_type": "PRIVATE",
            "usage_type": "GEN",
            "vpc_no": "83144",
            "zone": "KR-2"
          },
          "sensitive_attributes": [],
          "dependencies": [
            "ncloud_vpc.vpc"
          ]
        },
        {
          "index_key": "bof-vm-pri-1",
          "schema_version": 0,
          "attributes": {
            "id": "186398",
            "name": "poc-stg-bof-vm-pri-sbn-1",
            "network_acl_no": "119583",
            "subnet": "10.102.4.0/24",
            "subnet_no": "186398",
            "subnet_type": "PRIVATE",
            "usage_type": "GEN",
            "vpc_no": "83144",
            "zone": "KR-1"
          },
          "sensitive_attributes": [],
          "dependencies": [
            "ncloud_vpc.vpc"
          ]
        },
        {
          "index_key": "bof-vm-pri-2",
          "schema_version": 0,
          "attributes": {
            "id": "186402",
            "name": "poc-stg-bof-vm-pri-sbn-2",
            "network_acl_no": "119583",
            "subnet": "10.102.104.0/24",
            "subnet_no": "186402",
            "subnet_type": "PRIVATE",
            "usage_type": "GEN",
            "vpc_no": "83144",
            "zone": "KR-2"
          },
          "sensitive_attributes": [],
          "dependencies": [
            "ncloud_vpc.vpc"
          ]
        },
        {
          "index_key": "bof-vm-pub-1",
          "schema_version": 0,
          "attributes": {
            "id": "186391",
            "name": "poc-stg-bof-vm-pub-sbn-1",
            "network_acl_no": "119583",
            "subnet": "10.102.2.0/24",
            "subnet_no": "186391",
            "subnet_type": "PUBLIC",
            "usage_type": "GEN",
            "vpc_no": "83144",
            "zone": "KR-1"
          },
          "sensitive_attributes": [],
          "dependencies": [
            "ncloud_vpc.vpc"
          ]
        },
        {
          "index_key": "bof-vm-pub-2",
          "schema_version": 0,
          "attributes": {
            "id": "186385",
            "name": "poc-stg-bof-vm-pub-sbn-2",
            "network_acl_no": "119583",
            "subnet": "10.102.102.0/24",
            "subnet_no": "186385",
            "subnet_type": "PUBLIC",
            "usage_type": "GEN",
            "vpc_no": "83144",
            "zone": "KR-2"
          },
          "sensitive_attributes": [],
          "dependencies": [
            "ncloud_vpc.vpc"
          ]
        },
        {
          "index_key": "cmn-lb-pri-1",
          "schema_version": 0,
          "attributes": {
            "id": "186394",
            "name": "poc-stg-cmn-lb-pri-sbn-1",
            "network_acl_no": "119583",
            "subnet": "10.102.8.0/24",
            "subnet_no": "186394",
            "subnet_type": "PRIVATE",
            "usage_type": "LOADB",
            "vpc_no": "83144",
            "zone": "KR-1"
          },
          "sensitive_attributes": [],
          "dependencies": [
            "ncloud_vpc.vpc"
          ]
        },
        {
          "index_key": "cmn-lb-pri-2",
          "schema_version": 0,
          "attributes": {
            "id": "186387",
            "name": "poc-stg-cmn-lb-pri-sbn-2",
            "network_acl_no": "119583",
            "subnet": "10.102.108.0/24",
            "subnet_no": "186387",
            "subnet_type": "PRIVATE",
            "usage_type": "LOADB",
            "vpc_no": "83144",
            "zone": "KR-2"
          },
          "sensitive_attributes": [],
          "dependencies": [
            "ncloud_vpc.vpc"
          ]
        },
        {
          "index_key": "cmn-lb-pub-1",
          "schema_version": 0,
          "attributes": {
            "id": "186395",
            "name": "poc-stg-cmn-lb-pub-sbn-1",
            "network_acl_no": "119583",
            "subnet": "10.102.6.0/24",
            "subnet_no": "186395",
            "subnet_type": "PUBLIC",
            "usage_type": "LOADB",
            "vpc_no": "83144",
            "zone": "KR-1"
          },
          "sensitive_attributes": [],
          "dependencies": [
            "ncloud_vpc.vpc"
          ]
        },
        {
          "index_key": "cmn-lb-pub-2",
          "schema_version": 0,
          "attributes": {
            "id": "186396",
            "name": "poc-stg-cmn-lb-pub-sbn-2",
            "network_acl_no": "119583",
            "subnet": "10.102.106.0/24",
            "subnet_no": "186396",
            "subnet_type": "PUBLIC",
            "usage_type": "LOADB",
            "vpc_no": "83144",
            "zone": "KR-2"
          },
          "sensitive_attributes": [],
          "dependencies": [
            "ncloud_vpc.vpc"
          ]
        },
        {
          "index_key": "cmn-np-pri-1",
          "schema_version": 0,
          "attributes": {
            "id": "186392",
            "name": "poc-stg-cmn-np-pri-sbn-1",
            "network_acl_no": "119583",
            "subnet": "10.102.10.0/24",
            "subnet_no": "186392",
            "subnet_type": "PRIVATE",
            "usage_type": "GEN",
            "vpc_no": "83144",
            "zone": "KR-1"
          },
          "sensitive_attributes": [],
          "dependencies": [
            "ncloud_vpc.vpc"
          ]
        },
        {
          "index_key": "cmn-np-pri-2",
          "schema_version": 0,
          "attributes": {
            "id": "186400",
            "name": "poc-stg-cmn-np-pri-sbn-2",
            "network_acl_no": "119583",
            "subnet": "10.102.110.0/24",
            "subnet_no": "186400",
            "subnet_type": "PRIVATE",
            "usage_type": "GEN",
            "vpc_no": "83144",
            "zone": "KR-2"
          },
          "sensitive_attributes": [],
          "dependencies": [
            "ncloud_vpc.vpc"
          ]
        },
        {
          "index_key": "cmn-vm-pri-1",
          "schema_version": 0,
          "attributes": {
            "id": "186386",
            "name": "poc-stg-cmn-vm-pri-sbn-1",
            "network_acl_no": "119583",
            "subnet": "10.102.9.0/24",
            "subnet_no": "186386",
            "subnet_type": "PRIVATE",
            "usage_type": "GEN",
            "vpc_no": "83144",
            "zone": "KR-1"
          },
          "sensitive_attributes": [],
          "dependencies": [
            "ncloud_vpc.vpc"
          ]
        },
        {
          "index_key": "cmn-vm-pri-2",
          "schema_version": 0,
          "attributes": {
            "id": "186393",
            "name": "poc-stg-cmn-vm-pri-sbn-2",
            "network_acl_no": "119583",
            "subnet": "10.102.109.0/24",
            "subnet_no": "186393",
            "subnet_type": "PRIVATE",
            "usage_type": "GEN",
            "vpc_no": "83144",
            "zone": "KR-2"
          },
          "sensitive_attributes": [],
          "dependencies": [
            "ncloud_vpc.vpc"
          ]
        },
        {
          "index_key": "cmn-vm-pub-1",
          "schema_version": 0,
          "attributes": {
            "id": "186389",
            "name": "poc-stg-cmn-vm-pub-sbn-1",
            "network_acl_no": "119583",
            "subnet": "10.102.7.0/24",
            "subnet_no": "186389",
            "subnet_type": "PUBLIC",
            "usage_type": "GEN",
            "vpc_no": "83144",
            "zone": "KR-1"
          },
          "sensitive_attributes": [],
          "dependencies": [
            "ncloud_vpc.vpc"
          ]
        },
        {
          "index_key": "cmn-vm-pub-2",
          "schema_version": 0,
          "attributes": {
            "id": "186397",
            "name": "poc-stg-cmn-vm-pub-sbn-2",
            "network_acl_no": "119583",
            "subnet": "10.102.107.0/24",
            "subnet_no": "186397",
            "subnet_type": "PUBLIC",
            "usage_type": "GEN",
            "vpc_no": "83144",
            "zone": "KR-2"
          },
          "sensitive_attributes": [],
          "dependencies": [
            "ncloud_vpc.vpc"
          ]
        }
      ]
    },
    {
      "mode": "managed",
      "type": "ncloud_vpc",
      "name": "vpc",
      "provider": "provider[\"registry.terraform.io/navercloudplatform/ncloud\"]",
      "instances": [
        {
          "schema_version": 0,
          "attributes": {
            "default_access_control_group_no": "218883",
            "default_network_acl_no": "119583",
            "default_private_route_table_no": "167699",
            "default_public_route_table_no": "167698",
            "id": "83144",
            "ipv4_cidr_block": "10.102.0.0/16",
            "name": "poc-stg-vpc",
            "vpc_no": "83144"
          },
          "sensitive_attributes": []
        }
      ]
    },
    {
      "mode": "managed",
      "type": "null_resource",
      "name": "apply_acg",
      "provider": "provider[\"registry.terraform.io/hashicorp/null\"]",
      "instances": [
        {
          "schema_version": 0,
          "attributes": {
            "id": "6682670968386900530",
            "triggers": null
          },
          "sensitive_attributes": [],
          "dependencies": [
            "data.ncloud_nks_server_images.image",
            "data.ncloud_nks_server_products.product",
            "data.ncloud_nks_versions.version",
            "data.ncloud_server_image_numbers.kvm-image",
            "data.ncloud_server_specs.kvm-spec",
            "local_file.cluster_info",
            "local_file.node_info",
            "ncloud_access_control_group.acg",
            "ncloud_access_control_group_rule.acg_rules",
            "ncloud_nks_cluster.clusters",
            "ncloud_nks_node_pool.node_pool",
            "ncloud_server.bastion_server",
            "ncloud_subnet.subnets",
            "ncloud_vpc.vpc"
          ]
        }
      ]
    },
    {
      "mode": "managed",
      "type": "null_resource",
      "name": "apply_init_script",
      "provider": "provider[\"registry.terraform.io/hashicorp/null\"]",
      "instances": [
        {
          "index_key": "bof-1",
          "schema_version": 0,
          "attributes": {
            "id": "2566367123146261871",
            "triggers": null
          },
          "sensitive_attributes": [],
          "dependencies": [
            "data.ncloud_nks_server_images.image",
            "data.ncloud_nks_server_products.product",
            "data.ncloud_nks_versions.version",
            "data.ncloud_server_image_numbers.kvm-image",
            "data.ncloud_server_specs.kvm-spec",
            "local_file.cluster_info",
            "local_file.node_info",
            "ncloud_access_control_group.acg",
            "ncloud_nks_cluster.clusters",
            "ncloud_nks_node_pool.node_pool",
            "ncloud_server.bastion_server",
            "ncloud_subnet.subnets",
            "ncloud_vpc.vpc"
          ]
        },
        {
          "index_key": "bof-2",
          "schema_version": 0,
          "attributes": {
            "id": "5792511769946968773",
            "triggers": null
          },
          "sensitive_attributes": [],
          "dependencies": [
            "data.ncloud_nks_server_images.image",
            "data.ncloud_nks_server_products.product",
            "data.ncloud_nks_versions.version",
            "data.ncloud_server_image_numbers.kvm-image",
            "data.ncloud_server_specs.kvm-spec",
            "local_file.cluster_info",
            "local_file.node_info",
            "ncloud_access_control_group.acg",
            "ncloud_nks_cluster.clusters",
            "ncloud_nks_node_pool.node_pool",
            "ncloud_server.bastion_server",
            "ncloud_subnet.subnets",
            "ncloud_vpc.vpc"
          ]
        },
        {
          "index_key": "cmn-1",
          "schema_version": 0,
          "attributes": {
            "id": "9191278276386392979",
            "triggers": null
          },
          "sensitive_attributes": [],
          "dependencies": [
            "data.ncloud_nks_server_images.image",
            "data.ncloud_nks_server_products.product",
            "data.ncloud_nks_versions.version",
            "data.ncloud_server_image_numbers.kvm-image",
            "data.ncloud_server_specs.kvm-spec",
            "local_file.cluster_info",
            "local_file.node_info",
            "ncloud_access_control_group.acg",
            "ncloud_nks_cluster.clusters",
            "ncloud_nks_node_pool.node_pool",
            "ncloud_server.bastion_server",
            "ncloud_subnet.subnets",
            "ncloud_vpc.vpc"
          ]
        },
        {
          "index_key": "cmn-2",
          "schema_version": 0,
          "attributes": {
            "id": "3120332540041029981",
            "triggers": null
          },
          "sensitive_attributes": [],
          "dependencies": [
            "data.ncloud_nks_server_images.image",
            "data.ncloud_nks_server_products.product",
            "data.ncloud_nks_versions.version",
            "data.ncloud_server_image_numbers.kvm-image",
            "data.ncloud_server_specs.kvm-spec",
            "local_file.cluster_info",
            "local_file.node_info",
            "ncloud_access_control_group.acg",
            "ncloud_nks_cluster.clusters",
            "ncloud_nks_node_pool.node_pool",
            "ncloud_server.bastion_server",
            "ncloud_subnet.subnets",
            "ncloud_vpc.vpc"
          ]
        }
      ]
    },
    {
      "mode": "managed",
      "type": "null_resource",
      "name": "argocd_login",
      "provider": "provider[\"registry.terraform.io/hashicorp/null\"]",
      "instances": [
        {
          "schema_version": 0,
          "attributes": {
            "id": "6596496457859985142",
            "triggers": null
          },
          "sensitive_attributes": [],
          "dependencies": [
            "data.ncloud_nks_versions.version",
            "ncloud_nks_cluster.clusters",
            "ncloud_subnet.subnets",
            "ncloud_vpc.vpc"
          ]
        }
      ]
    }
  ],
  "check_results": null
}
