{
  "version": 4,
  "terraform_version": "1.9.8",
  "serial": 191,
  "lineage": "345e9314-800a-c78b-a006-216fab53f4d4",
  "outputs": {},
  "resources": [
    {
      "mode": "data",
      "type": "ncloud_nks_kube_config",
      "name": "kube_config",
      "provider": "provider[\"registry.terraform.io/navercloudplatform/ncloud\"]",
      "instances": [
        {
          "index_key": "bof-1",
          "schema_version": 0,
          "attributes": {
            "client_certificate": null,
            "client_key": null,
            "cluster_ca_certificate": "LS0tLS1CRUdJTiBDRVJUSUZJQ0FURS0tLS0tCk1JSUM2VENDQWRHZ0F3SUJBZ0lCQURBTkJna3Foa2lHOXcwQkFRc0ZBREFWTVJNd0VRWURWUVFERXdwcmRXSmwKY201bGRHVnpNQ0FYRFRJME1URXhOekU1TURReU1Wb1lEekl4TWpReE1ESTBNVGt3TkRJeFdqQVZNUk13RVFZRApWUVFERXdwcmRXSmxjbTVsZEdWek1JSUJJakFOQmdrcWhraUc5dzBCQVFFRkFBT0NBUThBTUlJQkNnS0NBUUVBCnVYQ1NjSmZIb2NvbUxsOU41eVljdExOWDdLdXA5TE5ZQTcrNjZNTzhwZ3ZrT2ZMY2pzeERod0h1aGN4LzRjR1oKSnpDOCtvcFNadDFNR0lrUnV6V0hac3lVUk1DdzZDWGw1dGdhQjZuT1QvV3psOWJOeDVMOElyUHBRRmZuUXpWYgpLOEFqYkUvZXNQU3UvU1grQjRjK0VhdzNrU05NMFpZeGZacStxS2s4UW4vK2RpSnVRTE9OZVYvTVllQTRSK1I5CmU1MHhsdzZoL3RDcUxlemZkSnZjRkhKYk5SQndRbFNZSzZsU05BQUZOby81SWttZ0tQNVFxZTdMVitiRTNqUUMKWnpva1NyUXMvYjExMGVMYmE5ZUZxTWJrTmpLTzVuUVA4aEx4alY1bWt6Smx6aklxUXFuV3ZobzhyWjNJU1QwbQpySzNyZ3dKNjlFT0w0d3JkbG9FemR3SURBUUFCbzBJd1FEQU9CZ05WSFE4QkFmOEVCQU1DQXFRd0R3WURWUjBUCkFRSC9CQVV3QXdFQi96QWRCZ05WSFE0RUZnUVVuL0lvcHJHNVN5U1lackQ3R081SVMwOWlaa1V3RFFZSktvWkkKaHZjTkFRRUxCUUFEZ2dFQkFBQ2cxY2RMazd3RXdGOEZXdm9NSVovUnpjT052SkNESG9PYlZVOFJ2Sis0WStONgpubWFFNjZJRXdXUDk4WEM4Qm9QeDhhNkcxMlZOQkJxRTFMYnJOZ1I2TW5iOUVCWDBEMXVmSGhGWktUaHFNTkc1CithUXlhZjdwSmtnQ090UzdUamxiOGxqYko5VTM2UFVWNFVOWlJsVGVvYVFvc1pzMXhOd2FiSktjZ2tKR2M3STYKZEtkRy85OTc3SzArcVhlKzNYU0gxRW5HYjJSWXFtZ3p2TzVITnM0eEJ4ZjFVQnlUODdDTHBKR3dKY1lvbHZScApBVWJqcFUzczJaaVJXSGFJbmpyMVVpODhrd2ZZNVJ1bmdsUlNEclVjYzRBVzNreDVXMXRTa08rbVlSeXg4UGlSCmVjTmIvV2NLMzhMenBDamhlRnpPVVU4VVJKWnZPdzh6bmhmR09OQT0KLS0tLS1FTkQgQ0VSVElGSUNBVEUtLS0tLQo=",
            "cluster_uuid": "2b100ed7-6ecb-417c-bfb4-9ecd94094940",
            "host": "https://2b100ed7-6ecb-417c-bfb4-9ecd94094940.kr.vnks.ntruss.com",
            "id": "2b100ed7-6ecb-417c-bfb4-9ecd94094940"
          },
          "sensitive_attributes": []
        },
        {
          "index_key": "bof-2",
          "schema_version": 0,
          "attributes": {
            "client_certificate": null,
            "client_key": null,
            "cluster_ca_certificate": "LS0tLS1CRUdJTiBDRVJUSUZJQ0FURS0tLS0tCk1JSUM2VENDQWRHZ0F3SUJBZ0lCQURBTkJna3Foa2lHOXcwQkFRc0ZBREFWTVJNd0VRWURWUVFERXdwcmRXSmwKY201bGRHVnpNQ0FYRFRJME1URXhOekU1TURRek5Gb1lEekl4TWpReE1ESTBNVGt3TkRNMFdqQVZNUk13RVFZRApWUVFERXdwcmRXSmxjbTVsZEdWek1JSUJJakFOQmdrcWhraUc5dzBCQVFFRkFBT0NBUThBTUlJQkNnS0NBUUVBCnBqeVlLVHdqVUxuZG9pa2hFRk1ZRGEveVNza1dWaXNlMmZlYk5QbE5NSDN5NWVRRlFrUmtocTFVZmpJRDlPNloKQ3ZIU3JjSlRqVWVWOVphSS9kdHh4TTI1LzVJYzY3SkNabnNPejZHa2V1YzNBdVloRDZOMGw1QTZvbXBaenNQTApMZG9va0ZSNElOaE04MnZYVExSSWJGNDlDRE5sS3JjTEQ3ck9iT1JuQUlRZElOSDhuTmhzWnFpUXZGR3ZNUCt5CnhoU0ZWY2JwampUcWhscHJiS0tiQytVM2QwajlPNGgrT1F1a0dicUUrZWhxcjJnRWk2QnBYM0ZlMDRMYytNbisKd0JUM1kwSUxkaERJQk5mSXFna28vVnJXb0RFZ3VmL0lOQkl5dCs3Tk9YVlRvbUhwRU13MGZVRndrTHhIN0J3Two5bnk2dmxuWEVkM2ovSGNsRnAyYmtRSURBUUFCbzBJd1FEQU9CZ05WSFE4QkFmOEVCQU1DQXFRd0R3WURWUjBUCkFRSC9CQVV3QXdFQi96QWRCZ05WSFE0RUZnUVVwa3RCRWkreXZDbzN0M3NtSk9Bam5iYkw1cXd3RFFZSktvWkkKaHZjTkFRRUxCUUFEZ2dFQkFGQmM1cEVjUnBoVWVHUVlJd3lENjEzVDB6REZpdnlwbWVOQUVHUHJRenFKQUVQeApoK1hQV3liQnd1UVJIUENMTWZjbk0wUzNxU2k1UzFQekVPWkYrczJZMDF4SDR0ZmZsYUZZbzZYSzVEeDdqeDhmCjl3cWtvMHZwN3dWRUM5TmdWZm1OLzYwVjczMVZSSTdHMGlaK0p6enRkUTlZMGtCcDBUTTA4VWVKby9YR1lxaHMKSTFGZGthNXRYOGdTMHhqYndGNlkraHdQWERFaEkvUlhUQy9vdjlja3U4cmVjTHdZZjFLakJRL1ZGNjUrRXZZaApyd3RYQ0xwTEVuMWQrYk9BSS8yMTlkSUJ6Nisvc3I0Z1VIdWxtRHNxM3FCQUx1N2hkNkJUcmtuRWszZzA2WVZVCnBweWFnb0oxcHh2Q2l5RE1idzlEVGI4cmIrZXVnTm0yank2OHE0MD0KLS0tLS1FTkQgQ0VSVElGSUNBVEUtLS0tLQo=",
            "cluster_uuid": "c7966174-0ab6-4e4a-8540-0dce8594924f",
            "host": "https://c7966174-0ab6-4e4a-8540-0dce8594924f.kr.vnks.ntruss.com",
            "id": "c7966174-0ab6-4e4a-8540-0dce8594924f"
          },
          "sensitive_attributes": []
        },
        {
          "index_key": "cmn-1",
          "schema_version": 0,
          "attributes": {
            "client_certificate": null,
            "client_key": null,
            "cluster_ca_certificate": "LS0tLS1CRUdJTiBDRVJUSUZJQ0FURS0tLS0tCk1JSUM2VENDQWRHZ0F3SUJBZ0lCQURBTkJna3Foa2lHOXcwQkFRc0ZBREFWTVJNd0VRWURWUVFERXdwcmRXSmwKY201bGRHVnpNQ0FYRFRJME1URXhOekU1TURReU4xb1lEekl4TWpReE1ESTBNVGt3TkRJM1dqQVZNUk13RVFZRApWUVFERXdwcmRXSmxjbTVsZEdWek1JSUJJakFOQmdrcWhraUc5dzBCQVFFRkFBT0NBUThBTUlJQkNnS0NBUUVBCjZhZkd1UGNTSTFoSUpCYVpnLzNyNi9zNXZuL1pXVnN2MkxRSW0wK3ZKYmU0dENmb0srK3c0c3QzTElHSWp4Y1QKNlhRS1dWT3N6Y0oybTNxTVFCWldZZVRUZ1FSMFdaNDhuTUNaeERKNGI5ZkpNSk4rRFhsdEVoeUN0T3ZmQ2t5RQpDV2tJUWVVWnc5VWU0UlY1ZmtMVEFzRzBXNGlGbDl3UE9VVXd3Z3R2TFhxUjN5UmlEVUVmM240S2ZlM3lXSEgwCkxJU0ZndzdFK3luSjc4czlDenh4RnJ1Q3B3TUdCSGVDdWlIOCsvTzN5dHdjOXdvYkllTm82WTQxRzh6ek1OUFoKTWNuWTVoRDdhTmk1WThJK2xHMXo4RTVmZXIxVWxXUTkyWENvTG8wd0VnMnVaMXdmOW8vL282NS9sZndYNmpzZwp4WVRJMUZtc1VSaDR1MmZrVkNuVFN3SURBUUFCbzBJd1FEQU9CZ05WSFE4QkFmOEVCQU1DQXFRd0R3WURWUjBUCkFRSC9CQVV3QXdFQi96QWRCZ05WSFE0RUZnUVVaMlZxQm1pUHFwdy9yczhKWEE0Uk5NOWdzMnd3RFFZSktvWkkKaHZjTkFRRUxCUUFEZ2dFQkFOdUpnRTRQaEJWOXppclpXaldTOE8wK0g0VTFWRGM5NXQyNlV1enVKaUs3ZnI1aQpSYUwwVXFoZ3JKeldmTEoxQ3cwKzZ1N2F0eERHQWswNjErZ01GN2d4M3FIbHVlYlRKT1daMFdrYjlpSFN3Sk56CmZNRkIzcW4zc1kvNm4xa3EvR1JwWHkvNTZWRXRRRkFlZUxISUxUYkFIbXc3cVhFOFNKQ0IxN0diUkVOeVR4MHgKcm13SVdmaDJENUZZcGlQSGNCU1hiVXZ2bG1INkd3NFZ3SUpIQ2ZXajB0QzJ1ZjdPMm5CN3JEdU94dVJCd3ZlRworNy9yV3JqTW1zM1RWekp3T01la2I4SDFtWFYyN1c5cXVrdzNWekh1YmQ4Q1dvS0NMTzlIbnlsLzBrUHc4WkQ1CnJTMmY1Q2wycmRqL0FPd2xicUtyRUx1emlpZDRGYmZPZzA0di9FOD0KLS0tLS1FTkQgQ0VSVElGSUNBVEUtLS0tLQo=",
            "cluster_uuid": "bb60b5bd-ed63-4248-8cfa-36f1c5cd54ad",
            "host": "https://bb60b5bd-ed63-4248-8cfa-36f1c5cd54ad.kr.vnks.ntruss.com",
            "id": "bb60b5bd-ed63-4248-8cfa-36f1c5cd54ad"
          },
          "sensitive_attributes": []
        },
        {
          "index_key": "cmn-2",
          "schema_version": 0,
          "attributes": {
            "client_certificate": null,
            "client_key": null,
            "cluster_ca_certificate": "LS0tLS1CRUdJTiBDRVJUSUZJQ0FURS0tLS0tCk1JSUM2VENDQWRHZ0F3SUJBZ0lCQURBTkJna3Foa2lHOXcwQkFRc0ZBREFWTVJNd0VRWURWUVFERXdwcmRXSmwKY201bGRHVnpNQ0FYRFRJME1URXhOekU1TURRek5Wb1lEekl4TWpReE1ESTBNVGt3TkRNMVdqQVZNUk13RVFZRApWUVFERXdwcmRXSmxjbTVsZEdWek1JSUJJakFOQmdrcWhraUc5dzBCQVFFRkFBT0NBUThBTUlJQkNnS0NBUUVBCjN4YTZzOXkwSG8xK2ovN1Z6M1dVNnZwNFd2WHhhUklsV1NsTlhhK1M4Q1ZaaUhzQjVwcS9kanU3RzhLRHN0ZTQKbndPVEl3cTQxZ0hkd1lqUEFudVBpTkVFOXVXYy9FMGZFTmhUdEsxQThURVpxUW16aDhudUlJTlg2dytCL29IRQowbEhDeFh0cFdsTXJRRk1GR21wVGJBRlJrWncrSGVDUUlsTi9RSStBQWNTc0RYQ0hEdnovY1BlSGVXZ3FvQlV1CllhMzY5QjUxVnFlR21PM3RYRVdwdzlNeWkzU2RHYm5GV2Z3S0NnelVTWVlmdUd3bnMwNjhUOWdYK0E2VTN3eEQKcDdyazQ4ZWQxNWZxc3FnN0FjWlUvR1JSTEtKeWdqL1ZpTnczWEZyakdWRG5Zemd4aHVIMC8zNXdLczVQVktaZQpvNm1FNE9nZjdhUkd4TmRRSlRUTnJRSURBUUFCbzBJd1FEQU9CZ05WSFE4QkFmOEVCQU1DQXFRd0R3WURWUjBUCkFRSC9CQVV3QXdFQi96QWRCZ05WSFE0RUZnUVVELzdob1QzdHo3SDJNQ2dueFNTdTYrTG1nM1l3RFFZSktvWkkKaHZjTkFRRUxCUUFEZ2dFQkFOamdHRlhTdUJ3VmsxcVVMTk9pQ3kyV0M5MThaMU0rU1lrYzZYc1R5dU8xSjFLQwpab2NSYzNqVHNVeFp0TXh1azBqbWxtZ2dIaVYrcHZ2ODBXUVpBcWhZN3lCb2RYUDFQdG9GdnFTQzgzWjFKYjdkCmRoeGRJamxqQnIyMWdmUVNnY3o0MlF6ejhRNXJUcDMwazFleWpjaU9lc1BiL0c1ZHVMc01ySWRLd3J5MnJiNy8KbnpPTkJkbUNrdWJVKyt5QkNUZ25WaWFTM29vRVZ2ZGpsNk9MV2oxMjRoOEdZTXptOGxhWjN5TG00WVByTzRyTApmNktjUnZETTd0SlovdFlVYWFoVkxVYjVaY0RKV1VpWm9MV3V2YjRRamZNZEVQUlF3ZDk3MzFRNEpQSmgxQy95Cmg0QnhUejBhUUQ5cUplYmM5bkNqc3ppYWt1ay9POTNBZ3huM2Frcz0KLS0tLS1FTkQgQ0VSVElGSUNBVEUtLS0tLQo=",
            "cluster_uuid": "0dd51331-7343-4bc6-9f33-c848fce0dd0a",
            "host": "https://0dd51331-7343-4bc6-9f33-c848fce0dd0a.kr.vnks.ntruss.com",
            "id": "0dd51331-7343-4bc6-9f33-c848fce0dd0a"
          },
          "sensitive_attributes": []
        }
      ]
    },
    {
      "mode": "data",
      "type": "ncloud_nks_server_images",
      "name": "image",
      "provider": "provider[\"registry.terraform.io/navercloudplatform/ncloud\"]",
      "instances": [
        {
          "schema_version": 0,
          "attributes": {
            "filter": [
              {
                "name": "label",
                "regex": true,
                "values": [
                  "ubuntu-22.04"
                ]
              }
            ],
            "hypervisor_code": "KVM",
            "id": "2024-12-11 01:59:09.589771994 +0000 UTC",
            "images": [
              {
                "label": "ubuntu-22.04-nksw",
                "value": "SW.VSVR.OS.LNX64.UBNTU.SVR22.WRKND.G003|23215604"
              },
              {
                "label": "ubuntu-22.04-nks-gpu",
                "value": "SW.VSVR.OS.LNX64.UBNTU.SVR22.WRKND.G003|23327918"
              }
            ]
          },
          "sensitive_attributes": []
        }
      ]
    },
    {
      "mode": "data",
      "type": "ncloud_nks_server_products",
      "name": "product",
      "provider": "provider[\"registry.terraform.io/navercloudplatform/ncloud\"]",
      "instances": [
        {
          "index_key": "bof-1",
          "schema_version": 0,
          "attributes": {
            "filter": [
              {
                "name": "cpu_count",
                "regex": false,
                "values": [
                  "4"
                ]
              },
              {
                "name": "memory_size",
                "regex": false,
                "values": [
                  "16GB"
                ]
              },
              {
                "name": "product_type",
                "regex": false,
                "values": [
                  "STAND"
                ]
              }
            ],
            "id": "2024-12-11 01:59:09.699938771 +0000 UTC",
            "products": [
              {
                "cpu_count": "4",
                "detail": [
                  {
                    "cpu_count": "4",
                    "gpu_count": "0",
                    "gpu_memory_size": "0GB",
                    "memory_size": "16GB",
                    "product_code": "SVR.VSVR.STAND.C004.M016.G003",
                    "product_english_desc": "",
                    "product_korean_desc": "",
                    "product_type": "STAND"
                  }
                ],
                "gpu_count": "0",
                "gpu_memory_size": "0GB",
                "label": "s4-g3(vCPU 4EA, Memory 16GB)",
                "memory_size": "16GB",
                "product_code": "SVR.VSVR.STAND.C004.M016.G003",
                "product_english_desc": "",
                "product_korean_desc": "",
                "product_type": "STAND",
                "value": "s4-g3"
              }
            ],
            "software_code": "SW.VSVR.OS.LNX64.UBNTU.SVR22.WRKND.G003|23215604",
            "zone": "KR-1"
          },
          "sensitive_attributes": []
        },
        {
          "index_key": "bof-2",
          "schema_version": 0,
          "attributes": {
            "filter": [
              {
                "name": "cpu_count",
                "regex": false,
                "values": [
                  "4"
                ]
              },
              {
                "name": "memory_size",
                "regex": false,
                "values": [
                  "16GB"
                ]
              },
              {
                "name": "product_type",
                "regex": false,
                "values": [
                  "STAND"
                ]
              }
            ],
            "id": "2024-12-11 01:59:09.705373015 +0000 UTC",
            "products": [
              {
                "cpu_count": "4",
                "detail": [
                  {
                    "cpu_count": "4",
                    "gpu_count": "0",
                    "gpu_memory_size": "0GB",
                    "memory_size": "16GB",
                    "product_code": "SVR.VSVR.STAND.C004.M016.G003",
                    "product_english_desc": "",
                    "product_korean_desc": "",
                    "product_type": "STAND"
                  }
                ],
                "gpu_count": "0",
                "gpu_memory_size": "0GB",
                "label": "s4-g3(vCPU 4EA, Memory 16GB)",
                "memory_size": "16GB",
                "product_code": "SVR.VSVR.STAND.C004.M016.G003",
                "product_english_desc": "",
                "product_korean_desc": "",
                "product_type": "STAND",
                "value": "s4-g3"
              }
            ],
            "software_code": "SW.VSVR.OS.LNX64.UBNTU.SVR22.WRKND.G003|23215604",
            "zone": "KR-2"
          },
          "sensitive_attributes": []
        },
        {
          "index_key": "cmn-1",
          "schema_version": 0,
          "attributes": {
            "filter": [
              {
                "name": "cpu_count",
                "regex": false,
                "values": [
                  "4"
                ]
              },
              {
                "name": "memory_size",
                "regex": false,
                "values": [
                  "16GB"
                ]
              },
              {
                "name": "product_type",
                "regex": false,
                "values": [
                  "STAND"
                ]
              }
            ],
            "id": "2024-12-11 01:59:09.693851023 +0000 UTC",
            "products": [
              {
                "cpu_count": "4",
                "detail": [
                  {
                    "cpu_count": "4",
                    "gpu_count": "0",
                    "gpu_memory_size": "0GB",
                    "memory_size": "16GB",
                    "product_code": "SVR.VSVR.STAND.C004.M016.G003",
                    "product_english_desc": "",
                    "product_korean_desc": "",
                    "product_type": "STAND"
                  }
                ],
                "gpu_count": "0",
                "gpu_memory_size": "0GB",
                "label": "s4-g3(vCPU 4EA, Memory 16GB)",
                "memory_size": "16GB",
                "product_code": "SVR.VSVR.STAND.C004.M016.G003",
                "product_english_desc": "",
                "product_korean_desc": "",
                "product_type": "STAND",
                "value": "s4-g3"
              }
            ],
            "software_code": "SW.VSVR.OS.LNX64.UBNTU.SVR22.WRKND.G003|23215604",
            "zone": "KR-1"
          },
          "sensitive_attributes": []
        },
        {
          "index_key": "cmn-2",
          "schema_version": 0,
          "attributes": {
            "filter": [
              {
                "name": "cpu_count",
                "regex": false,
                "values": [
                  "4"
                ]
              },
              {
                "name": "memory_size",
                "regex": false,
                "values": [
                  "16GB"
                ]
              },
              {
                "name": "product_type",
                "regex": false,
                "values": [
                  "STAND"
                ]
              }
            ],
            "id": "2024-12-11 01:59:09.709735349 +0000 UTC",
            "products": [
              {
                "cpu_count": "4",
                "detail": [
                  {
                    "cpu_count": "4",
                    "gpu_count": "0",
                    "gpu_memory_size": "0GB",
                    "memory_size": "16GB",
                    "product_code": "SVR.VSVR.STAND.C004.M016.G003",
                    "product_english_desc": "",
                    "product_korean_desc": "",
                    "product_type": "STAND"
                  }
                ],
                "gpu_count": "0",
                "gpu_memory_size": "0GB",
                "label": "s4-g3(vCPU 4EA, Memory 16GB)",
                "memory_size": "16GB",
                "product_code": "SVR.VSVR.STAND.C004.M016.G003",
                "product_english_desc": "",
                "product_korean_desc": "",
                "product_type": "STAND",
                "value": "s4-g3"
              }
            ],
            "software_code": "SW.VSVR.OS.LNX64.UBNTU.SVR22.WRKND.G003|23215604",
            "zone": "KR-2"
          },
          "sensitive_attributes": []
        }
      ]
    },
    {
      "mode": "data",
      "type": "ncloud_nks_versions",
      "name": "version",
      "provider": "provider[\"registry.terraform.io/navercloudplatform/ncloud\"]",
      "instances": [
        {
          "schema_version": 0,
          "attributes": {
            "filter": [
              {
                "name": "value",
                "regex": true,
                "values": [
                  "1.29"
                ]
              }
            ],
            "hypervisor_code": "KVM",
            "id": "2024-12-11 01:59:09.583650245 +0000 UTC",
            "versions": [
              {
                "label": "1.29.9",
                "value": "1.29.9-nks.2"
              }
            ]
          },
          "sensitive_attributes": []
        }
      ]
    },
    {
      "mode": "managed",
      "type": "local_file",
      "name": "cluster_info",
      "provider": "provider[\"registry.terraform.io/hashicorp/local\"]",
      "instances": [
        {
          "schema_version": 0,
          "attributes": {
            "content": "# Cluster Information\nCluster: bof-1\n  Name: poc-prd-bof-k8s-1\n  K8s Version: 1.29.9-nks.2\n  VPC No: 83145\n  Zone: KR-1\n  UUID: 2b100ed7-6ecb-417c-bfb4-9ecd94094940\n---\nCluster: bof-2\n  Name: poc-prd-bof-k8s-2\n  K8s Version: 1.29.9-nks.2\n  VPC No: 83145\n  Zone: KR-2\n  UUID: c7966174-0ab6-4e4a-8540-0dce8594924f\n---\nCluster: cmn-1\n  Name: poc-prd-cmn-k8s-1\n  K8s Version: 1.29.9-nks.2\n  VPC No: 83145\n  Zone: KR-1\n  UUID: bb60b5bd-ed63-4248-8cfa-36f1c5cd54ad\n---\nCluster: cmn-2\n  Name: poc-prd-cmn-k8s-2\n  K8s Version: 1.29.9-nks.2\n  VPC No: 83145\n  Zone: KR-2\n  UUID: 0dd51331-7343-4bc6-9f33-c848fce0dd0a\n---\n\n# Cluster UUID Mapping \u0026 Kubeconfig Commands\npoc-prd-bof-k8s-1:2b100ed7-6ecb-417c-bfb4-9ecd94094940\nCommand: ncp-iam-authenticator update-kubeconfig --clusterUuid 2b100ed7-6ecb-417c-bfb4-9ecd94094940 --region KR\nCommand: kubectl config rename-context nks_kr_poc-prd-bof-k8s-1_2b100ed7-6ecb-417c-bfb4-9ecd94094940 pb1\npoc-prd-bof-k8s-2:c7966174-0ab6-4e4a-8540-0dce8594924f\nCommand: ncp-iam-authenticator update-kubeconfig --clusterUuid c7966174-0ab6-4e4a-8540-0dce8594924f --region KR\nCommand: kubectl config rename-context nks_kr_poc-prd-bof-k8s-2_c7966174-0ab6-4e4a-8540-0dce8594924f pb2\npoc-prd-cmn-k8s-1:bb60b5bd-ed63-4248-8cfa-36f1c5cd54ad\nCommand: ncp-iam-authenticator update-kubeconfig --clusterUuid bb60b5bd-ed63-4248-8cfa-36f1c5cd54ad --region KR\nCommand: kubectl config rename-context nks_kr_poc-prd-cmn-k8s-1_bb60b5bd-ed63-4248-8cfa-36f1c5cd54ad pc1\npoc-prd-cmn-k8s-2:0dd51331-7343-4bc6-9f33-c848fce0dd0a\nCommand: ncp-iam-authenticator update-kubeconfig --clusterUuid 0dd51331-7343-4bc6-9f33-c848fce0dd0a --region KR\nCommand: kubectl config rename-context nks_kr_poc-prd-cmn-k8s-2_0dd51331-7343-4bc6-9f33-c848fce0dd0a pc2\n\n# Nodepool Details\nCluster: bof-1\nNodes:\n  - poc-prd-bof-np-1-w-e686: private_ip=10.101.5.7, public_ip=\n  - poc-prd-bof-np-1-w-d7ed: private_ip=10.101.5.9, public_ip=\n---\nCluster: bof-2\nNodes:\n  - poc-prd-bof-np-2-w-bd4e: private_ip=10.101.105.6, public_ip=\n---\nCluster: cmn-1\nNodes:\n  - poc-prd-cmn-np-1-w-c000: private_ip=10.101.10.6, public_ip=\n  - poc-prd-cmn-np-1-w-7a9b: private_ip=10.101.10.8, public_ip=\n---\nCluster: cmn-2\nNodes:\n  - poc-prd-cmn-np-2-w-cec0: private_ip=10.101.110.6, public_ip=\n---\n\n# bashrc alias\nalias pb1='kubectl config use-context pb1'\nalias pb2='kubectl config use-context pb2'\nalias pc1='kubectl config use-context pc1'\nalias pc2='kubectl config use-context pc2'\nalias sb1='kubectl config use-context sb1'\nalias sb2='kubectl config use-context sb2'\nalias sc1='kubectl config use-context sc1'\nalias sc2='kubectl config use-context sc2'",
            "content_base64": null,
            "content_base64sha256": "wYJH7yz8J+sZFYq1o9yJi/XoBeyc7cI55hdqWXl7bCw=",
            "content_base64sha512": "wOqF8f9d0nom7ahAuO7mBFnbuIoUuGNWc3TMVURaTrlJS46LoAU3ccEf2QFClso+xnyBYyL4rOB2Qpsp4qSZ/A==",
            "content_md5": "e0450f72f4caf98f2c2a5b9e9dec6e52",
            "content_sha1": "c04fccc7d80c72a5bab90a9b460ca550f4031e12",
            "content_sha256": "c18247ef2cfc27eb19158ab5a3dc898bf5e805ec9cedc239e6176a59797b6c2c",
            "content_sha512": "c0ea85f1ff5dd27a26eda840b8eee60459dbb88a14b863567374cc55445a4eb9494b8e8ba0053771c11fd9014296ca3ec67c816322f8ace076429b29e2a499fc",
            "directory_permission": "0777",
            "file_permission": "0777",
            "filename": "./cluster_info.txt",
            "id": "c04fccc7d80c72a5bab90a9b460ca550f4031e12",
            "sensitive_content": null,
            "source": null
          },
          "sensitive_attributes": [
            [
              {
                "type": "get_attr",
                "value": "sensitive_content"
              }
            ]
          ],
          "dependencies": [
            "data.ncloud_nks_server_images.image",
            "data.ncloud_nks_server_products.product",
            "data.ncloud_nks_versions.version",
            "ncloud_nks_cluster.clusters",
            "ncloud_nks_node_pool.node_pool",
            "ncloud_subnet.subnets",
            "ncloud_vpc.vpc"
          ]
        }
      ]
    },
    {
      "mode": "managed",
      "type": "local_file",
      "name": "node_info",
      "provider": "provider[\"registry.terraform.io/hashicorp/local\"]",
      "instances": [
        {
          "schema_version": 0,
          "attributes": {
            "content": "{\"acg\":{\"id\":\"218890\",\"name\":\"poc-prd-acg\"},\"nodes\":{\"bof-1\":{\"cluster_name\":\"poc-prd-bof-k8s-1\",\"nodes\":[{\"name\":\"poc-prd-bof-np-1-w-e686\",\"private_ip\":\"10.101.5.7\",\"server_instance_no\":100500080},{\"name\":\"poc-prd-bof-np-1-w-d7ed\",\"private_ip\":\"10.101.5.9\",\"server_instance_no\":100522472}]},\"bof-2\":{\"cluster_name\":\"poc-prd-bof-k8s-2\",\"nodes\":[{\"name\":\"poc-prd-bof-np-2-w-bd4e\",\"private_ip\":\"10.101.105.6\",\"server_instance_no\":100500070}]},\"cmn-1\":{\"cluster_name\":\"poc-prd-cmn-k8s-1\",\"nodes\":[{\"name\":\"poc-prd-cmn-np-1-w-c000\",\"private_ip\":\"10.101.10.6\",\"server_instance_no\":100500083},{\"name\":\"poc-prd-cmn-np-1-w-7a9b\",\"private_ip\":\"10.101.10.8\",\"server_instance_no\":100522479}]},\"cmn-2\":{\"cluster_name\":\"poc-prd-cmn-k8s-2\",\"nodes\":[{\"name\":\"poc-prd-cmn-np-2-w-cec0\",\"private_ip\":\"10.101.110.6\",\"server_instance_no\":100500000}]}}}",
            "content_base64": null,
            "content_base64sha256": "0CMtY4xUOl2ltDmTnPPk4rYiO6+mW2d3oxR6St4BRr0=",
            "content_base64sha512": "c/uXKjFD7YsE3q2yYTILKS/GIXdw14RK8KsuWkbQmAauTZCpD96QH2lVzHMkJngNAkQspR7cTDEIZKznX+o2aA==",
            "content_md5": "81a137e5e3839bd22be5e3f5398fa282",
            "content_sha1": "fe90ec86f32dd97d457b65dbc926ed2c5eeae333",
            "content_sha256": "d0232d638c543a5da5b439939cf3e4e2b6223bafa65b6777a3147a4ade0146bd",
            "content_sha512": "73fb972a3143ed8b04deadb261320b292fc6217770d7844af0ab2e5a46d09806ae4d90a90fde901f6955cc732426780d02442ca51edc4c310864ace75fea3668",
            "directory_permission": "0777",
            "file_permission": "0777",
            "filename": "./node_info.json",
            "id": "fe90ec86f32dd97d457b65dbc926ed2c5eeae333",
            "sensitive_content": null,
            "source": null
          },
          "sensitive_attributes": [
            [
              {
                "type": "get_attr",
                "value": "sensitive_content"
              }
            ]
          ],
          "dependencies": [
            "data.ncloud_nks_server_images.image",
            "data.ncloud_nks_server_products.product",
            "data.ncloud_nks_versions.version",
            "ncloud_access_control_group.acg",
            "ncloud_nks_cluster.clusters",
            "ncloud_nks_node_pool.node_pool",
            "ncloud_subnet.subnets",
            "ncloud_vpc.vpc"
          ]
        }
      ]
    },
    {
      "mode": "managed",
      "type": "local_sensitive_file",
      "name": "ssh_key",
      "provider": "provider[\"registry.terraform.io/hashicorp/local\"]",
      "instances": [
        {
          "schema_version": 0,
          "attributes": {
            "content": "-----BEGIN RSA PRIVATE KEY-----\nMIIEpAIBAAKCAQEAngOX4ypdBBGTvU8ssIO1bYi9U7pRPAa1KBVBQJQrEoZFInTb\nBntb7JDluWWGQu7ruJUljrkazP+Y8EEpUgpA+P0ILECnGZ7KdtZs7RMWe1BkVaYg\nAcIo25cpfE9cee2cOkrs7VJzETQjpImVel9KD0gUc4prq7ooTUR+EcRvftAu+0Ct\nvbgHLxeIFc9CxgZbGLbFY8CK/aTkKKxnpiCmlN8aSVt1AZ+1IdZc8SzQDnpjC0Dl\nv/EknCm1m5INippsRJ+kKWLWBe6U8cAor8n4wG/bQo3ks3U37voZxpUeP8heUJlN\nm6Aizu/E+gA70mpgKV8ynqmHmeJ8K/j4e94rlQIDAQABAoIBAFSt1krN3BUfGk58\nTJW3r5WojtV85qXFbnWxlkt2W/LMc+Y4O1wo5aVMLWACcUYTZc2AWCU5O4yaeSpf\nsTYe+py0dRnJ+AK53wR6ets9vHGPLoXbxhFLLLwpMPlGSmepF20B1CCGa9XPXD6D\n4NA4mqa/2P3mMzdPRuPJjcoVvC53p2ruLr6lrWpmM60r4Shzofxc6o83HidtIOJm\n4faSHsaSD/KpANVJK3+5/Pr+1dfJ57s8VkKmT6P8/Q1zI+rg9XojMlS4UA4qcbWs\nI4GDYp7RC+8xzOu35JWmqfy/kdeyLVkJ40rYI+2UuxA3MTOU23wbG5iqFcSIIho7\nGz67ZQ0CgYEA4p4eQh1difKGAIfad6skIFMaQytJzxydPVvhK0Zfp/mb9pv7LkaA\nCbLhamBJESgA/HoRFFPbvOnuqpN73MqwXCBNBpC73UggRWLJ8x78v7BagH46lsi1\nOiKfnHccUZL7slFzpg7Q9tSP6U/WbzXrWneoV3yPP0wBemry/8ETVzcCgYEAsoBj\nK/b5UWRmGb++cYyDyfsKhCEcpxYqTxRJdVIDat+gtn79GswqYt0xg8HlP5lhH8ve\n59Q2Gg7XV7likBOBps59IwBzkDhAakAO+evsXkHvl3Q9/YAArgl/82QATKAstmlE\nZb8BjF71g0yr7aPKyNZ/e6P7X6HQQH0O8OUjIZMCgYEAj9qTlqCRejoLulaC5igr\nnKFkMHNQPTsKzaJ/gzr/CeA3kwpdHnj+WinFUgOhHlTom1zZbq/08y0Eph9NJ1E7\nNqAChUJnHwbkBWe6jqyDASPvr1Vx17m84RSNgYNS5K2LPRzbbvREzgsM96wIkTwH\nFLyUjkSxohqbbZxqeNOVdW0CgYBkxfS3EmRo3fyCVuzmYATbF941ABiUAAB8yqA6\nGsYRJRUvUnwED/VyARx+HQ4WnLnnYIqEaRruFSjfvqp1Wn3ctUCSbSPQ7OD42xdZ\nYyb7g9AGujpxDj3UA0r4FqHQoLD9fmp94pq2K7oBmVyK+eh3ABnSrJ4yvEC8152C\nxGnT/wKBgQDWy0PS9UcZcznCwelzUorS7p5nO+wSizvGlVMGQA/1rkjTCFS+jBgz\nXAOdsVwCAlFf5dF7ziTQOtIGjr6qoIxEZ8+mOf2zzwXRv0cZRFuLEXO0851g0ems\niyKc3QDAUY8vyYjHEvatE00qJcYjDs3L7FZp0oJF0PilVNTvob5H5w==\n-----END RSA PRIVATE KEY-----",
            "content_base64": null,
            "content_base64sha256": "/sKKehMdUOj9dybXGbEOHPzcfyK1yvw/zAV2PP9eWdQ=",
            "content_base64sha512": "sz9JfXn2FizZazP1Wjd4/4Fxs1jxL9YzI6XQXUhSKd3AwVvz03U5Yi3KrVP3L0DnCkFAFYKem6qn4NPvG+HD/g==",
            "content_md5": "ba881dcf11ca1bb83cdf1a378eca2e73",
            "content_sha1": "b8f97bf698c6e5bb740a8d9bacbb8661b0ceffce",
            "content_sha256": "fec28a7a131d50e8fd7726d719b10e1cfcdc7f22b5cafc3fcc05763cff5e59d4",
            "content_sha512": "b33f497d79f6162cd96b33f55a3778ff8171b358f12fd63323a5d05d485229ddc0c15bf3d37539622dcaad53f72f40e70a414015829e9baaa7e0d3ef1be1c3fe",
            "directory_permission": "0700",
            "file_permission": "0600",
            "filename": "./poc-prd-key.pem",
            "id": "b8f97bf698c6e5bb740a8d9bacbb8661b0ceffce",
            "source": null
          },
          "sensitive_attributes": [
            [
              {
                "type": "get_attr",
                "value": "content"
              }
            ],
            [
              {
                "type": "get_attr",
                "value": "content_base64"
              }
            ]
          ],
          "dependencies": [
            "ncloud_login_key.key"
          ]
        }
      ]
    },
    {
      "mode": "managed",
      "type": "ncloud_access_control_group",
      "name": "acg",
      "provider": "provider[\"registry.terraform.io/navercloudplatform/ncloud\"]",
      "instances": [
        {
          "schema_version": 0,
          "attributes": {
            "access_control_group_no": "218890",
            "description": "",
            "id": "218890",
            "is_default": false,
            "name": "poc-prd-acg",
            "vpc_no": "83145"
          },
          "sensitive_attributes": [],
          "private": "bnVsbA==",
          "dependencies": [
            "ncloud_vpc.vpc"
          ]
        }
      ]
    },
    {
      "mode": "managed",
      "type": "ncloud_access_control_group_rule",
      "name": "acg_rules",
      "provider": "provider[\"registry.terraform.io/navercloudplatform/ncloud\"]",
      "instances": [
        {
          "schema_version": 0,
          "attributes": {
            "access_control_group_no": "218890",
            "id": "218890",
            "inbound": [
              {
                "description": "K8s cilium_health port",
                "ip_block": "0.0.0.0/0",
                "port_range": "4240",
                "protocol": "TCP",
                "source_access_control_group_no": ""
              },
              {
                "description": "K8s custom_port port",
                "ip_block": "0.0.0.0/0",
                "port_range": "18080",
                "protocol": "TCP",
                "source_access_control_group_no": ""
              },
              {
                "description": "K8s etcd port",
                "ip_block": "0.0.0.0/0",
                "port_range": "2379-2380",
                "protocol": "TCP",
                "source_access_control_group_no": ""
              },
              {
                "description": "K8s http port",
                "ip_block": "0.0.0.0/0",
                "port_range": "80",
                "protocol": "TCP",
                "source_access_control_group_no": ""
              },
              {
                "description": "K8s http_alt port",
                "ip_block": "0.0.0.0/0",
                "port_range": "8080",
                "protocol": "TCP",
                "source_access_control_group_no": ""
              },
              {
                "description": "K8s https port",
                "ip_block": "0.0.0.0/0",
                "port_range": "443",
                "protocol": "TCP",
                "source_access_control_group_no": ""
              },
              {
                "description": "K8s ingress_health port",
                "ip_block": "0.0.0.0/0",
                "port_range": "10254",
                "protocol": "TCP",
                "source_access_control_group_no": ""
              },
              {
                "description": "K8s k8s_api port",
                "ip_block": "0.0.0.0/0",
                "port_range": "6443",
                "protocol": "TCP",
                "source_access_control_group_no": ""
              },
              {
                "description": "K8s kubelet port",
                "ip_block": "0.0.0.0/0",
                "port_range": "10250",
                "protocol": "TCP",
                "source_access_control_group_no": ""
              },
              {
                "description": "K8s metrics port",
                "ip_block": "0.0.0.0/0",
                "port_range": "4443",
                "protocol": "TCP",
                "source_access_control_group_no": ""
              },
              {
                "description": "K8s nodeport port",
                "ip_block": "0.0.0.0/0",
                "port_range": "30000-32768",
                "protocol": "TCP",
                "source_access_control_group_no": ""
              },
              {
                "description": "K8s overlay port",
                "ip_block": "0.0.0.0/0",
                "port_range": "8472",
                "protocol": "TCP",
                "source_access_control_group_no": ""
              },
              {
                "description": "K8s ssh port",
                "ip_block": "0.0.0.0/0",
                "port_range": "22",
                "protocol": "TCP",
                "source_access_control_group_no": ""
              }
            ],
            "outbound": [
              {
                "description": "All outbound TCP traffic",
                "ip_block": "0.0.0.0/0",
                "port_range": "1-65535",
                "protocol": "TCP",
                "source_access_control_group_no": ""
              },
              {
                "description": "All outbound UDP traffic",
                "ip_block": "0.0.0.0/0",
                "port_range": "1-65535",
                "protocol": "UDP",
                "source_access_control_group_no": ""
              }
            ],
            "timeouts": null
          },
          "sensitive_attributes": [],
          "private": "eyJlMmJmYjczMC1lY2FhLTExZTYtOGY4OC0zNDM2M2JjN2M0YzAiOnsiY3JlYXRlIjozNjAwMDAwMDAwMDAwLCJkZWxldGUiOjMwMDAwMDAwMDAwMCwidXBkYXRlIjo2MDAwMDAwMDAwMDB9fQ==",
          "dependencies": [
            "ncloud_access_control_group.acg",
            "ncloud_vpc.vpc"
          ]
        }
      ]
    },
    {
      "mode": "managed",
      "type": "ncloud_login_key",
      "name": "key",
      "provider": "provider[\"registry.terraform.io/navercloudplatform/ncloud\"]",
      "instances": [
        {
          "schema_version": 0,
          "attributes": {
            "fingerprint": "",
            "id": "poc-prd-key",
            "key_name": "poc-prd-key",
            "private_key": "-----BEGIN RSA PRIVATE KEY-----\nMIIEpAIBAAKCAQEAngOX4ypdBBGTvU8ssIO1bYi9U7pRPAa1KBVBQJQrEoZFInTb\nBntb7JDluWWGQu7ruJUljrkazP+Y8EEpUgpA+P0ILECnGZ7KdtZs7RMWe1BkVaYg\nAcIo25cpfE9cee2cOkrs7VJzETQjpImVel9KD0gUc4prq7ooTUR+EcRvftAu+0Ct\nvbgHLxeIFc9CxgZbGLbFY8CK/aTkKKxnpiCmlN8aSVt1AZ+1IdZc8SzQDnpjC0Dl\nv/EknCm1m5INippsRJ+kKWLWBe6U8cAor8n4wG/bQo3ks3U37voZxpUeP8heUJlN\nm6Aizu/E+gA70mpgKV8ynqmHmeJ8K/j4e94rlQIDAQABAoIBAFSt1krN3BUfGk58\nTJW3r5WojtV85qXFbnWxlkt2W/LMc+Y4O1wo5aVMLWACcUYTZc2AWCU5O4yaeSpf\nsTYe+py0dRnJ+AK53wR6ets9vHGPLoXbxhFLLLwpMPlGSmepF20B1CCGa9XPXD6D\n4NA4mqa/2P3mMzdPRuPJjcoVvC53p2ruLr6lrWpmM60r4Shzofxc6o83HidtIOJm\n4faSHsaSD/KpANVJK3+5/Pr+1dfJ57s8VkKmT6P8/Q1zI+rg9XojMlS4UA4qcbWs\nI4GDYp7RC+8xzOu35JWmqfy/kdeyLVkJ40rYI+2UuxA3MTOU23wbG5iqFcSIIho7\nGz67ZQ0CgYEA4p4eQh1difKGAIfad6skIFMaQytJzxydPVvhK0Zfp/mb9pv7LkaA\nCbLhamBJESgA/HoRFFPbvOnuqpN73MqwXCBNBpC73UggRWLJ8x78v7BagH46lsi1\nOiKfnHccUZL7slFzpg7Q9tSP6U/WbzXrWneoV3yPP0wBemry/8ETVzcCgYEAsoBj\nK/b5UWRmGb++cYyDyfsKhCEcpxYqTxRJdVIDat+gtn79GswqYt0xg8HlP5lhH8ve\n59Q2Gg7XV7likBOBps59IwBzkDhAakAO+evsXkHvl3Q9/YAArgl/82QATKAstmlE\nZb8BjF71g0yr7aPKyNZ/e6P7X6HQQH0O8OUjIZMCgYEAj9qTlqCRejoLulaC5igr\nnKFkMHNQPTsKzaJ/gzr/CeA3kwpdHnj+WinFUgOhHlTom1zZbq/08y0Eph9NJ1E7\nNqAChUJnHwbkBWe6jqyDASPvr1Vx17m84RSNgYNS5K2LPRzbbvREzgsM96wIkTwH\nFLyUjkSxohqbbZxqeNOVdW0CgYBkxfS3EmRo3fyCVuzmYATbF941ABiUAAB8yqA6\nGsYRJRUvUnwED/VyARx+HQ4WnLnnYIqEaRruFSjfvqp1Wn3ctUCSbSPQ7OD42xdZ\nYyb7g9AGujpxDj3UA0r4FqHQoLD9fmp94pq2K7oBmVyK+eh3ABnSrJ4yvEC8152C\nxGnT/wKBgQDWy0PS9UcZcznCwelzUorS7p5nO+wSizvGlVMGQA/1rkjTCFS+jBgz\nXAOdsVwCAlFf5dF7ziTQOtIGjr6qoIxEZ8+mOf2zzwXRv0cZRFuLEXO0851g0ems\niyKc3QDAUY8vyYjHEvatE00qJcYjDs3L7FZp0oJF0PilVNTvob5H5w==\n-----END RSA PRIVATE KEY-----"
          },
          "sensitive_attributes": [
            [
              {
                "type": "get_attr",
                "value": "private_key"
              }
            ]
          ]
        }
      ]
    },
    {
      "mode": "managed",
      "type": "ncloud_nks_cluster",
      "name": "clusters",
      "provider": "provider[\"registry.terraform.io/navercloudplatform/ncloud\"]",
      "instances": [
        {
          "index_key": "bof-1",
          "schema_version": 0,
          "attributes": {
            "acg_no": "218892",
            "cluster_type": "SVR.VNKS.STAND.C002.M008.G003",
            "endpoint": "https://2b100ed7-6ecb-417c-bfb4-9ecd94094940.kr.vnks.ntruss.com",
            "hypervisor_code": "KVM",
            "id": "2b100ed7-6ecb-417c-bfb4-9ecd94094940",
            "ip_acl": [],
            "ip_acl_default_action": "allow",
            "k8s_version": "1.29.9-nks.2",
            "kube_network_plugin": "cilium",
            "lb_private_subnet_no": "186420",
            "lb_public_subnet_no": "186415",
            "log": [
              {
                "audit": false
              }
            ],
            "login_key_name": "poc-prd-key",
            "name": "poc-prd-bof-k8s-1",
            "oidc": [],
            "public_network": false,
            "subnet_no_list": [
              "186423"
            ],
            "timeouts": null,
            "uuid": "2b100ed7-6ecb-417c-bfb4-9ecd94094940",
            "vpc_no": "83145",
            "zone": "KR-1"
          },
          "sensitive_attributes": [],
          "private": "eyJlMmJmYjczMC1lY2FhLTExZTYtOGY4OC0zNDM2M2JjN2M0YzAiOnsiY3JlYXRlIjozNjAwMDAwMDAwMDAwLCJkZWxldGUiOjM2MDAwMDAwMDAwMDAsInVwZGF0ZSI6MzYwMDAwMDAwMDAwMH19",
          "dependencies": [
            "data.ncloud_nks_versions.version",
            "ncloud_subnet.subnets",
            "ncloud_vpc.vpc"
          ]
        },
        {
          "index_key": "bof-2",
          "schema_version": 0,
          "attributes": {
            "acg_no": "218893",
            "cluster_type": "SVR.VNKS.STAND.C002.M008.G003",
            "endpoint": "https://c7966174-0ab6-4e4a-8540-0dce8594924f.kr.vnks.ntruss.com",
            "hypervisor_code": "KVM",
            "id": "c7966174-0ab6-4e4a-8540-0dce8594924f",
            "ip_acl": [],
            "ip_acl_default_action": "allow",
            "k8s_version": "1.29.9-nks.2",
            "kube_network_plugin": "cilium",
            "lb_private_subnet_no": "186407",
            "lb_public_subnet_no": "186418",
            "log": [
              {
                "audit": false
              }
            ],
            "login_key_name": "poc-prd-key",
            "name": "poc-prd-bof-k8s-2",
            "oidc": [],
            "public_network": false,
            "subnet_no_list": [
              "186416"
            ],
            "timeouts": null,
            "uuid": "c7966174-0ab6-4e4a-8540-0dce8594924f",
            "vpc_no": "83145",
            "zone": "KR-2"
          },
          "sensitive_attributes": [],
          "private": "eyJlMmJmYjczMC1lY2FhLTExZTYtOGY4OC0zNDM2M2JjN2M0YzAiOnsiY3JlYXRlIjozNjAwMDAwMDAwMDAwLCJkZWxldGUiOjM2MDAwMDAwMDAwMDAsInVwZGF0ZSI6MzYwMDAwMDAwMDAwMH19",
          "dependencies": [
            "data.ncloud_nks_versions.version",
            "ncloud_subnet.subnets",
            "ncloud_vpc.vpc"
          ]
        },
        {
          "index_key": "cmn-1",
          "schema_version": 0,
          "attributes": {
            "acg_no": "218891",
            "cluster_type": "SVR.VNKS.STAND.C002.M008.G003",
            "endpoint": "https://bb60b5bd-ed63-4248-8cfa-36f1c5cd54ad.kr.vnks.ntruss.com",
            "hypervisor_code": "KVM",
            "id": "bb60b5bd-ed63-4248-8cfa-36f1c5cd54ad",
            "ip_acl": [],
            "ip_acl_default_action": "allow",
            "k8s_version": "1.29.9-nks.2",
            "kube_network_plugin": "cilium",
            "lb_private_subnet_no": "186410",
            "lb_public_subnet_no": "186424",
            "log": [
              {
                "audit": false
              }
            ],
            "login_key_name": "poc-prd-key",
            "name": "poc-prd-cmn-k8s-1",
            "oidc": [],
            "public_network": false,
            "subnet_no_list": [
              "186421"
            ],
            "timeouts": null,
            "uuid": "bb60b5bd-ed63-4248-8cfa-36f1c5cd54ad",
            "vpc_no": "83145",
            "zone": "KR-1"
          },
          "sensitive_attributes": [],
          "private": "eyJlMmJmYjczMC1lY2FhLTExZTYtOGY4OC0zNDM2M2JjN2M0YzAiOnsiY3JlYXRlIjozNjAwMDAwMDAwMDAwLCJkZWxldGUiOjM2MDAwMDAwMDAwMDAsInVwZGF0ZSI6MzYwMDAwMDAwMDAwMH19",
          "dependencies": [
            "data.ncloud_nks_versions.version",
            "ncloud_subnet.subnets",
            "ncloud_vpc.vpc"
          ]
        },
        {
          "index_key": "cmn-2",
          "schema_version": 0,
          "attributes": {
            "acg_no": "218894",
            "cluster_type": "SVR.VNKS.STAND.C002.M008.G003",
            "endpoint": "https://0dd51331-7343-4bc6-9f33-c848fce0dd0a.kr.vnks.ntruss.com",
            "hypervisor_code": "KVM",
            "id": "0dd51331-7343-4bc6-9f33-c848fce0dd0a",
            "ip_acl": [],
            "ip_acl_default_action": "allow",
            "k8s_version": "1.29.9-nks.2",
            "kube_network_plugin": "cilium",
            "lb_private_subnet_no": "186419",
            "lb_public_subnet_no": "186422",
            "log": [
              {
                "audit": false
              }
            ],
            "login_key_name": "poc-prd-key",
            "name": "poc-prd-cmn-k8s-2",
            "oidc": [],
            "public_network": false,
            "subnet_no_list": [
              "186417"
            ],
            "timeouts": null,
            "uuid": "0dd51331-7343-4bc6-9f33-c848fce0dd0a",
            "vpc_no": "83145",
            "zone": "KR-2"
          },
          "sensitive_attributes": [],
          "private": "eyJlMmJmYjczMC1lY2FhLTExZTYtOGY4OC0zNDM2M2JjN2M0YzAiOnsiY3JlYXRlIjozNjAwMDAwMDAwMDAwLCJkZWxldGUiOjM2MDAwMDAwMDAwMDAsInVwZGF0ZSI6MzYwMDAwMDAwMDAwMH19",
          "dependencies": [
            "data.ncloud_nks_versions.version",
            "ncloud_subnet.subnets",
            "ncloud_vpc.vpc"
          ]
        }
      ]
    },
    {
      "mode": "managed",
      "type": "ncloud_nks_node_pool",
      "name": "node_pool",
      "provider": "provider[\"registry.terraform.io/navercloudplatform/ncloud\"]",
      "instances": [
        {
          "index_key": "bof-1",
          "schema_version": 0,
          "attributes": {
            "autoscale": [
              {
                "enabled": true,
                "max": 8,
                "min": 4
              }
            ],
            "cluster_uuid": "2b100ed7-6ecb-417c-bfb4-9ecd94094940",
            "id": "2b100ed7-6ecb-417c-bfb4-9ecd94094940:poc-prd-bof-np-1",
            "instance_no": "100500069",
            "k8s_version": "1.29.9-nks.2",
            "label": [
              {
                "key": "environment",
                "value": "prd-bof-1"
              },
              {
                "key": "role",
                "value": "worker"
              }
            ],
            "node_count": 2,
            "node_pool_name": "poc-prd-bof-np-1",
            "nodes": [
              {
                "container_version": "containerd://1.7.21",
                "instance_no": 100500080,
                "kernel_version": "5.15.0-94-generic",
                "name": "poc-prd-bof-np-1-w-e686",
                "node_status": "Ready",
                "private_ip": "10.101.5.7",
                "public_ip": "",
                "spec": "vCPU 4EA, Memory 16GB"
              },
              {
                "container_version": "containerd://1.7.21",
                "instance_no": 100522472,
                "kernel_version": "5.15.0-94-generic",
                "name": "poc-prd-bof-np-1-w-d7ed",
                "node_status": "Ready",
                "private_ip": "10.101.5.9",
                "public_ip": "",
                "spec": "vCPU 4EA, Memory 16GB"
              }
            ],
            "product_code": "SVR.VSVR.STAND.C004.M016.G003",
            "server_role_id": "",
            "server_spec_code": "s4-g3",
            "software_code": "SW.VSVR.OS.LNX64.UBNTU.SVR22.WRKND.G003|23215604",
            "storage_size": 600,
            "subnet_no": null,
            "subnet_no_list": [
              "186423"
            ],
            "taint": [],
            "timeouts": null
          },
          "sensitive_attributes": [],
          "private": "eyJlMmJmYjczMC1lY2FhLTExZTYtOGY4OC0zNDM2M2JjN2M0YzAiOnsiY3JlYXRlIjozNjAwMDAwMDAwMDAwLCJkZWxldGUiOjM2MDAwMDAwMDAwMDAsInVwZGF0ZSI6MzYwMDAwMDAwMDAwMH19",
          "dependencies": [
            "data.ncloud_nks_server_images.image",
            "data.ncloud_nks_server_products.product",
            "data.ncloud_nks_versions.version",
            "ncloud_nks_cluster.clusters",
            "ncloud_subnet.subnets",
            "ncloud_vpc.vpc"
          ]
        },
        {
          "index_key": "bof-2",
          "schema_version": 0,
          "attributes": {
            "autoscale": [
              {
                "enabled": true,
                "max": 1,
                "min": 1
              }
            ],
            "cluster_uuid": "c7966174-0ab6-4e4a-8540-0dce8594924f",
            "id": "c7966174-0ab6-4e4a-8540-0dce8594924f:poc-prd-bof-np-2",
            "instance_no": "100500068",
            "k8s_version": "1.29.9-nks.2",
            "label": [
              {
                "key": "environment",
                "value": "prd-bof-2"
              },
              {
                "key": "role",
                "value": "worker"
              }
            ],
            "node_count": 1,
            "node_pool_name": "poc-prd-bof-np-2",
            "nodes": [
              {
                "container_version": "containerd://1.7.21",
                "instance_no": 100500070,
                "kernel_version": "5.15.0-94-generic",
                "name": "poc-prd-bof-np-2-w-bd4e",
                "node_status": "Ready",
                "private_ip": "10.101.105.6",
                "public_ip": "",
                "spec": "vCPU 4EA, Memory 16GB"
              }
            ],
            "product_code": "SVR.VSVR.STAND.C004.M016.G003",
            "server_role_id": "",
            "server_spec_code": "s4-g3",
            "software_code": "SW.VSVR.OS.LNX64.UBNTU.SVR22.WRKND.G003|23215604",
            "storage_size": 600,
            "subnet_no": null,
            "subnet_no_list": [
              "186416"
            ],
            "taint": [],
            "timeouts": null
          },
          "sensitive_attributes": [],
          "private": "eyJlMmJmYjczMC1lY2FhLTExZTYtOGY4OC0zNDM2M2JjN2M0YzAiOnsiY3JlYXRlIjozNjAwMDAwMDAwMDAwLCJkZWxldGUiOjM2MDAwMDAwMDAwMDAsInVwZGF0ZSI6MzYwMDAwMDAwMDAwMH19",
          "dependencies": [
            "data.ncloud_nks_server_images.image",
            "data.ncloud_nks_server_products.product",
            "data.ncloud_nks_versions.version",
            "ncloud_nks_cluster.clusters",
            "ncloud_subnet.subnets",
            "ncloud_vpc.vpc"
          ]
        },
        {
          "index_key": "cmn-1",
          "schema_version": 0,
          "attributes": {
            "autoscale": [
              {
                "enabled": true,
                "max": 8,
                "min": 4
              }
            ],
            "cluster_uuid": "bb60b5bd-ed63-4248-8cfa-36f1c5cd54ad",
            "id": "bb60b5bd-ed63-4248-8cfa-36f1c5cd54ad:poc-prd-cmn-np-1",
            "instance_no": "100500076",
            "k8s_version": "1.29.9-nks.2",
            "label": [
              {
                "key": "environment",
                "value": "prd-cmn-1"
              },
              {
                "key": "role",
                "value": "worker"
              }
            ],
            "node_count": 2,
            "node_pool_name": "poc-prd-cmn-np-1",
            "nodes": [
              {
                "container_version": "containerd://1.7.21",
                "instance_no": 100500083,
                "kernel_version": "5.15.0-94-generic",
                "name": "poc-prd-cmn-np-1-w-c000",
                "node_status": "Ready",
                "private_ip": "10.101.10.6",
                "public_ip": "",
                "spec": "vCPU 4EA, Memory 16GB"
              },
              {
                "container_version": "containerd://1.7.21",
                "instance_no": 100522479,
                "kernel_version": "5.15.0-94-generic",
                "name": "poc-prd-cmn-np-1-w-7a9b",
                "node_status": "Ready",
                "private_ip": "10.101.10.8",
                "public_ip": "",
                "spec": "vCPU 4EA, Memory 16GB"
              }
            ],
            "product_code": "SVR.VSVR.STAND.C004.M016.G003",
            "server_role_id": "",
            "server_spec_code": "s4-g3",
            "software_code": "SW.VSVR.OS.LNX64.UBNTU.SVR22.WRKND.G003|23215604",
            "storage_size": 600,
            "subnet_no": null,
            "subnet_no_list": [
              "186421"
            ],
            "taint": [],
            "timeouts": null
          },
          "sensitive_attributes": [],
          "private": "eyJlMmJmYjczMC1lY2FhLTExZTYtOGY4OC0zNDM2M2JjN2M0YzAiOnsiY3JlYXRlIjozNjAwMDAwMDAwMDAwLCJkZWxldGUiOjM2MDAwMDAwMDAwMDAsInVwZGF0ZSI6MzYwMDAwMDAwMDAwMH19",
          "dependencies": [
            "data.ncloud_nks_server_images.image",
            "data.ncloud_nks_server_products.product",
            "data.ncloud_nks_versions.version",
            "ncloud_nks_cluster.clusters",
            "ncloud_subnet.subnets",
            "ncloud_vpc.vpc"
          ]
        },
        {
          "index_key": "cmn-2",
          "schema_version": 0,
          "attributes": {
            "autoscale": [
              {
                "enabled": true,
                "max": 1,
                "min": 1
              }
            ],
            "cluster_uuid": "0dd51331-7343-4bc6-9f33-c848fce0dd0a",
            "id": "0dd51331-7343-4bc6-9f33-c848fce0dd0a:poc-prd-cmn-np-2",
            "instance_no": "100499999",
            "k8s_version": "1.29.9-nks.2",
            "label": [
              {
                "key": "environment",
                "value": "prd-cmn-2"
              },
              {
                "key": "role",
                "value": "worker"
              }
            ],
            "node_count": 1,
            "node_pool_name": "poc-prd-cmn-np-2",
            "nodes": [
              {
                "container_version": "containerd://1.7.21",
                "instance_no": 100500000,
                "kernel_version": "5.15.0-94-generic",
                "name": "poc-prd-cmn-np-2-w-cec0",
                "node_status": "Ready",
                "private_ip": "10.101.110.6",
                "public_ip": "",
                "spec": "vCPU 4EA, Memory 16GB"
              }
            ],
            "product_code": "SVR.VSVR.STAND.C004.M016.G003",
            "server_role_id": "",
            "server_spec_code": "s4-g3",
            "software_code": "SW.VSVR.OS.LNX64.UBNTU.SVR22.WRKND.G003|23215604",
            "storage_size": 600,
            "subnet_no": null,
            "subnet_no_list": [
              "186417"
            ],
            "taint": [],
            "timeouts": null
          },
          "sensitive_attributes": [],
          "private": "eyJlMmJmYjczMC1lY2FhLTExZTYtOGY4OC0zNDM2M2JjN2M0YzAiOnsiY3JlYXRlIjozNjAwMDAwMDAwMDAwLCJkZWxldGUiOjM2MDAwMDAwMDAwMDAsInVwZGF0ZSI6MzYwMDAwMDAwMDAwMH19",
          "dependencies": [
            "data.ncloud_nks_server_images.image",
            "data.ncloud_nks_server_products.product",
            "data.ncloud_nks_versions.version",
            "ncloud_nks_cluster.clusters",
            "ncloud_subnet.subnets",
            "ncloud_vpc.vpc"
          ]
        }
      ]
    },
    {
      "mode": "managed",
      "type": "ncloud_route_table",
      "name": "private",
      "provider": "provider[\"registry.terraform.io/navercloudplatform/ncloud\"]",
      "instances": [
        {
          "schema_version": 0,
          "attributes": {
            "description": "",
            "id": "167705",
            "is_default": false,
            "name": "poc-prd-pri-rt",
            "route_table_no": "167705",
            "supported_subnet_type": "PRIVATE",
            "vpc_no": "83145"
          },
          "sensitive_attributes": [],
          "private": "bnVsbA==",
          "dependencies": [
            "ncloud_vpc.vpc"
          ]
        }
      ]
    },
    {
      "mode": "managed",
      "type": "ncloud_route_table",
      "name": "public",
      "provider": "provider[\"registry.terraform.io/navercloudplatform/ncloud\"]",
      "instances": [
        {
          "schema_version": 0,
          "attributes": {
            "description": "",
            "id": "167704",
            "is_default": false,
            "name": "poc-prd-pub-rt",
            "route_table_no": "167704",
            "supported_subnet_type": "PUBLIC",
            "vpc_no": "83145"
          },
          "sensitive_attributes": [],
          "private": "bnVsbA==",
          "dependencies": [
            "ncloud_vpc.vpc"
          ]
        }
      ]
    },
    {
      "mode": "managed",
      "type": "ncloud_route_table_association",
      "name": "subnet_associations",
      "provider": "provider[\"registry.terraform.io/navercloudplatform/ncloud\"]",
      "instances": [
        {
          "index_key": "bof-lb-pri-1",
          "schema_version": 0,
          "attributes": {
            "id": "167705:186420",
            "route_table_no": "167705",
            "subnet_no": "186420"
          },
          "sensitive_attributes": [],
          "private": "bnVsbA==",
          "dependencies": [
            "ncloud_route_table.private",
            "ncloud_route_table.public",
            "ncloud_subnet.subnets",
            "ncloud_vpc.vpc"
          ]
        },
        {
          "index_key": "bof-lb-pri-2",
          "schema_version": 0,
          "attributes": {
            "id": "167705:186407",
            "route_table_no": "167705",
            "subnet_no": "186407"
          },
          "sensitive_attributes": [],
          "private": "bnVsbA==",
          "dependencies": [
            "ncloud_route_table.private",
            "ncloud_route_table.public",
            "ncloud_subnet.subnets",
            "ncloud_vpc.vpc"
          ]
        },
        {
          "index_key": "bof-lb-pub-1",
          "schema_version": 0,
          "attributes": {
            "id": "167704:186415",
            "route_table_no": "167704",
            "subnet_no": "186415"
          },
          "sensitive_attributes": [],
          "private": "bnVsbA==",
          "dependencies": [
            "ncloud_route_table.private",
            "ncloud_route_table.public",
            "ncloud_subnet.subnets",
            "ncloud_vpc.vpc"
          ]
        },
        {
          "index_key": "bof-lb-pub-2",
          "schema_version": 0,
          "attributes": {
            "id": "167704:186418",
            "route_table_no": "167704",
            "subnet_no": "186418"
          },
          "sensitive_attributes": [],
          "private": "bnVsbA==",
          "dependencies": [
            "ncloud_route_table.private",
            "ncloud_route_table.public",
            "ncloud_subnet.subnets",
            "ncloud_vpc.vpc"
          ]
        },
        {
          "index_key": "bof-np-pri-1",
          "schema_version": 0,
          "attributes": {
            "id": "167705:186423",
            "route_table_no": "167705",
            "subnet_no": "186423"
          },
          "sensitive_attributes": [],
          "private": "bnVsbA==",
          "dependencies": [
            "ncloud_route_table.private",
            "ncloud_route_table.public",
            "ncloud_subnet.subnets",
            "ncloud_vpc.vpc"
          ]
        },
        {
          "index_key": "bof-np-pri-2",
          "schema_version": 0,
          "attributes": {
            "id": "167705:186416",
            "route_table_no": "167705",
            "subnet_no": "186416"
          },
          "sensitive_attributes": [],
          "private": "bnVsbA==",
          "dependencies": [
            "ncloud_route_table.private",
            "ncloud_route_table.public",
            "ncloud_subnet.subnets",
            "ncloud_vpc.vpc"
          ]
        },
        {
          "index_key": "bof-vm-pri-1",
          "schema_version": 0,
          "attributes": {
            "id": "167705:186414",
            "route_table_no": "167705",
            "subnet_no": "186414"
          },
          "sensitive_attributes": [],
          "private": "bnVsbA==",
          "dependencies": [
            "ncloud_route_table.private",
            "ncloud_route_table.public",
            "ncloud_subnet.subnets",
            "ncloud_vpc.vpc"
          ]
        },
        {
          "index_key": "bof-vm-pri-2",
          "schema_version": 0,
          "attributes": {
            "id": "167705:186412",
            "route_table_no": "167705",
            "subnet_no": "186412"
          },
          "sensitive_attributes": [],
          "private": "bnVsbA==",
          "dependencies": [
            "ncloud_route_table.private",
            "ncloud_route_table.public",
            "ncloud_subnet.subnets",
            "ncloud_vpc.vpc"
          ]
        },
        {
          "index_key": "bof-vm-pub-1",
          "schema_version": 0,
          "attributes": {
            "id": "167704:186411",
            "route_table_no": "167704",
            "subnet_no": "186411"
          },
          "sensitive_attributes": [],
          "private": "bnVsbA==",
          "dependencies": [
            "ncloud_route_table.private",
            "ncloud_route_table.public",
            "ncloud_subnet.subnets",
            "ncloud_vpc.vpc"
          ]
        },
        {
          "index_key": "bof-vm-pub-2",
          "schema_version": 0,
          "attributes": {
            "id": "167704:186409",
            "route_table_no": "167704",
            "subnet_no": "186409"
          },
          "sensitive_attributes": [],
          "private": "bnVsbA==",
          "dependencies": [
            "ncloud_route_table.private",
            "ncloud_route_table.public",
            "ncloud_subnet.subnets",
            "ncloud_vpc.vpc"
          ]
        },
        {
          "index_key": "cmn-lb-pri-1",
          "schema_version": 0,
          "attributes": {
            "id": "167705:186410",
            "route_table_no": "167705",
            "subnet_no": "186410"
          },
          "sensitive_attributes": [],
          "private": "bnVsbA==",
          "dependencies": [
            "ncloud_route_table.private",
            "ncloud_route_table.public",
            "ncloud_subnet.subnets",
            "ncloud_vpc.vpc"
          ]
        },
        {
          "index_key": "cmn-lb-pri-2",
          "schema_version": 0,
          "attributes": {
            "id": "167705:186419",
            "route_table_no": "167705",
            "subnet_no": "186419"
          },
          "sensitive_attributes": [],
          "private": "bnVsbA==",
          "dependencies": [
            "ncloud_route_table.private",
            "ncloud_route_table.public",
            "ncloud_subnet.subnets",
            "ncloud_vpc.vpc"
          ]
        },
        {
          "index_key": "cmn-lb-pub-1",
          "schema_version": 0,
          "attributes": {
            "id": "167704:186424",
            "route_table_no": "167704",
            "subnet_no": "186424"
          },
          "sensitive_attributes": [],
          "private": "bnVsbA==",
          "dependencies": [
            "ncloud_route_table.private",
            "ncloud_route_table.public",
            "ncloud_subnet.subnets",
            "ncloud_vpc.vpc"
          ]
        },
        {
          "index_key": "cmn-lb-pub-2",
          "schema_version": 0,
          "attributes": {
            "id": "167704:186422",
            "route_table_no": "167704",
            "subnet_no": "186422"
          },
          "sensitive_attributes": [],
          "private": "bnVsbA==",
          "dependencies": [
            "ncloud_route_table.private",
            "ncloud_route_table.public",
            "ncloud_subnet.subnets",
            "ncloud_vpc.vpc"
          ]
        },
        {
          "index_key": "cmn-np-pri-1",
          "schema_version": 0,
          "attributes": {
            "id": "167705:186421",
            "route_table_no": "167705",
            "subnet_no": "186421"
          },
          "sensitive_attributes": [],
          "private": "bnVsbA==",
          "dependencies": [
            "ncloud_route_table.private",
            "ncloud_route_table.public",
            "ncloud_subnet.subnets",
            "ncloud_vpc.vpc"
          ]
        },
        {
          "index_key": "cmn-np-pri-2",
          "schema_version": 0,
          "attributes": {
            "id": "167705:186417",
            "route_table_no": "167705",
            "subnet_no": "186417"
          },
          "sensitive_attributes": [],
          "private": "bnVsbA==",
          "dependencies": [
            "ncloud_route_table.private",
            "ncloud_route_table.public",
            "ncloud_subnet.subnets",
            "ncloud_vpc.vpc"
          ]
        },
        {
          "index_key": "cmn-vm-pri-1",
          "schema_version": 0,
          "attributes": {
            "id": "167705:186406",
            "route_table_no": "167705",
            "subnet_no": "186406"
          },
          "sensitive_attributes": [],
          "private": "bnVsbA==",
          "dependencies": [
            "ncloud_route_table.private",
            "ncloud_route_table.public",
            "ncloud_subnet.subnets",
            "ncloud_vpc.vpc"
          ]
        },
        {
          "index_key": "cmn-vm-pri-2",
          "schema_version": 0,
          "attributes": {
            "id": "167705:186405",
            "route_table_no": "167705",
            "subnet_no": "186405"
          },
          "sensitive_attributes": [],
          "private": "bnVsbA==",
          "dependencies": [
            "ncloud_route_table.private",
            "ncloud_route_table.public",
            "ncloud_subnet.subnets",
            "ncloud_vpc.vpc"
          ]
        },
        {
          "index_key": "cmn-vm-pub-1",
          "schema_version": 0,
          "attributes": {
            "id": "167704:186408",
            "route_table_no": "167704",
            "subnet_no": "186408"
          },
          "sensitive_attributes": [],
          "private": "bnVsbA==",
          "dependencies": [
            "ncloud_route_table.private",
            "ncloud_route_table.public",
            "ncloud_subnet.subnets",
            "ncloud_vpc.vpc"
          ]
        },
        {
          "index_key": "cmn-vm-pub-2",
          "schema_version": 0,
          "attributes": {
            "id": "167704:186413",
            "route_table_no": "167704",
            "subnet_no": "186413"
          },
          "sensitive_attributes": [],
          "private": "bnVsbA==",
          "dependencies": [
            "ncloud_route_table.private",
            "ncloud_route_table.public",
            "ncloud_subnet.subnets",
            "ncloud_vpc.vpc"
          ]
        }
      ]
    },
    {
      "mode": "managed",
      "type": "ncloud_subnet",
      "name": "subnets",
      "provider": "provider[\"registry.terraform.io/navercloudplatform/ncloud\"]",
      "instances": [
        {
          "index_key": "bof-lb-pri-1",
          "schema_version": 0,
          "attributes": {
            "id": "186420",
            "name": "poc-prd-bof-lb-pri-sbn-1",
            "network_acl_no": "119584",
            "subnet": "10.101.3.0/24",
            "subnet_no": "186420",
            "subnet_type": "PRIVATE",
            "usage_type": "LOADB",
            "vpc_no": "83145",
            "zone": "KR-1"
          },
          "sensitive_attributes": [],
          "dependencies": [
            "ncloud_vpc.vpc"
          ]
        },
        {
          "index_key": "bof-lb-pri-2",
          "schema_version": 0,
          "attributes": {
            "id": "186407",
            "name": "poc-prd-bof-lb-pri-sbn-2",
            "network_acl_no": "119584",
            "subnet": "10.101.103.0/24",
            "subnet_no": "186407",
            "subnet_type": "PRIVATE",
            "usage_type": "LOADB",
            "vpc_no": "83145",
            "zone": "KR-2"
          },
          "sensitive_attributes": [],
          "dependencies": [
            "ncloud_vpc.vpc"
          ]
        },
        {
          "index_key": "bof-lb-pub-1",
          "schema_version": 0,
          "attributes": {
            "id": "186415",
            "name": "poc-prd-bof-lb-pub-sbn-1",
            "network_acl_no": "119584",
            "subnet": "10.101.1.0/24",
            "subnet_no": "186415",
            "subnet_type": "PUBLIC",
            "usage_type": "LOADB",
            "vpc_no": "83145",
            "zone": "KR-1"
          },
          "sensitive_attributes": [],
          "dependencies": [
            "ncloud_vpc.vpc"
          ]
        },
        {
          "index_key": "bof-lb-pub-2",
          "schema_version": 0,
          "attributes": {
            "id": "186418",
            "name": "poc-prd-bof-lb-pub-sbn-2",
            "network_acl_no": "119584",
            "subnet": "10.101.101.0/24",
            "subnet_no": "186418",
            "subnet_type": "PUBLIC",
            "usage_type": "LOADB",
            "vpc_no": "83145",
            "zone": "KR-2"
          },
          "sensitive_attributes": [],
          "dependencies": [
            "ncloud_vpc.vpc"
          ]
        },
        {
          "index_key": "bof-np-pri-1",
          "schema_version": 0,
          "attributes": {
            "id": "186423",
            "name": "poc-prd-bof-np-pri-sbn-1",
            "network_acl_no": "119584",
            "subnet": "10.101.5.0/24",
            "subnet_no": "186423",
            "subnet_type": "PRIVATE",
            "usage_type": "GEN",
            "vpc_no": "83145",
            "zone": "KR-1"
          },
          "sensitive_attributes": [],
          "dependencies": [
            "ncloud_vpc.vpc"
          ]
        },
        {
          "index_key": "bof-np-pri-2",
          "schema_version": 0,
          "attributes": {
            "id": "186416",
            "name": "poc-prd-bof-np-pri-sbn-2",
            "network_acl_no": "119584",
            "subnet": "10.101.105.0/24",
            "subnet_no": "186416",
            "subnet_type": "PRIVATE",
            "usage_type": "GEN",
            "vpc_no": "83145",
            "zone": "KR-2"
          },
          "sensitive_attributes": [],
          "dependencies": [
            "ncloud_vpc.vpc"
          ]
        },
        {
          "index_key": "bof-vm-pri-1",
          "schema_version": 0,
          "attributes": {
            "id": "186414",
            "name": "poc-prd-bof-vm-pri-sbn-1",
            "network_acl_no": "119584",
            "subnet": "10.101.4.0/24",
            "subnet_no": "186414",
            "subnet_type": "PRIVATE",
            "usage_type": "GEN",
            "vpc_no": "83145",
            "zone": "KR-1"
          },
          "sensitive_attributes": [],
          "dependencies": [
            "ncloud_vpc.vpc"
          ]
        },
        {
          "index_key": "bof-vm-pri-2",
          "schema_version": 0,
          "attributes": {
            "id": "186412",
            "name": "poc-prd-bof-vm-pri-sbn-2",
            "network_acl_no": "119584",
            "subnet": "10.101.104.0/24",
            "subnet_no": "186412",
            "subnet_type": "PRIVATE",
            "usage_type": "GEN",
            "vpc_no": "83145",
            "zone": "KR-2"
          },
          "sensitive_attributes": [],
          "dependencies": [
            "ncloud_vpc.vpc"
          ]
        },
        {
          "index_key": "bof-vm-pub-1",
          "schema_version": 0,
          "attributes": {
            "id": "186411",
            "name": "poc-prd-bof-vm-pub-sbn-1",
            "network_acl_no": "119584",
            "subnet": "10.101.2.0/24",
            "subnet_no": "186411",
            "subnet_type": "PUBLIC",
            "usage_type": "GEN",
            "vpc_no": "83145",
            "zone": "KR-1"
          },
          "sensitive_attributes": [],
          "dependencies": [
            "ncloud_vpc.vpc"
          ]
        },
        {
          "index_key": "bof-vm-pub-2",
          "schema_version": 0,
          "attributes": {
            "id": "186409",
            "name": "poc-prd-bof-vm-pub-sbn-2",
            "network_acl_no": "119584",
            "subnet": "10.101.102.0/24",
            "subnet_no": "186409",
            "subnet_type": "PUBLIC",
            "usage_type": "GEN",
            "vpc_no": "83145",
            "zone": "KR-2"
          },
          "sensitive_attributes": [],
          "dependencies": [
            "ncloud_vpc.vpc"
          ]
        },
        {
          "index_key": "cmn-lb-pri-1",
          "schema_version": 0,
          "attributes": {
            "id": "186410",
            "name": "poc-prd-cmn-lb-pri-sbn-1",
            "network_acl_no": "119584",
            "subnet": "10.101.8.0/24",
            "subnet_no": "186410",
            "subnet_type": "PRIVATE",
            "usage_type": "LOADB",
            "vpc_no": "83145",
            "zone": "KR-1"
          },
          "sensitive_attributes": [],
          "dependencies": [
            "ncloud_vpc.vpc"
          ]
        },
        {
          "index_key": "cmn-lb-pri-2",
          "schema_version": 0,
          "attributes": {
            "id": "186419",
            "name": "poc-prd-cmn-lb-pri-sbn-2",
            "network_acl_no": "119584",
            "subnet": "10.101.108.0/24",
            "subnet_no": "186419",
            "subnet_type": "PRIVATE",
            "usage_type": "LOADB",
            "vpc_no": "83145",
            "zone": "KR-2"
          },
          "sensitive_attributes": [],
          "dependencies": [
            "ncloud_vpc.vpc"
          ]
        },
        {
          "index_key": "cmn-lb-pub-1",
          "schema_version": 0,
          "attributes": {
            "id": "186424",
            "name": "poc-prd-cmn-lb-pub-sbn-1",
            "network_acl_no": "119584",
            "subnet": "10.101.6.0/24",
            "subnet_no": "186424",
            "subnet_type": "PUBLIC",
            "usage_type": "LOADB",
            "vpc_no": "83145",
            "zone": "KR-1"
          },
          "sensitive_attributes": [],
          "dependencies": [
            "ncloud_vpc.vpc"
          ]
        },
        {
          "index_key": "cmn-lb-pub-2",
          "schema_version": 0,
          "attributes": {
            "id": "186422",
            "name": "poc-prd-cmn-lb-pub-sbn-2",
            "network_acl_no": "119584",
            "subnet": "10.101.106.0/24",
            "subnet_no": "186422",
            "subnet_type": "PUBLIC",
            "usage_type": "LOADB",
            "vpc_no": "83145",
            "zone": "KR-2"
          },
          "sensitive_attributes": [],
          "dependencies": [
            "ncloud_vpc.vpc"
          ]
        },
        {
          "index_key": "cmn-np-pri-1",
          "schema_version": 0,
          "attributes": {
            "id": "186421",
            "name": "poc-prd-cmn-np-pri-sbn-1",
            "network_acl_no": "119584",
            "subnet": "10.101.10.0/24",
            "subnet_no": "186421",
            "subnet_type": "PRIVATE",
            "usage_type": "GEN",
            "vpc_no": "83145",
            "zone": "KR-1"
          },
          "sensitive_attributes": [],
          "dependencies": [
            "ncloud_vpc.vpc"
          ]
        },
        {
          "index_key": "cmn-np-pri-2",
          "schema_version": 0,
          "attributes": {
            "id": "186417",
            "name": "poc-prd-cmn-np-pri-sbn-2",
            "network_acl_no": "119584",
            "subnet": "10.101.110.0/24",
            "subnet_no": "186417",
            "subnet_type": "PRIVATE",
            "usage_type": "GEN",
            "vpc_no": "83145",
            "zone": "KR-2"
          },
          "sensitive_attributes": [],
          "dependencies": [
            "ncloud_vpc.vpc"
          ]
        },
        {
          "index_key": "cmn-vm-pri-1",
          "schema_version": 0,
          "attributes": {
            "id": "186406",
            "name": "poc-prd-cmn-vm-pri-sbn-1",
            "network_acl_no": "119584",
            "subnet": "10.101.9.0/24",
            "subnet_no": "186406",
            "subnet_type": "PRIVATE",
            "usage_type": "GEN",
            "vpc_no": "83145",
            "zone": "KR-1"
          },
          "sensitive_attributes": [],
          "dependencies": [
            "ncloud_vpc.vpc"
          ]
        },
        {
          "index_key": "cmn-vm-pri-2",
          "schema_version": 0,
          "attributes": {
            "id": "186405",
            "name": "poc-prd-cmn-vm-pri-sbn-2",
            "network_acl_no": "119584",
            "subnet": "10.101.109.0/24",
            "subnet_no": "186405",
            "subnet_type": "PRIVATE",
            "usage_type": "GEN",
            "vpc_no": "83145",
            "zone": "KR-2"
          },
          "sensitive_attributes": [],
          "dependencies": [
            "ncloud_vpc.vpc"
          ]
        },
        {
          "index_key": "cmn-vm-pub-1",
          "schema_version": 0,
          "attributes": {
            "id": "186408",
            "name": "poc-prd-cmn-vm-pub-sbn-1",
            "network_acl_no": "119584",
            "subnet": "10.101.7.0/24",
            "subnet_no": "186408",
            "subnet_type": "PUBLIC",
            "usage_type": "GEN",
            "vpc_no": "83145",
            "zone": "KR-1"
          },
          "sensitive_attributes": [],
          "dependencies": [
            "ncloud_vpc.vpc"
          ]
        },
        {
          "index_key": "cmn-vm-pub-2",
          "schema_version": 0,
          "attributes": {
            "id": "186413",
            "name": "poc-prd-cmn-vm-pub-sbn-2",
            "network_acl_no": "119584",
            "subnet": "10.101.107.0/24",
            "subnet_no": "186413",
            "subnet_type": "PUBLIC",
            "usage_type": "GEN",
            "vpc_no": "83145",
            "zone": "KR-2"
          },
          "sensitive_attributes": [],
          "dependencies": [
            "ncloud_vpc.vpc"
          ]
        }
      ]
    },
    {
      "mode": "managed",
      "type": "ncloud_vpc",
      "name": "vpc",
      "provider": "provider[\"registry.terraform.io/navercloudplatform/ncloud\"]",
      "instances": [
        {
          "schema_version": 0,
          "attributes": {
            "default_access_control_group_no": "218889",
            "default_network_acl_no": "119584",
            "default_private_route_table_no": "167703",
            "default_public_route_table_no": "167702",
            "id": "83145",
            "ipv4_cidr_block": "10.101.0.0/16",
            "name": "poc-prd-vpc",
            "vpc_no": "83145"
          },
          "sensitive_attributes": []
        }
      ]
    },
    {
      "mode": "managed",
      "type": "null_resource",
      "name": "apply_acg",
      "provider": "provider[\"registry.terraform.io/hashicorp/null\"]",
      "instances": [
        {
          "schema_version": 0,
          "attributes": {
            "id": "1907783295356094004",
            "triggers": null
          },
          "sensitive_attributes": [],
          "dependencies": [
            "data.ncloud_nks_server_images.image",
            "data.ncloud_nks_server_products.product",
            "data.ncloud_nks_versions.version",
            "local_file.cluster_info",
            "local_file.node_info",
            "ncloud_access_control_group.acg",
            "ncloud_access_control_group_rule.acg_rules",
            "ncloud_nks_cluster.clusters",
            "ncloud_nks_node_pool.node_pool",
            "ncloud_subnet.subnets",
            "ncloud_vpc.vpc"
          ]
        }
      ]
    },
    {
      "mode": "managed",
      "type": "null_resource",
      "name": "apply_init_script1",
      "provider": "provider[\"registry.terraform.io/hashicorp/null\"]",
      "instances": [
        {
          "index_key": "bof-1",
          "schema_version": 0,
          "attributes": {
            "id": "3267020869139187533",
            "triggers": null
          },
          "sensitive_attributes": [],
          "dependencies": [
            "data.ncloud_nks_server_images.image",
            "data.ncloud_nks_server_products.product",
            "data.ncloud_nks_versions.version",
            "local_file.cluster_info",
            "local_file.node_info",
            "ncloud_access_control_group.acg",
            "ncloud_nks_cluster.clusters",
            "ncloud_nks_node_pool.node_pool",
            "ncloud_subnet.subnets",
            "ncloud_vpc.vpc"
          ]
        },
        {
          "index_key": "bof-2",
          "schema_version": 0,
          "attributes": {
            "id": "3311746590836524509",
            "triggers": null
          },
          "sensitive_attributes": [],
          "dependencies": [
            "data.ncloud_nks_server_images.image",
            "data.ncloud_nks_server_products.product",
            "data.ncloud_nks_versions.version",
            "local_file.cluster_info",
            "local_file.node_info",
            "ncloud_access_control_group.acg",
            "ncloud_nks_cluster.clusters",
            "ncloud_nks_node_pool.node_pool",
            "ncloud_subnet.subnets",
            "ncloud_vpc.vpc"
          ]
        },
        {
          "index_key": "cmn-1",
          "schema_version": 0,
          "attributes": {
            "id": "2155733846232370925",
            "triggers": null
          },
          "sensitive_attributes": [],
          "dependencies": [
            "data.ncloud_nks_server_images.image",
            "data.ncloud_nks_server_products.product",
            "data.ncloud_nks_versions.version",
            "local_file.cluster_info",
            "local_file.node_info",
            "ncloud_access_control_group.acg",
            "ncloud_nks_cluster.clusters",
            "ncloud_nks_node_pool.node_pool",
            "ncloud_subnet.subnets",
            "ncloud_vpc.vpc"
          ]
        },
        {
          "index_key": "cmn-2",
          "schema_version": 0,
          "attributes": {
            "id": "7878390368213522650",
            "triggers": null
          },
          "sensitive_attributes": [],
          "dependencies": [
            "data.ncloud_nks_server_images.image",
            "data.ncloud_nks_server_products.product",
            "data.ncloud_nks_versions.version",
            "local_file.cluster_info",
            "local_file.node_info",
            "ncloud_access_control_group.acg",
            "ncloud_nks_cluster.clusters",
            "ncloud_nks_node_pool.node_pool",
            "ncloud_subnet.subnets",
            "ncloud_vpc.vpc"
          ]
        }
      ]
    },
    {
      "mode": "managed",
      "type": "null_resource",
      "name": "argocd_login",
      "provider": "provider[\"registry.terraform.io/hashicorp/null\"]",
      "instances": [
        {
          "schema_version": 0,
          "attributes": {
            "id": "8198987880812829686",
            "triggers": null
          },
          "sensitive_attributes": [],
          "dependencies": [
            "data.ncloud_nks_versions.version",
            "ncloud_nks_cluster.clusters",
            "ncloud_subnet.subnets",
            "ncloud_vpc.vpc"
          ]
        }
      ]
    }
  ],
  "check_results": null
}
